{
  "version": 4,
  "terraform_version": "1.14.3",
  "serial": 1365,
  "lineage": "4dee7911-3567-c64a-ca11-f069c1f2c3f8",
  "outputs": {
    "ansible_data_private_ip": {
      "value": "192.168.199.113",
      "type": "string"
    },
    "ansible_load_public_ip": {
      "value": "31.129.56.248",
      "type": "string"
    },
    "data_server_private_ip": {
      "value": "192.168.199.113",
      "type": "string"
    },
    "load_test_private_ip": {
      "value": "192.168.199.188",
      "type": "string"
    },
    "load_test_public_ip": {
      "value": "31.129.56.248",
      "type": "string"
    },
    "project_id": {
      "value": "9aa884f0deab4b92aecf67ba614d6c55",
      "type": "string"
    }
  },
  "resources": [
    {
      "mode": "data",
      "type": "openstack_images_image_v2",
      "name": "ubuntu",
      "provider": "provider[\"registry.terraform.io/terraform-provider-openstack/openstack\"]",
      "instances": [
        {
          "schema_version": 0,
          "attributes": {
            "checksum": "0ab4cf7b8ed0c98337c96cb11467f622",
            "container_format": "bare",
            "created_at": "2026-01-13T06:22:01Z",
            "disk_format": "raw",
            "file": "/v2/images/226f621b-1f0f-498c-bf3d-f14f34548cb1/file",
            "hidden": false,
            "id": "226f621b-1f0f-498c-bf3d-f14f34548cb1",
            "member_status": null,
            "metadata": {},
            "min_disk_gb": 5,
            "min_ram_mb": 512,
            "most_recent": true,
            "name": "Ubuntu 22.04 LTS 64-bit",
            "name_regex": null,
            "owner": "3acf7ceddc024b86b86ef151e4972805",
            "properties": {
              "direct_url": "rbd://49f37ff2-48ad-4eb7-962e-4e6365bc9c03/images/226f621b-1f0f-498c-bf3d-f14f34548cb1/snap",
              "hw_disk_bus": "scsi",
              "hw_qemu_guest_agent": "yes",
              "hw_scsi_model": "virtio-scsi",
              "os_distro": "ubuntu",
              "os_hash_algo": "sha512",
              "os_hash_value": "13a8cb5e5425838e2e676e0259d65d4397b71672db45acce9deaaef8020bc6f40ef91abf420dbee2372da089cf66cbb39a264d0d383c6a0ce5556bb97b16b1ee",
              "os_type": "linux",
              "stores": "ru-9a",
              "watchdog": "pause",
              "x_sel_image_agent_type": "cloud-init",
              "x_sel_image_os_arch": "amd64",
              "x_sel_image_os_dist": "ubuntu",
              "x_sel_image_owner": "Selectel",
              "x_sel_image_source_file": "ubuntu-jammy-amd64-selectel-master-product-0.1.img",
              "x_sel_image_type": "master",
              "x_sel_os_type": "linux"
            },
            "protected": false,
            "region": "ru-9",
            "schema": "/v2/schemas/image",
            "size_bytes": 5351014400,
            "size_max": null,
            "size_min": null,
            "sort": "name:asc",
            "tag": null,
            "tags": [],
            "updated_at": "2026-01-13T06:26:43Z",
            "visibility": "public"
          },
          "sensitive_attributes": [],
          "identity_schema_version": 0
        }
      ]
    },
    {
      "mode": "data",
      "type": "openstack_networking_network_v2",
      "name": "external_net",
      "provider": "provider[\"registry.terraform.io/terraform-provider-openstack/openstack\"]",
      "instances": [
        {
          "schema_version": 0,
          "attributes": {
            "admin_state_up": "true",
            "all_tags": [],
            "availability_zone_hints": [],
            "description": "",
            "dns_domain": "",
            "external": true,
            "id": "f16140a4-e736-4655-9a1b-d7d2df6f969e",
            "matching_subnet_cidr": null,
            "mtu": 1500,
            "name": "external-network",
            "network_id": null,
            "region": "ru-9",
            "segments": [],
            "shared": "false",
            "status": null,
            "subnets": [
              "0a70ca1b-6613-49a3-9e65-a89d484330f7",
              "0fe7a122-c205-4ece-ba0f-94e4497d955f",
              "1751014e-9207-40a3-ac7a-7763dd0029a4",
              "23a85638-428b-44f0-a4e0-d2fbb48f0093",
              "2afae582-6c48-4d59-981e-f499fb61b1ea",
              "2b6e3274-08cc-46ea-89ad-672fee9122ae",
              "30ab21be-e7fe-4ae1-a381-0426e4a6e0b0",
              "387a0d74-613f-4846-8c4f-37914a4f3dfe",
              "3967beb5-77b8-4ac2-8bff-b7caa617b3d7",
              "415c90de-b990-4bdd-9341-5595ac817c78",
              "43465827-19af-42fa-b643-f91e79ec17f1",
              "617064ea-7059-4260-b485-76a2bc08f923",
              "6baf3c4c-21d4-4bad-b97a-15b68d0240be",
              "755b8f69-b4f7-4f03-9f1c-273673abf9ff",
              "764c6bcd-afd6-4421-b2b0-7cf7274e50f3",
              "78a92c39-c865-4408-a3f3-d350bd305583",
              "83428413-8cc6-4010-af0a-2c128707938a",
              "87c8f65b-3a88-4d6c-81c8-e5f9bf539a9a",
              "8eb2fa30-6f97-4d19-aee3-4b8cec9f0b3b",
              "8f70ba0e-1734-44b7-ba83-12fdf43c2ed1",
              "a59eb991-7dc8-4c24-8898-cf8a731f189d",
              "a66ac5f3-5e6f-4e16-9b37-5c2e6d8a67be",
              "b16b39ae-f39a-47ef-b011-f29d82b842a0",
              "b1e89432-9ec8-4929-b5cf-e2256bc9cc6e",
              "b583a212-63ef-4a3f-8c64-bd02bdca8884",
              "b66c6daa-8666-42a2-afec-3408de4f2ce9",
              "bce83190-c8d0-4d83-897d-7664ee3e9aeb",
              "bec2686a-1375-4ca0-bd8d-61acac031358",
              "c04ed2d4-139d-4c0f-8afa-912ab25154b4",
              "cde4a091-4395-4be2-abdf-920a130bd380",
              "d1832f84-243a-4abe-bc7a-02b4d3cf8638",
              "d531e21f-963a-46df-a2fc-4966ab21912e",
              "d67d6ce9-8cfc-4f37-8e0b-21c750ad1ee5",
              "dfa1458f-178e-4509-b975-40369a03a828",
              "e945f98d-99bf-41b6-9bc2-c9e82ee3789b",
              "ebece733-c29f-463c-ae07-711e548edf62"
            ],
            "tags": null,
            "tenant_id": "5e204c6ffe184b9f8b69344d36178244",
            "transparent_vlan": false
          },
          "sensitive_attributes": [],
          "identity_schema_version": 0
        }
      ]
    },
    {
      "mode": "managed",
      "type": "openstack_blockstorage_volume_v3",
      "name": "data_boot",
      "provider": "provider[\"registry.terraform.io/terraform-provider-openstack/openstack\"]",
      "instances": [
        {
          "schema_version": 0,
          "attributes": {
            "attachment": [],
            "availability_zone": "ru-9a",
            "backup_id": "",
            "consistency_group_id": null,
            "description": "",
            "enable_online_resize": null,
            "id": "cbd2ebf0-2247-4e35-ab01-72c0cb32e413",
            "image_id": "226f621b-1f0f-498c-bf3d-f14f34548cb1",
            "metadata": {},
            "name": "iceberg-data-boot-iceberg-test",
            "region": "ru-9",
            "scheduler_hints": [],
            "size": 50,
            "snapshot_id": "",
            "source_replica": null,
            "source_vol_id": "",
            "timeouts": null,
            "volume_retype_policy": "never",
            "volume_type": "fast.ru-9a"
          },
          "sensitive_attributes": [],
          "identity_schema_version": 0,
          "private": "eyJlMmJmYjczMC1lY2FhLTExZTYtOGY4OC0zNDM2M2JjN2M0YzAiOnsiY3JlYXRlIjo2MDAwMDAwMDAwMDAsImRlbGV0ZSI6NjAwMDAwMDAwMDAwfX0=",
          "dependencies": [
            "data.openstack_images_image_v2.ubuntu",
            "selectel_iam_serviceuser_v1.openstack",
            "selectel_vpc_project_v2.project"
          ]
        }
      ]
    },
    {
      "mode": "managed",
      "type": "openstack_blockstorage_volume_v3",
      "name": "data_volume",
      "provider": "provider[\"registry.terraform.io/terraform-provider-openstack/openstack\"]",
      "instances": [
        {
          "schema_version": 0,
          "attributes": {
            "attachment": [],
            "availability_zone": "ru-9a",
            "backup_id": "",
            "consistency_group_id": null,
            "description": "",
            "enable_online_resize": null,
            "id": "30a77378-563e-49ac-98f4-e08f5ecb4c84",
            "image_id": null,
            "metadata": {},
            "name": "iceberg-data-volume-iceberg-test",
            "region": "ru-9",
            "scheduler_hints": [],
            "size": 300,
            "snapshot_id": "",
            "source_replica": null,
            "source_vol_id": "",
            "timeouts": null,
            "volume_retype_policy": "never",
            "volume_type": "fast.ru-9a"
          },
          "sensitive_attributes": [],
          "identity_schema_version": 0,
          "private": "eyJlMmJmYjczMC1lY2FhLTExZTYtOGY4OC0zNDM2M2JjN2M0YzAiOnsiY3JlYXRlIjo2MDAwMDAwMDAwMDAsImRlbGV0ZSI6NjAwMDAwMDAwMDAwfX0=",
          "dependencies": [
            "selectel_iam_serviceuser_v1.openstack",
            "selectel_vpc_project_v2.project"
          ]
        }
      ]
    },
    {
      "mode": "managed",
      "type": "openstack_blockstorage_volume_v3",
      "name": "load_boot",
      "provider": "provider[\"registry.terraform.io/terraform-provider-openstack/openstack\"]",
      "instances": [
        {
          "schema_version": 0,
          "attributes": {
            "attachment": [],
            "availability_zone": "ru-9a",
            "backup_id": "",
            "consistency_group_id": null,
            "description": "",
            "enable_online_resize": null,
            "id": "fb8141ea-f4d8-406a-a205-b5fd58ddd99e",
            "image_id": "226f621b-1f0f-498c-bf3d-f14f34548cb1",
            "metadata": {},
            "name": "iceberg-load-boot-iceberg-test",
            "region": "ru-9",
            "scheduler_hints": [],
            "size": 50,
            "snapshot_id": "",
            "source_replica": null,
            "source_vol_id": "",
            "timeouts": null,
            "volume_retype_policy": "never",
            "volume_type": "fast.ru-9a"
          },
          "sensitive_attributes": [],
          "identity_schema_version": 0,
          "private": "eyJlMmJmYjczMC1lY2FhLTExZTYtOGY4OC0zNDM2M2JjN2M0YzAiOnsiY3JlYXRlIjo2MDAwMDAwMDAwMDAsImRlbGV0ZSI6NjAwMDAwMDAwMDAwfX0=",
          "dependencies": [
            "data.openstack_images_image_v2.ubuntu",
            "selectel_iam_serviceuser_v1.openstack",
            "selectel_vpc_project_v2.project"
          ]
        }
      ]
    },
    {
      "mode": "managed",
      "type": "openstack_compute_instance_v2",
      "name": "data",
      "provider": "provider[\"registry.terraform.io/terraform-provider-openstack/openstack\"]",
      "instances": [
        {
          "schema_version": 0,
          "attributes": {
            "access_ip_v4": "192.168.199.113",
            "access_ip_v6": "",
            "admin_pass": null,
            "all_metadata": {},
            "all_tags": [],
            "availability_zone": "ru-9a",
            "availability_zone_hints": null,
            "block_device": [
              {
                "boot_index": 0,
                "delete_on_termination": true,
                "destination_type": "volume",
                "device_type": "",
                "disk_bus": "",
                "guest_format": "",
                "multiattach": false,
                "source_type": "volume",
                "uuid": "cbd2ebf0-2247-4e35-ab01-72c0cb32e413",
                "volume_size": 0,
                "volume_type": ""
              },
              {
                "boot_index": 1,
                "delete_on_termination": true,
                "destination_type": "volume",
                "device_type": "",
                "disk_bus": "",
                "guest_format": "",
                "multiattach": false,
                "source_type": "volume",
                "uuid": "30a77378-563e-49ac-98f4-e08f5ecb4c84",
                "volume_size": 0,
                "volume_type": ""
              }
            ],
            "config_drive": true,
            "created": "2026-01-27 11:15:42 +0000 UTC",
            "flavor_id": "1019",
            "flavor_name": "SL1.16-65536",
            "force_delete": false,
            "hypervisor_hostname": "",
            "id": "e84e73b6-04cd-46ef-8539-47b330989416",
            "image_id": "Attempt to boot from volume - no image supplied",
            "image_name": null,
            "key_pair": "iceberg-iceberg-test-key",
            "metadata": null,
            "name": "data-server-iceberg-test",
            "network": [
              {
                "access_network": false,
                "fixed_ip_v4": "192.168.199.113",
                "fixed_ip_v6": "",
                "mac": "fa:16:3e:c2:b6:28",
                "name": "private-network",
                "port": "1ccfc896-eaa8-4241-95a7-bab45a5abbe1",
                "uuid": "50ea7522-b7f1-4525-a806-1dd5b780e9a0"
              }
            ],
            "network_mode": null,
            "personality": [],
            "power_state": "active",
            "region": "ru-9",
            "scheduler_hints": [],
            "security_groups": [],
            "stop_before_destroy": false,
            "tags": null,
            "timeouts": null,
            "updated": "2026-01-27 11:15:57 +0000 UTC",
            "user_data": "68daea3983fba3a3d05bdae787c85602bd4585f2",
            "vendor_options": [
              {
                "detach_ports_before_destroy": false,
                "ignore_resize_confirmation": true
              }
            ]
          },
          "sensitive_attributes": [
            [
              {
                "type": "get_attr",
                "value": "admin_pass"
              }
            ]
          ],
          "identity_schema_version": 0,
          "private": "eyJlMmJmYjczMC1lY2FhLTExZTYtOGY4OC0zNDM2M2JjN2M0YzAiOnsiY3JlYXRlIjoxODAwMDAwMDAwMDAwLCJkZWxldGUiOjE4MDAwMDAwMDAwMDAsInVwZGF0ZSI6MTgwMDAwMDAwMDAwMH19",
          "dependencies": [
            "data.openstack_images_image_v2.ubuntu",
            "data.openstack_networking_network_v2.external_net",
            "openstack_blockstorage_volume_v3.data_boot",
            "openstack_blockstorage_volume_v3.data_volume",
            "openstack_networking_network_v2.private_net",
            "openstack_networking_port_v2.data",
            "openstack_networking_router_interface_v2.router_if",
            "openstack_networking_router_v2.router",
            "openstack_networking_secgroup_v2.data",
            "openstack_networking_subnet_v2.private_subnet",
            "selectel_iam_serviceuser_v1.openstack",
            "selectel_vpc_keypair_v2.ssh_key",
            "selectel_vpc_project_v2.project"
          ]
        }
      ]
    },
    {
      "mode": "managed",
      "type": "openstack_compute_instance_v2",
      "name": "load",
      "provider": "provider[\"registry.terraform.io/terraform-provider-openstack/openstack\"]",
      "instances": [
        {
          "schema_version": 0,
          "attributes": {
            "access_ip_v4": "192.168.199.188",
            "access_ip_v6": "",
            "admin_pass": null,
            "all_metadata": {},
            "all_tags": [],
            "availability_zone": "ru-9a",
            "availability_zone_hints": null,
            "block_device": [
              {
                "boot_index": 0,
                "delete_on_termination": true,
                "destination_type": "volume",
                "device_type": "",
                "disk_bus": "",
                "guest_format": "",
                "multiattach": false,
                "source_type": "volume",
                "uuid": "fb8141ea-f4d8-406a-a205-b5fd58ddd99e",
                "volume_size": 0,
                "volume_type": ""
              }
            ],
            "config_drive": true,
            "created": "2026-01-27 11:15:41 +0000 UTC",
            "flavor_id": "2011",
            "flavor_name": "CPU1.4-8192",
            "force_delete": false,
            "hypervisor_hostname": "",
            "id": "9744d5f9-ed63-4cd7-9a68-ba3d56b5b77a",
            "image_id": "Attempt to boot from volume - no image supplied",
            "image_name": null,
            "key_pair": "iceberg-iceberg-test-key",
            "metadata": null,
            "name": "load-test-server-iceberg-test",
            "network": [
              {
                "access_network": false,
                "fixed_ip_v4": "192.168.199.188",
                "fixed_ip_v6": "",
                "mac": "fa:16:3e:b1:3f:c8",
                "name": "private-network",
                "port": "01b567e1-b7af-438b-aa59-00b24afb7afb",
                "uuid": "50ea7522-b7f1-4525-a806-1dd5b780e9a0"
              }
            ],
            "network_mode": null,
            "personality": [],
            "power_state": "active",
            "region": "ru-9",
            "scheduler_hints": [],
            "security_groups": [],
            "stop_before_destroy": false,
            "tags": null,
            "timeouts": null,
            "updated": "2026-01-27 11:15:57 +0000 UTC",
            "user_data": "68daea3983fba3a3d05bdae787c85602bd4585f2",
            "vendor_options": [
              {
                "detach_ports_before_destroy": false,
                "ignore_resize_confirmation": true
              }
            ]
          },
          "sensitive_attributes": [
            [
              {
                "type": "get_attr",
                "value": "admin_pass"
              }
            ]
          ],
          "identity_schema_version": 0,
          "private": "eyJlMmJmYjczMC1lY2FhLTExZTYtOGY4OC0zNDM2M2JjN2M0YzAiOnsiY3JlYXRlIjoxODAwMDAwMDAwMDAwLCJkZWxldGUiOjE4MDAwMDAwMDAwMDAsInVwZGF0ZSI6MTgwMDAwMDAwMDAwMH19",
          "dependencies": [
            "data.openstack_images_image_v2.ubuntu",
            "data.openstack_networking_network_v2.external_net",
            "openstack_blockstorage_volume_v3.load_boot",
            "openstack_networking_network_v2.private_net",
            "openstack_networking_port_v2.load",
            "openstack_networking_router_interface_v2.router_if",
            "openstack_networking_router_v2.router",
            "openstack_networking_secgroup_v2.load",
            "openstack_networking_subnet_v2.private_subnet",
            "selectel_iam_serviceuser_v1.openstack",
            "selectel_vpc_keypair_v2.ssh_key",
            "selectel_vpc_project_v2.project"
          ]
        }
      ]
    },
    {
      "mode": "managed",
      "type": "openstack_networking_floatingip_associate_v2",
      "name": "load",
      "provider": "provider[\"registry.terraform.io/terraform-provider-openstack/openstack\"]",
      "instances": [
        {
          "schema_version": 0,
          "attributes": {
            "fixed_ip": "192.168.199.188",
            "floating_ip": "31.129.56.248",
            "id": "cc6fd0bf-cd3c-4d73-9bc7-08b10a440772",
            "port_id": "01b567e1-b7af-438b-aa59-00b24afb7afb",
            "region": "ru-9"
          },
          "sensitive_attributes": [],
          "identity_schema_version": 0,
          "private": "bnVsbA==",
          "dependencies": [
            "data.openstack_networking_network_v2.external_net",
            "openstack_networking_floatingip_v2.load",
            "openstack_networking_network_v2.private_net",
            "openstack_networking_port_v2.load",
            "openstack_networking_router_interface_v2.router_if",
            "openstack_networking_router_v2.router",
            "openstack_networking_secgroup_v2.load",
            "openstack_networking_subnet_v2.private_subnet",
            "selectel_iam_serviceuser_v1.openstack",
            "selectel_vpc_project_v2.project"
          ]
        }
      ]
    },
    {
      "mode": "managed",
      "type": "openstack_networking_floatingip_v2",
      "name": "load",
      "provider": "provider[\"registry.terraform.io/terraform-provider-openstack/openstack\"]",
      "instances": [
        {
          "schema_version": 0,
          "attributes": {
            "address": "31.129.56.248",
            "all_tags": [],
            "description": "",
            "dns_domain": "",
            "dns_name": "",
            "fixed_ip": "",
            "id": "cc6fd0bf-cd3c-4d73-9bc7-08b10a440772",
            "pool": "external-network",
            "port_id": "",
            "region": "ru-9",
            "subnet_id": null,
            "subnet_ids": null,
            "tags": null,
            "tenant_id": "9aa884f0deab4b92aecf67ba614d6c55",
            "timeouts": null,
            "value_specs": null
          },
          "sensitive_attributes": [],
          "identity_schema_version": 0,
          "private": "eyJlMmJmYjczMC1lY2FhLTExZTYtOGY4OC0zNDM2M2JjN2M0YzAiOnsiY3JlYXRlIjo2MDAwMDAwMDAwMDAsImRlbGV0ZSI6NjAwMDAwMDAwMDAwfX0=",
          "dependencies": [
            "selectel_iam_serviceuser_v1.openstack",
            "selectel_vpc_project_v2.project"
          ]
        }
      ]
    },
    {
      "mode": "managed",
      "type": "openstack_networking_network_v2",
      "name": "private_net",
      "provider": "provider[\"registry.terraform.io/terraform-provider-openstack/openstack\"]",
      "instances": [
        {
          "schema_version": 0,
          "attributes": {
            "admin_state_up": true,
            "all_tags": [],
            "availability_zone_hints": [],
            "description": "",
            "dns_domain": "",
            "external": false,
            "id": "50ea7522-b7f1-4525-a806-1dd5b780e9a0",
            "mtu": 1500,
            "name": "private-network",
            "port_security_enabled": true,
            "qos_policy_id": "ca7a4923-52e8-4723-b00b-10cabcd4eedc",
            "region": "ru-9",
            "segments": [
              {
                "network_type": "vxlan",
                "physical_network": "",
                "segmentation_id": 52017
              }
            ],
            "shared": false,
            "tags": null,
            "tenant_id": "9aa884f0deab4b92aecf67ba614d6c55",
            "timeouts": null,
            "transparent_vlan": false,
            "value_specs": null
          },
          "sensitive_attributes": [],
          "identity_schema_version": 0,
          "private": "eyJlMmJmYjczMC1lY2FhLTExZTYtOGY4OC0zNDM2M2JjN2M0YzAiOnsiY3JlYXRlIjo2MDAwMDAwMDAwMDAsImRlbGV0ZSI6NjAwMDAwMDAwMDAwfX0=",
          "dependencies": [
            "selectel_iam_serviceuser_v1.openstack",
            "selectel_vpc_project_v2.project"
          ]
        }
      ]
    },
    {
      "mode": "managed",
      "type": "openstack_networking_port_v2",
      "name": "data",
      "provider": "provider[\"registry.terraform.io/terraform-provider-openstack/openstack\"]",
      "instances": [
        {
          "schema_version": 0,
          "attributes": {
            "admin_state_up": true,
            "all_fixed_ips": [
              "192.168.199.113"
            ],
            "all_security_group_ids": [
              "6c3ccf27-e4d7-4d0f-aaa9-c10dac4a7da1"
            ],
            "all_tags": [],
            "allowed_address_pairs": [],
            "binding": [
              {
                "host_id": "",
                "profile": "",
                "vif_details": {},
                "vif_type": "",
                "vnic_type": "normal"
              }
            ],
            "description": "",
            "device_id": "",
            "device_owner": "",
            "dns_assignment": [
              {
                "fqdn": "host-192-168-199-113.local.",
                "hostname": "host-192-168-199-113",
                "ip_address": "192.168.199.113"
              }
            ],
            "dns_name": "",
            "extra_dhcp_option": [],
            "fixed_ip": [
              {
                "ip_address": "",
                "subnet_id": "f29279f2-0ad7-4d59-b732-89ebe17df085"
              }
            ],
            "id": "1ccfc896-eaa8-4241-95a7-bab45a5abbe1",
            "mac_address": "fa:16:3e:c2:b6:28",
            "name": "iceberg-data-port-iceberg-test",
            "network_id": "50ea7522-b7f1-4525-a806-1dd5b780e9a0",
            "no_fixed_ip": null,
            "no_security_groups": null,
            "port_security_enabled": true,
            "qos_policy_id": "",
            "region": "ru-9",
            "security_group_ids": [
              "6c3ccf27-e4d7-4d0f-aaa9-c10dac4a7da1"
            ],
            "tags": null,
            "tenant_id": "9aa884f0deab4b92aecf67ba614d6c55",
            "timeouts": null,
            "value_specs": null
          },
          "sensitive_attributes": [],
          "identity_schema_version": 0,
          "private": "eyJlMmJmYjczMC1lY2FhLTExZTYtOGY4OC0zNDM2M2JjN2M0YzAiOnsiY3JlYXRlIjo2MDAwMDAwMDAwMDAsImRlbGV0ZSI6NjAwMDAwMDAwMDAwfX0=",
          "dependencies": [
            "data.openstack_networking_network_v2.external_net",
            "openstack_networking_network_v2.private_net",
            "openstack_networking_router_interface_v2.router_if",
            "openstack_networking_router_v2.router",
            "openstack_networking_secgroup_v2.data",
            "openstack_networking_subnet_v2.private_subnet",
            "selectel_iam_serviceuser_v1.openstack",
            "selectel_vpc_project_v2.project"
          ]
        }
      ]
    },
    {
      "mode": "managed",
      "type": "openstack_networking_port_v2",
      "name": "load",
      "provider": "provider[\"registry.terraform.io/terraform-provider-openstack/openstack\"]",
      "instances": [
        {
          "schema_version": 0,
          "attributes": {
            "admin_state_up": true,
            "all_fixed_ips": [
              "192.168.199.188"
            ],
            "all_security_group_ids": [
              "dd1ad2ff-c685-40bb-a0e6-8c82423a2160"
            ],
            "all_tags": [],
            "allowed_address_pairs": [],
            "binding": [
              {
                "host_id": "",
                "profile": "",
                "vif_details": {},
                "vif_type": "",
                "vnic_type": "normal"
              }
            ],
            "description": "",
            "device_id": "",
            "device_owner": "",
            "dns_assignment": [
              {
                "fqdn": "host-192-168-199-188.local.",
                "hostname": "host-192-168-199-188",
                "ip_address": "192.168.199.188"
              }
            ],
            "dns_name": "",
            "extra_dhcp_option": [],
            "fixed_ip": [
              {
                "ip_address": "",
                "subnet_id": "f29279f2-0ad7-4d59-b732-89ebe17df085"
              }
            ],
            "id": "01b567e1-b7af-438b-aa59-00b24afb7afb",
            "mac_address": "fa:16:3e:b1:3f:c8",
            "name": "iceberg-load-port-iceberg-test",
            "network_id": "50ea7522-b7f1-4525-a806-1dd5b780e9a0",
            "no_fixed_ip": null,
            "no_security_groups": null,
            "port_security_enabled": true,
            "qos_policy_id": "",
            "region": "ru-9",
            "security_group_ids": [
              "dd1ad2ff-c685-40bb-a0e6-8c82423a2160"
            ],
            "tags": null,
            "tenant_id": "9aa884f0deab4b92aecf67ba614d6c55",
            "timeouts": null,
            "value_specs": null
          },
          "sensitive_attributes": [],
          "identity_schema_version": 0,
          "private": "eyJlMmJmYjczMC1lY2FhLTExZTYtOGY4OC0zNDM2M2JjN2M0YzAiOnsiY3JlYXRlIjo2MDAwMDAwMDAwMDAsImRlbGV0ZSI6NjAwMDAwMDAwMDAwfX0=",
          "dependencies": [
            "data.openstack_networking_network_v2.external_net",
            "openstack_networking_network_v2.private_net",
            "openstack_networking_router_interface_v2.router_if",
            "openstack_networking_router_v2.router",
            "openstack_networking_secgroup_v2.load",
            "openstack_networking_subnet_v2.private_subnet",
            "selectel_iam_serviceuser_v1.openstack",
            "selectel_vpc_project_v2.project"
          ]
        }
      ]
    },
    {
      "mode": "managed",
      "type": "openstack_networking_router_interface_v2",
      "name": "router_if",
      "provider": "provider[\"registry.terraform.io/terraform-provider-openstack/openstack\"]",
      "instances": [
        {
          "schema_version": 0,
          "attributes": {
            "force_destroy": false,
            "id": "3f56d9a9-990b-41cb-b1a2-77002d39232d",
            "port_id": "3f56d9a9-990b-41cb-b1a2-77002d39232d",
            "region": "ru-9",
            "router_id": "d9a39450-ad57-4566-a7ae-1e50b83ade0d",
            "subnet_id": "f29279f2-0ad7-4d59-b732-89ebe17df085",
            "timeouts": null
          },
          "sensitive_attributes": [],
          "identity_schema_version": 0,
          "private": "eyJlMmJmYjczMC1lY2FhLTExZTYtOGY4OC0zNDM2M2JjN2M0YzAiOnsiY3JlYXRlIjo2MDAwMDAwMDAwMDAsImRlbGV0ZSI6NjAwMDAwMDAwMDAwfX0=",
          "dependencies": [
            "data.openstack_networking_network_v2.external_net",
            "openstack_networking_network_v2.private_net",
            "openstack_networking_router_v2.router",
            "openstack_networking_subnet_v2.private_subnet",
            "selectel_iam_serviceuser_v1.openstack",
            "selectel_vpc_project_v2.project"
          ]
        }
      ]
    },
    {
      "mode": "managed",
      "type": "openstack_networking_router_v2",
      "name": "router",
      "provider": "provider[\"registry.terraform.io/terraform-provider-openstack/openstack\"]",
      "instances": [
        {
          "schema_version": 0,
          "attributes": {
            "admin_state_up": true,
            "all_tags": [],
            "availability_zone_hints": [],
            "description": "",
            "distributed": false,
            "enable_snat": true,
            "external_fixed_ip": [
              {
                "ip_address": "89.223.31.40",
                "subnet_id": "415c90de-b990-4bdd-9341-5595ac817c78"
              }
            ],
            "external_network_id": "f16140a4-e736-4655-9a1b-d7d2df6f969e",
            "external_qos_policy_id": null,
            "external_subnet_ids": null,
            "id": "d9a39450-ad57-4566-a7ae-1e50b83ade0d",
            "name": "router",
            "region": "ru-9",
            "tags": null,
            "tenant_id": "9aa884f0deab4b92aecf67ba614d6c55",
            "timeouts": null,
            "value_specs": null,
            "vendor_options": []
          },
          "sensitive_attributes": [],
          "identity_schema_version": 0,
          "private": "eyJlMmJmYjczMC1lY2FhLTExZTYtOGY4OC0zNDM2M2JjN2M0YzAiOnsiY3JlYXRlIjo2MDAwMDAwMDAwMDAsImRlbGV0ZSI6NjAwMDAwMDAwMDAwfX0=",
          "dependencies": [
            "data.openstack_networking_network_v2.external_net",
            "selectel_iam_serviceuser_v1.openstack",
            "selectel_vpc_project_v2.project"
          ]
        }
      ]
    },
    {
      "mode": "managed",
      "type": "openstack_networking_secgroup_rule_v2",
      "name": "data_internal_all",
      "provider": "provider[\"registry.terraform.io/terraform-provider-openstack/openstack\"]",
      "instances": [
        {
          "schema_version": 0,
          "attributes": {
            "description": "",
            "direction": "ingress",
            "ethertype": "IPv4",
            "id": "3fcf71eb-c58b-4b39-9ea4-58635ac95d3b",
            "port_range_max": 0,
            "port_range_min": 0,
            "protocol": "",
            "region": "ru-9",
            "remote_address_group_id": "",
            "remote_group_id": "",
            "remote_ip_prefix": "192.168.199.0/24",
            "security_group_id": "6c3ccf27-e4d7-4d0f-aaa9-c10dac4a7da1",
            "tenant_id": "9aa884f0deab4b92aecf67ba614d6c55",
            "timeouts": null
          },
          "sensitive_attributes": [],
          "identity_schema_version": 0,
          "private": "eyJlMmJmYjczMC1lY2FhLTExZTYtOGY4OC0zNDM2M2JjN2M0YzAiOnsiZGVsZXRlIjo2MDAwMDAwMDAwMDB9fQ==",
          "dependencies": [
            "openstack_networking_secgroup_v2.data",
            "selectel_iam_serviceuser_v1.openstack",
            "selectel_vpc_project_v2.project"
          ]
        }
      ]
    },
    {
      "mode": "managed",
      "type": "openstack_networking_secgroup_rule_v2",
      "name": "data_minio_api",
      "provider": "provider[\"registry.terraform.io/terraform-provider-openstack/openstack\"]",
      "instances": [
        {
          "schema_version": 0,
          "attributes": {
            "description": "",
            "direction": "ingress",
            "ethertype": "IPv4",
            "id": "a2c3a0e2-f4f1-4bf3-8632-c1ab85652c83",
            "port_range_max": 9000,
            "port_range_min": 9000,
            "protocol": "tcp",
            "region": "ru-9",
            "remote_address_group_id": "",
            "remote_group_id": "",
            "remote_ip_prefix": "192.168.199.0/24",
            "security_group_id": "6c3ccf27-e4d7-4d0f-aaa9-c10dac4a7da1",
            "tenant_id": "9aa884f0deab4b92aecf67ba614d6c55",
            "timeouts": null
          },
          "sensitive_attributes": [],
          "identity_schema_version": 0,
          "private": "eyJlMmJmYjczMC1lY2FhLTExZTYtOGY4OC0zNDM2M2JjN2M0YzAiOnsiZGVsZXRlIjo2MDAwMDAwMDAwMDB9fQ==",
          "dependencies": [
            "openstack_networking_secgroup_v2.data",
            "selectel_iam_serviceuser_v1.openstack",
            "selectel_vpc_project_v2.project"
          ]
        }
      ]
    },
    {
      "mode": "managed",
      "type": "openstack_networking_secgroup_rule_v2",
      "name": "data_minio_console",
      "provider": "provider[\"registry.terraform.io/terraform-provider-openstack/openstack\"]",
      "instances": [
        {
          "schema_version": 0,
          "attributes": {
            "description": "",
            "direction": "ingress",
            "ethertype": "IPv4",
            "id": "79e07e0d-6660-4be3-aa4a-4d5d26fda3b2",
            "port_range_max": 9001,
            "port_range_min": 9001,
            "protocol": "tcp",
            "region": "ru-9",
            "remote_address_group_id": "",
            "remote_group_id": "",
            "remote_ip_prefix": "192.168.199.0/24",
            "security_group_id": "6c3ccf27-e4d7-4d0f-aaa9-c10dac4a7da1",
            "tenant_id": "9aa884f0deab4b92aecf67ba614d6c55",
            "timeouts": null
          },
          "sensitive_attributes": [],
          "identity_schema_version": 0,
          "private": "eyJlMmJmYjczMC1lY2FhLTExZTYtOGY4OC0zNDM2M2JjN2M0YzAiOnsiZGVsZXRlIjo2MDAwMDAwMDAwMDB9fQ==",
          "dependencies": [
            "openstack_networking_secgroup_v2.data",
            "selectel_iam_serviceuser_v1.openstack",
            "selectel_vpc_project_v2.project"
          ]
        }
      ]
    },
    {
      "mode": "managed",
      "type": "openstack_networking_secgroup_rule_v2",
      "name": "data_nessie_internal",
      "provider": "provider[\"registry.terraform.io/terraform-provider-openstack/openstack\"]",
      "instances": [
        {
          "schema_version": 0,
          "attributes": {
            "description": "",
            "direction": "ingress",
            "ethertype": "IPv4",
            "id": "5660a29f-aca0-4a24-ab5d-39a9a8735500",
            "port_range_max": 19120,
            "port_range_min": 19120,
            "protocol": "tcp",
            "region": "ru-9",
            "remote_address_group_id": "",
            "remote_group_id": "",
            "remote_ip_prefix": "192.168.199.0/24",
            "security_group_id": "6c3ccf27-e4d7-4d0f-aaa9-c10dac4a7da1",
            "tenant_id": "9aa884f0deab4b92aecf67ba614d6c55",
            "timeouts": null
          },
          "sensitive_attributes": [],
          "identity_schema_version": 0,
          "private": "eyJlMmJmYjczMC1lY2FhLTExZTYtOGY4OC0zNDM2M2JjN2M0YzAiOnsiZGVsZXRlIjo2MDAwMDAwMDAwMDB9fQ==",
          "dependencies": [
            "openstack_networking_secgroup_v2.data",
            "selectel_iam_serviceuser_v1.openstack",
            "selectel_vpc_project_v2.project"
          ]
        }
      ]
    },
    {
      "mode": "managed",
      "type": "openstack_networking_secgroup_rule_v2",
      "name": "data_postgres_internal",
      "provider": "provider[\"registry.terraform.io/terraform-provider-openstack/openstack\"]",
      "instances": [
        {
          "schema_version": 0,
          "attributes": {
            "description": "",
            "direction": "ingress",
            "ethertype": "IPv4",
            "id": "7b322834-7ef6-4760-842d-cb7243d42270",
            "port_range_max": 5432,
            "port_range_min": 5432,
            "protocol": "tcp",
            "region": "ru-9",
            "remote_address_group_id": "",
            "remote_group_id": "",
            "remote_ip_prefix": "192.168.199.0/24",
            "security_group_id": "6c3ccf27-e4d7-4d0f-aaa9-c10dac4a7da1",
            "tenant_id": "9aa884f0deab4b92aecf67ba614d6c55",
            "timeouts": null
          },
          "sensitive_attributes": [],
          "identity_schema_version": 0,
          "private": "eyJlMmJmYjczMC1lY2FhLTExZTYtOGY4OC0zNDM2M2JjN2M0YzAiOnsiZGVsZXRlIjo2MDAwMDAwMDAwMDB9fQ==",
          "dependencies": [
            "openstack_networking_secgroup_v2.data",
            "selectel_iam_serviceuser_v1.openstack",
            "selectel_vpc_project_v2.project"
          ]
        }
      ]
    },
    {
      "mode": "managed",
      "type": "openstack_networking_secgroup_rule_v2",
      "name": "data_ssh",
      "provider": "provider[\"registry.terraform.io/terraform-provider-openstack/openstack\"]",
      "instances": [
        {
          "schema_version": 0,
          "attributes": {
            "description": "",
            "direction": "ingress",
            "ethertype": "IPv4",
            "id": "41373462-9a30-40aa-b2b2-0b676726fb1d",
            "port_range_max": 22,
            "port_range_min": 22,
            "protocol": "tcp",
            "region": "ru-9",
            "remote_address_group_id": "",
            "remote_group_id": "",
            "remote_ip_prefix": "192.168.199.0/24",
            "security_group_id": "6c3ccf27-e4d7-4d0f-aaa9-c10dac4a7da1",
            "tenant_id": "9aa884f0deab4b92aecf67ba614d6c55",
            "timeouts": null
          },
          "sensitive_attributes": [],
          "identity_schema_version": 0,
          "private": "eyJlMmJmYjczMC1lY2FhLTExZTYtOGY4OC0zNDM2M2JjN2M0YzAiOnsiZGVsZXRlIjo2MDAwMDAwMDAwMDB9fQ==",
          "dependencies": [
            "openstack_networking_secgroup_v2.data",
            "selectel_iam_serviceuser_v1.openstack",
            "selectel_vpc_project_v2.project"
          ]
        }
      ]
    },
    {
      "mode": "managed",
      "type": "openstack_networking_secgroup_rule_v2",
      "name": "data_trino",
      "provider": "provider[\"registry.terraform.io/terraform-provider-openstack/openstack\"]",
      "instances": [
        {
          "schema_version": 0,
          "attributes": {
            "description": "",
            "direction": "ingress",
            "ethertype": "IPv4",
            "id": "20179e3f-2210-45ff-b4ab-aea5bae64247",
            "port_range_max": 8080,
            "port_range_min": 8080,
            "protocol": "tcp",
            "region": "ru-9",
            "remote_address_group_id": "",
            "remote_group_id": "",
            "remote_ip_prefix": "192.168.199.0/24",
            "security_group_id": "6c3ccf27-e4d7-4d0f-aaa9-c10dac4a7da1",
            "tenant_id": "9aa884f0deab4b92aecf67ba614d6c55",
            "timeouts": null
          },
          "sensitive_attributes": [],
          "identity_schema_version": 0,
          "private": "eyJlMmJmYjczMC1lY2FhLTExZTYtOGY4OC0zNDM2M2JjN2M0YzAiOnsiZGVsZXRlIjo2MDAwMDAwMDAwMDB9fQ==",
          "dependencies": [
            "openstack_networking_secgroup_v2.data",
            "selectel_iam_serviceuser_v1.openstack",
            "selectel_vpc_project_v2.project"
          ]
        }
      ]
    },
    {
      "mode": "managed",
      "type": "openstack_networking_secgroup_rule_v2",
      "name": "load_api",
      "provider": "provider[\"registry.terraform.io/terraform-provider-openstack/openstack\"]",
      "instances": [
        {
          "schema_version": 0,
          "attributes": {
            "description": "",
            "direction": "ingress",
            "ethertype": "IPv4",
            "id": "188ad14d-8ea9-48af-9a55-c3edf51578c4",
            "port_range_max": 3000,
            "port_range_min": 3000,
            "protocol": "tcp",
            "region": "ru-9",
            "remote_address_group_id": "",
            "remote_group_id": "",
            "remote_ip_prefix": "0.0.0.0/0",
            "security_group_id": "dd1ad2ff-c685-40bb-a0e6-8c82423a2160",
            "tenant_id": "9aa884f0deab4b92aecf67ba614d6c55",
            "timeouts": null
          },
          "sensitive_attributes": [],
          "identity_schema_version": 0,
          "private": "eyJlMmJmYjczMC1lY2FhLTExZTYtOGY4OC0zNDM2M2JjN2M0YzAiOnsiZGVsZXRlIjo2MDAwMDAwMDAwMDB9fQ==",
          "dependencies": [
            "openstack_networking_secgroup_v2.load",
            "selectel_iam_serviceuser_v1.openstack",
            "selectel_vpc_project_v2.project"
          ]
        }
      ]
    },
    {
      "mode": "managed",
      "type": "openstack_networking_secgroup_rule_v2",
      "name": "load_internal_all",
      "provider": "provider[\"registry.terraform.io/terraform-provider-openstack/openstack\"]",
      "instances": [
        {
          "schema_version": 0,
          "attributes": {
            "description": "",
            "direction": "ingress",
            "ethertype": "IPv4",
            "id": "5a1da3ba-51a8-48b9-991e-11da73a381d1",
            "port_range_max": 0,
            "port_range_min": 0,
            "protocol": "",
            "region": "ru-9",
            "remote_address_group_id": "",
            "remote_group_id": "",
            "remote_ip_prefix": "192.168.199.0/24",
            "security_group_id": "dd1ad2ff-c685-40bb-a0e6-8c82423a2160",
            "tenant_id": "9aa884f0deab4b92aecf67ba614d6c55",
            "timeouts": null
          },
          "sensitive_attributes": [],
          "identity_schema_version": 0,
          "private": "eyJlMmJmYjczMC1lY2FhLTExZTYtOGY4OC0zNDM2M2JjN2M0YzAiOnsiZGVsZXRlIjo2MDAwMDAwMDAwMDB9fQ==",
          "dependencies": [
            "openstack_networking_secgroup_v2.load",
            "selectel_iam_serviceuser_v1.openstack",
            "selectel_vpc_project_v2.project"
          ]
        }
      ]
    },
    {
      "mode": "managed",
      "type": "openstack_networking_secgroup_rule_v2",
      "name": "load_ssh",
      "provider": "provider[\"registry.terraform.io/terraform-provider-openstack/openstack\"]",
      "instances": [
        {
          "schema_version": 0,
          "attributes": {
            "description": "",
            "direction": "ingress",
            "ethertype": "IPv4",
            "id": "b2b9310e-499d-4e76-ac38-d55945cd546a",
            "port_range_max": 22,
            "port_range_min": 22,
            "protocol": "tcp",
            "region": "ru-9",
            "remote_address_group_id": "",
            "remote_group_id": "",
            "remote_ip_prefix": "0.0.0.0/0",
            "security_group_id": "dd1ad2ff-c685-40bb-a0e6-8c82423a2160",
            "tenant_id": "9aa884f0deab4b92aecf67ba614d6c55",
            "timeouts": null
          },
          "sensitive_attributes": [],
          "identity_schema_version": 0,
          "private": "eyJlMmJmYjczMC1lY2FhLTExZTYtOGY4OC0zNDM2M2JjN2M0YzAiOnsiZGVsZXRlIjo2MDAwMDAwMDAwMDB9fQ==",
          "dependencies": [
            "openstack_networking_secgroup_v2.load",
            "selectel_iam_serviceuser_v1.openstack",
            "selectel_vpc_project_v2.project"
          ]
        }
      ]
    },
    {
      "mode": "managed",
      "type": "openstack_networking_secgroup_v2",
      "name": "data",
      "provider": "provider[\"registry.terraform.io/terraform-provider-openstack/openstack\"]",
      "instances": [
        {
          "schema_version": 0,
          "attributes": {
            "all_tags": [],
            "delete_default_rules": null,
            "description": "Security group for Data Server (Trino/MinIO/Nessie/Postgres)",
            "id": "6c3ccf27-e4d7-4d0f-aaa9-c10dac4a7da1",
            "name": "iceberg-data-sg-iceberg-test",
            "region": "ru-9",
            "stateful": true,
            "tags": null,
            "tenant_id": "9aa884f0deab4b92aecf67ba614d6c55",
            "timeouts": null
          },
          "sensitive_attributes": [],
          "identity_schema_version": 0,
          "private": "eyJlMmJmYjczMC1lY2FhLTExZTYtOGY4OC0zNDM2M2JjN2M0YzAiOnsiZGVsZXRlIjo2MDAwMDAwMDAwMDB9fQ==",
          "dependencies": [
            "selectel_iam_serviceuser_v1.openstack",
            "selectel_vpc_project_v2.project"
          ]
        }
      ]
    },
    {
      "mode": "managed",
      "type": "openstack_networking_secgroup_v2",
      "name": "load",
      "provider": "provider[\"registry.terraform.io/terraform-provider-openstack/openstack\"]",
      "instances": [
        {
          "schema_version": 0,
          "attributes": {
            "all_tags": [],
            "delete_default_rules": null,
            "description": "Security group for Load Test Server (API/K6 runner)",
            "id": "dd1ad2ff-c685-40bb-a0e6-8c82423a2160",
            "name": "iceberg-load-sg-iceberg-test",
            "region": "ru-9",
            "stateful": true,
            "tags": null,
            "tenant_id": "9aa884f0deab4b92aecf67ba614d6c55",
            "timeouts": null
          },
          "sensitive_attributes": [],
          "identity_schema_version": 0,
          "private": "eyJlMmJmYjczMC1lY2FhLTExZTYtOGY4OC0zNDM2M2JjN2M0YzAiOnsiZGVsZXRlIjo2MDAwMDAwMDAwMDB9fQ==",
          "dependencies": [
            "selectel_iam_serviceuser_v1.openstack",
            "selectel_vpc_project_v2.project"
          ]
        }
      ]
    },
    {
      "mode": "managed",
      "type": "openstack_networking_subnet_v2",
      "name": "private_subnet",
      "provider": "provider[\"registry.terraform.io/terraform-provider-openstack/openstack\"]",
      "instances": [
        {
          "schema_version": 0,
          "attributes": {
            "all_tags": [],
            "allocation_pool": [
              {
                "end": "192.168.199.254",
                "start": "192.168.199.2"
              }
            ],
            "cidr": "192.168.199.0/24",
            "description": "",
            "dns_nameservers": null,
            "dns_publish_fixed_ip": false,
            "enable_dhcp": true,
            "gateway_ip": "192.168.199.1",
            "id": "f29279f2-0ad7-4d59-b732-89ebe17df085",
            "ip_version": 4,
            "ipv6_address_mode": "",
            "ipv6_ra_mode": "",
            "name": "private-subnet",
            "network_id": "50ea7522-b7f1-4525-a806-1dd5b780e9a0",
            "no_gateway": false,
            "prefix_length": null,
            "region": "ru-9",
            "segment_id": "",
            "service_types": [],
            "subnetpool_id": "",
            "tags": null,
            "tenant_id": "9aa884f0deab4b92aecf67ba614d6c55",
            "timeouts": null,
            "value_specs": null
          },
          "sensitive_attributes": [],
          "identity_schema_version": 0,
          "private": "eyJlMmJmYjczMC1lY2FhLTExZTYtOGY4OC0zNDM2M2JjN2M0YzAiOnsiY3JlYXRlIjo2MDAwMDAwMDAwMDAsImRlbGV0ZSI6NjAwMDAwMDAwMDAwfX0=",
          "dependencies": [
            "openstack_networking_network_v2.private_net",
            "selectel_iam_serviceuser_v1.openstack",
            "selectel_vpc_project_v2.project"
          ]
        }
      ]
    },
    {
      "mode": "managed",
      "type": "selectel_iam_serviceuser_v1",
      "name": "openstack",
      "provider": "provider[\"registry.terraform.io/selectel/selectel\"]",
      "instances": [
        {
          "schema_version": 0,
          "attributes": {
            "enabled": true,
            "id": "f760fe09b37d43c7ad7d763153d65914",
            "name": "iceberg-iceberg-test",
            "password": "IcebergTrinoTest2026!",
            "role": [
              {
                "project_id": "9aa884f0deab4b92aecf67ba614d6c55",
                "role_name": "member",
                "scope": "project"
              }
            ]
          },
          "sensitive_attributes": [
            [
              {
                "type": "get_attr",
                "value": "password"
              }
            ]
          ],
          "identity_schema_version": 0,
          "private": "bnVsbA==",
          "dependencies": [
            "selectel_vpc_project_v2.project"
          ]
        }
      ]
    },
    {
      "mode": "managed",
      "type": "selectel_vpc_keypair_v2",
      "name": "ssh_key",
      "provider": "provider[\"registry.terraform.io/selectel/selectel\"]",
      "instances": [
        {
          "schema_version": 0,
          "attributes": {
            "id": "f760fe09b37d43c7ad7d763153d65914/iceberg-iceberg-test-key",
            "name": "iceberg-iceberg-test-key",
            "public_key": "ssh-rsa AAAAB3NzaC1yc2EAAAADAQABAAACAQC1Sy1KBSNRRLI3m1GEIa3F3Fr8qBOjkweO0GBupijVV6hOv0Ql3C1BpFzkcZV8eaOFbxrySNf/jHt+IOuqjcbNgiPaw70/0YGyYQe6r2xwqohj9gKTg4xYa3b0Q5+VeJKdWIBrgKRZFVxFbRs11hQ4T4hdgpjjXldkOdg5Zi4K6T3X/JCWzrFKMWpzatcSo0deW3Pq3yzDmrQrZ3QWRdcCtrKK9FwSRgGbWJtmLAtE9fLi5+y8XJPeWfur8BHu9XeCPVzAJULqh/Nny/pWa6RuPvd2u8iFZCNuG4VTGwIND4whZLu6kM3CHoara4QDNzZB9G5icoOHH+PQZ4HBMQVNbupNnEHXUd2do6ARBjfUydzK0A3vXote6MLBCwrAdXQv/DuxJOQgVO2uSvVfvcaJtk4HdyI9h8x04EOPylsOTvB7vQGKIkrXPJoOuJyA0TQRE6fNOvW+G7l5q8TgSS77AO9nXCgWcWVzvoAMijySXhtd5flSKNyJgehlDNEXV15V3z2+7pOzlT1+byvpfpSMBeTgMuIqt9kSkZQ4mEsJ8wtS+qYOLzJ5sKSR6djC1f80W8hTHjuccId9JJWXZUmMutgnXmPiU+G/zYmDxKaNjP1sxFHbCdmcy7+HqHw2WI0KTKD8YXYSq+pZmY9ERlJ5eRAnJzgFGYI1QQkVc9e/fw== Newton@LAPTOP-HU557NEH\n",
            "regions": null,
            "user_id": "f760fe09b37d43c7ad7d763153d65914"
          },
          "sensitive_attributes": [],
          "identity_schema_version": 0,
          "private": "bnVsbA==",
          "dependencies": [
            "selectel_iam_serviceuser_v1.openstack",
            "selectel_vpc_project_v2.project"
          ]
        }
      ]
    },
    {
      "mode": "managed",
      "type": "selectel_vpc_project_v2",
      "name": "project",
      "provider": "provider[\"registry.terraform.io/selectel/selectel\"]",
      "instances": [
        {
          "schema_version": 0,
          "attributes": {
            "all_quotas": [
              {
                "resource_name": "compute_cores",
                "resource_quotas": [
                  {
                    "region": "gis-1",
                    "used": 0,
                    "value": 600,
                    "zone": "gis-1a"
                  },
                  {
                    "region": "gis-2",
                    "used": 0,
                    "value": 600,
                    "zone": "gis-2a"
                  },
                  {
                    "region": "ke-1",
                    "used": 0,
                    "value": 5,
                    "zone": "ke-1a"
                  },
                  {
                    "region": "kz-1",
                    "used": 0,
                    "value": 600,
                    "zone": "kz-1a"
                  },
                  {
                    "region": "ru-1",
                    "used": 0,
                    "value": 5,
                    "zone": "ru-1a"
                  },
                  {
                    "region": "ru-1",
                    "used": 0,
                    "value": 600,
                    "zone": "ru-1b"
                  },
                  {
                    "region": "ru-1",
                    "used": 0,
                    "value": 600,
                    "zone": "ru-1c"
                  },
                  {
                    "region": "ru-2",
                    "used": 0,
                    "value": 200,
                    "zone": "ru-2c"
                  },
                  {
                    "region": "ru-2",
                    "used": 0,
                    "value": 20,
                    "zone": "ru-2a"
                  },
                  {
                    "region": "ru-2",
                    "used": 0,
                    "value": 20,
                    "zone": "ru-2b"
                  },
                  {
                    "region": "ru-3",
                    "used": 0,
                    "value": 400,
                    "zone": "ru-3a"
                  },
                  {
                    "region": "ru-3",
                    "used": 0,
                    "value": 600,
                    "zone": "ru-3b"
                  },
                  {
                    "region": "ru-7",
                    "used": 0,
                    "value": 600,
                    "zone": "ru-7a"
                  },
                  {
                    "region": "ru-7",
                    "used": 0,
                    "value": 600,
                    "zone": "ru-7b"
                  },
                  {
                    "region": "ru-8",
                    "used": 0,
                    "value": 600,
                    "zone": "ru-8a"
                  },
                  {
                    "region": "ru-9",
                    "used": 0,
                    "value": 600,
                    "zone": "ru-9a"
                  },
                  {
                    "region": "uz-1",
                    "used": 0,
                    "value": 600,
                    "zone": "uz-1a"
                  },
                  {
                    "region": "uz-2",
                    "used": 0,
                    "value": 600,
                    "zone": "uz-2a"
                  }
                ]
              },
              {
                "resource_name": "compute_pci_gpu_6000_ada",
                "resource_quotas": [
                  {
                    "region": "ru-7",
                    "used": 0,
                    "value": 32,
                    "zone": "ru-7b"
                  }
                ]
              },
              {
                "resource_name": "compute_pci_gpu_a100",
                "resource_quotas": [
                  {
                    "region": "ru-7",
                    "used": 0,
                    "value": 32,
                    "zone": "ru-7a"
                  },
                  {
                    "region": "ru-9",
                    "used": 0,
                    "value": 32,
                    "zone": "ru-9a"
                  }
                ]
              },
              {
                "resource_name": "compute_pci_gpu_a100_80",
                "resource_quotas": [
                  {
                    "region": "ru-7",
                    "used": 0,
                    "value": 32,
                    "zone": "ru-7b"
                  }
                ]
              },
              {
                "resource_name": "compute_pci_gpu_a2",
                "resource_quotas": [
                  {
                    "region": "ru-7",
                    "used": 0,
                    "value": 32,
                    "zone": "ru-7a"
                  }
                ]
              },
              {
                "resource_name": "compute_pci_gpu_a2000",
                "resource_quotas": [
                  {
                    "region": "ru-7",
                    "used": 0,
                    "value": 32,
                    "zone": "ru-7a"
                  },
                  {
                    "region": "ru-7",
                    "used": 0,
                    "value": 32,
                    "zone": "ru-7b"
                  }
                ]
              },
              {
                "resource_name": "compute_pci_gpu_a30",
                "resource_quotas": [
                  {
                    "region": "ru-7",
                    "used": 0,
                    "value": 32,
                    "zone": "ru-7a"
                  }
                ]
              },
              {
                "resource_name": "compute_pci_gpu_a5000",
                "resource_quotas": [
                  {
                    "region": "kz-1",
                    "used": 0,
                    "value": 32,
                    "zone": "kz-1a"
                  },
                  {
                    "region": "ru-7",
                    "used": 0,
                    "value": 32,
                    "zone": "ru-7a"
                  },
                  {
                    "region": "ru-7",
                    "used": 0,
                    "value": 32,
                    "zone": "ru-7b"
                  },
                  {
                    "region": "uz-2",
                    "used": 0,
                    "value": 32,
                    "zone": "uz-2a"
                  }
                ]
              },
              {
                "resource_name": "compute_pci_gpu_gtx1080",
                "resource_quotas": [
                  {
                    "region": "ru-1",
                    "used": 0,
                    "value": 32,
                    "zone": "ru-1a"
                  },
                  {
                    "region": "ru-1",
                    "used": 0,
                    "value": 32,
                    "zone": "ru-1b"
                  },
                  {
                    "region": "ru-1",
                    "used": 0,
                    "value": 32,
                    "zone": "ru-1c"
                  },
                  {
                    "region": "ru-2",
                    "used": 0,
                    "value": 32,
                    "zone": "ru-2b"
                  },
                  {
                    "region": "ru-3",
                    "used": 0,
                    "value": 32,
                    "zone": "ru-3a"
                  },
                  {
                    "region": "ru-3",
                    "used": 0,
                    "value": 32,
                    "zone": "ru-3b"
                  },
                  {
                    "region": "ru-7",
                    "used": 0,
                    "value": 32,
                    "zone": "ru-7a"
                  },
                  {
                    "region": "ru-8",
                    "used": 0,
                    "value": 8,
                    "zone": "ru-8a"
                  },
                  {
                    "region": "ru-9",
                    "used": 0,
                    "value": 32,
                    "zone": "ru-9a"
                  }
                ]
              },
              {
                "resource_name": "compute_pci_gpu_h100",
                "resource_quotas": [
                  {
                    "region": "ru-7",
                    "used": 0,
                    "value": 0,
                    "zone": "ru-7b"
                  }
                ]
              },
              {
                "resource_name": "compute_pci_gpu_rtx2080ti",
                "resource_quotas": [
                  {
                    "region": "ru-7",
                    "used": 0,
                    "value": 32,
                    "zone": "ru-7b"
                  }
                ]
              },
              {
                "resource_name": "compute_pci_gpu_rtx4090",
                "resource_quotas": [
                  {
                    "region": "ru-7",
                    "used": 0,
                    "value": 32,
                    "zone": "ru-7b"
                  }
                ]
              },
              {
                "resource_name": "compute_pci_gpu_t4",
                "resource_quotas": [
                  {
                    "region": "gis-2",
                    "used": 0,
                    "value": 32,
                    "zone": "gis-2a"
                  },
                  {
                    "region": "ru-2",
                    "used": 0,
                    "value": 32,
                    "zone": "ru-2c"
                  },
                  {
                    "region": "ru-3",
                    "used": 0,
                    "value": 32,
                    "zone": "ru-3b"
                  },
                  {
                    "region": "ru-7",
                    "used": 0,
                    "value": 32,
                    "zone": "ru-7a"
                  },
                  {
                    "region": "ru-9",
                    "used": 0,
                    "value": 32,
                    "zone": "ru-9a"
                  }
                ]
              },
              {
                "resource_name": "compute_ram",
                "resource_quotas": [
                  {
                    "region": "gis-1",
                    "used": 0,
                    "value": 524288,
                    "zone": "gis-1a"
                  },
                  {
                    "region": "gis-2",
                    "used": 0,
                    "value": 524288,
                    "zone": "gis-2a"
                  },
                  {
                    "region": "ke-1",
                    "used": 0,
                    "value": 16384,
                    "zone": "ke-1a"
                  },
                  {
                    "region": "kz-1",
                    "used": 0,
                    "value": 524288,
                    "zone": "kz-1a"
                  },
                  {
                    "region": "ru-1",
                    "used": 0,
                    "value": 0,
                    "zone": "ru-1a"
                  },
                  {
                    "region": "ru-1",
                    "used": 0,
                    "value": 5120000,
                    "zone": "ru-1b"
                  },
                  {
                    "region": "ru-1",
                    "used": 0,
                    "value": 5120000,
                    "zone": "ru-1c"
                  },
                  {
                    "region": "ru-2",
                    "used": 0,
                    "value": 262144,
                    "zone": "ru-2a"
                  },
                  {
                    "region": "ru-2",
                    "used": 0,
                    "value": 262144,
                    "zone": "ru-2b"
                  },
                  {
                    "region": "ru-2",
                    "used": 0,
                    "value": 524288,
                    "zone": "ru-2c"
                  },
                  {
                    "region": "ru-3",
                    "used": 0,
                    "value": 1024000,
                    "zone": "ru-3a"
                  },
                  {
                    "region": "ru-3",
                    "used": 0,
                    "value": 5120000,
                    "zone": "ru-3b"
                  },
                  {
                    "region": "ru-7",
                    "used": 0,
                    "value": 5120000,
                    "zone": "ru-7a"
                  },
                  {
                    "region": "ru-7",
                    "used": 0,
                    "value": 5120000,
                    "zone": "ru-7b"
                  },
                  {
                    "region": "ru-8",
                    "used": 0,
                    "value": 5120000,
                    "zone": "ru-8a"
                  },
                  {
                    "region": "ru-9",
                    "used": 0,
                    "value": 5120000,
                    "zone": "ru-9a"
                  },
                  {
                    "region": "uz-1",
                    "used": 0,
                    "value": 524288,
                    "zone": "uz-1a"
                  },
                  {
                    "region": "uz-2",
                    "used": 0,
                    "value": 524288,
                    "zone": "uz-2a"
                  }
                ]
              },
              {
                "resource_name": "dbaas_compute_cores",
                "resource_quotas": [
                  {
                    "region": "ke-1",
                    "used": 0,
                    "value": 600,
                    "zone": ""
                  },
                  {
                    "region": "kz-1",
                    "used": 0,
                    "value": 600,
                    "zone": ""
                  },
                  {
                    "region": "ru-1",
                    "used": 0,
                    "value": 100000,
                    "zone": ""
                  },
                  {
                    "region": "ru-2",
                    "used": 0,
                    "value": 600,
                    "zone": ""
                  },
                  {
                    "region": "ru-3",
                    "used": 0,
                    "value": 600,
                    "zone": ""
                  },
                  {
                    "region": "ru-7",
                    "used": 0,
                    "value": 600,
                    "zone": ""
                  },
                  {
                    "region": "ru-8",
                    "used": 0,
                    "value": 600,
                    "zone": ""
                  },
                  {
                    "region": "ru-9",
                    "used": 0,
                    "value": 600,
                    "zone": ""
                  },
                  {
                    "region": "uz-1",
                    "used": 0,
                    "value": 75,
                    "zone": ""
                  },
                  {
                    "region": "uz-2",
                    "used": 0,
                    "value": 600,
                    "zone": ""
                  }
                ]
              },
              {
                "resource_name": "dbaas_compute_ram",
                "resource_quotas": [
                  {
                    "region": "ke-1",
                    "used": 0,
                    "value": 5120000,
                    "zone": ""
                  },
                  {
                    "region": "kz-1",
                    "used": 0,
                    "value": 5120000,
                    "zone": ""
                  },
                  {
                    "region": "ru-1",
                    "used": 0,
                    "value": 5120000,
                    "zone": ""
                  },
                  {
                    "region": "ru-2",
                    "used": 0,
                    "value": 5120000,
                    "zone": ""
                  },
                  {
                    "region": "ru-3",
                    "used": 0,
                    "value": 5120000,
                    "zone": ""
                  },
                  {
                    "region": "ru-7",
                    "used": 0,
                    "value": 5120000,
                    "zone": ""
                  },
                  {
                    "region": "ru-8",
                    "used": 0,
                    "value": 5120000,
                    "zone": ""
                  },
                  {
                    "region": "ru-9",
                    "used": 0,
                    "value": 5120000,
                    "zone": ""
                  },
                  {
                    "region": "uz-1",
                    "used": 0,
                    "value": 262144,
                    "zone": ""
                  },
                  {
                    "region": "uz-2",
                    "used": 0,
                    "value": 5120000,
                    "zone": ""
                  }
                ]
              },
              {
                "resource_name": "dbaas_volume_gigabytes_local",
                "resource_quotas": [
                  {
                    "region": "ke-1",
                    "used": 0,
                    "value": 5000,
                    "zone": ""
                  },
                  {
                    "region": "kz-1",
                    "used": 0,
                    "value": 5000,
                    "zone": ""
                  },
                  {
                    "region": "ru-1",
                    "used": 0,
                    "value": 5000,
                    "zone": ""
                  },
                  {
                    "region": "ru-2",
                    "used": 0,
                    "value": 5000,
                    "zone": ""
                  },
                  {
                    "region": "ru-3",
                    "used": 0,
                    "value": 15000,
                    "zone": ""
                  },
                  {
                    "region": "ru-7",
                    "used": 0,
                    "value": 15000,
                    "zone": ""
                  },
                  {
                    "region": "ru-8",
                    "used": 0,
                    "value": 5000,
                    "zone": ""
                  },
                  {
                    "region": "ru-9",
                    "used": 0,
                    "value": 15000,
                    "zone": ""
                  },
                  {
                    "region": "uz-1",
                    "used": 0,
                    "value": 2000,
                    "zone": ""
                  },
                  {
                    "region": "uz-2",
                    "used": 0,
                    "value": 5000,
                    "zone": ""
                  }
                ]
              },
              {
                "resource_name": "dbaas_volume_gigabytes_network_ultra",
                "resource_quotas": [
                  {
                    "region": "ke-1",
                    "used": 0,
                    "value": 1000,
                    "zone": ""
                  },
                  {
                    "region": "kz-1",
                    "used": 0,
                    "value": 5000,
                    "zone": ""
                  },
                  {
                    "region": "ru-1",
                    "used": 0,
                    "value": 1000,
                    "zone": ""
                  },
                  {
                    "region": "ru-2",
                    "used": 0,
                    "value": 1000,
                    "zone": ""
                  },
                  {
                    "region": "ru-3",
                    "used": 0,
                    "value": 5000,
                    "zone": ""
                  },
                  {
                    "region": "ru-7",
                    "used": 0,
                    "value": 5000,
                    "zone": ""
                  },
                  {
                    "region": "ru-8",
                    "used": 0,
                    "value": 1000,
                    "zone": ""
                  },
                  {
                    "region": "ru-9",
                    "used": 0,
                    "value": 5000,
                    "zone": ""
                  },
                  {
                    "region": "uz-1",
                    "used": 0,
                    "value": 2000,
                    "zone": ""
                  },
                  {
                    "region": "uz-2",
                    "used": 0,
                    "value": 5000,
                    "zone": ""
                  }
                ]
              },
              {
                "resource_name": "image_gigabytes",
                "resource_quotas": [
                  {
                    "region": "gis-1",
                    "used": 0,
                    "value": 10000,
                    "zone": ""
                  },
                  {
                    "region": "gis-2",
                    "used": 0,
                    "value": 10000,
                    "zone": ""
                  },
                  {
                    "region": "ke-1",
                    "used": 0,
                    "value": 10000,
                    "zone": ""
                  },
                  {
                    "region": "kz-1",
                    "used": 0,
                    "value": 10000,
                    "zone": ""
                  },
                  {
                    "region": "ru-1",
                    "used": 0,
                    "value": 0,
                    "zone": ""
                  },
                  {
                    "region": "ru-2",
                    "used": 0,
                    "value": 0,
                    "zone": ""
                  },
                  {
                    "region": "ru-3",
                    "used": 0,
                    "value": 150000,
                    "zone": ""
                  },
                  {
                    "region": "ru-7",
                    "used": 0,
                    "value": 0,
                    "zone": ""
                  },
                  {
                    "region": "ru-8",
                    "used": 0,
                    "value": 150000,
                    "zone": ""
                  },
                  {
                    "region": "ru-9",
                    "used": 0,
                    "value": 0,
                    "zone": ""
                  },
                  {
                    "region": "uz-1",
                    "used": 0,
                    "value": 10000,
                    "zone": ""
                  },
                  {
                    "region": "uz-2",
                    "used": 0,
                    "value": 10000,
                    "zone": ""
                  }
                ]
              },
              {
                "resource_name": "inference_service_compute_cores",
                "resource_quotas": [
                  {
                    "region": "ru-7",
                    "used": 0,
                    "value": 64,
                    "zone": ""
                  }
                ]
              },
              {
                "resource_name": "inference_service_compute_cores_hifreq",
                "resource_quotas": [
                  {
                    "region": "ru-7",
                    "used": 0,
                    "value": 64,
                    "zone": ""
                  }
                ]
              },
              {
                "resource_name": "inference_service_compute_ram",
                "resource_quotas": [
                  {
                    "region": "ru-7",
                    "used": 0,
                    "value": 1048576,
                    "zone": ""
                  }
                ]
              },
              {
                "resource_name": "inference_service_compute_ram_hifreq",
                "resource_quotas": [
                  {
                    "region": "ru-7",
                    "used": 0,
                    "value": 1048576,
                    "zone": ""
                  }
                ]
              },
              {
                "resource_name": "inference_service_gpu_nvidia_a100_40",
                "resource_quotas": [
                  {
                    "region": "ru-7",
                    "used": 0,
                    "value": 0,
                    "zone": ""
                  }
                ]
              },
              {
                "resource_name": "inference_service_gpu_nvidia_a100_80",
                "resource_quotas": [
                  {
                    "region": "ru-7",
                    "used": 0,
                    "value": 0,
                    "zone": ""
                  }
                ]
              },
              {
                "resource_name": "inference_service_gpu_nvidia_a2000_6",
                "resource_quotas": [
                  {
                    "region": "ru-7",
                    "used": 0,
                    "value": 0,
                    "zone": ""
                  }
                ]
              },
              {
                "resource_name": "inference_service_gpu_nvidia_a2_16",
                "resource_quotas": [
                  {
                    "region": "ru-7",
                    "used": 0,
                    "value": 0,
                    "zone": ""
                  }
                ]
              },
              {
                "resource_name": "inference_service_gpu_nvidia_a30_24",
                "resource_quotas": [
                  {
                    "region": "ru-7",
                    "used": 0,
                    "value": 0,
                    "zone": ""
                  }
                ]
              },
              {
                "resource_name": "inference_service_gpu_nvidia_a5000_24",
                "resource_quotas": [
                  {
                    "region": "ru-7",
                    "used": 0,
                    "value": 0,
                    "zone": ""
                  }
                ]
              },
              {
                "resource_name": "inference_service_gpu_nvidia_rtx4090_24",
                "resource_quotas": [
                  {
                    "region": "ru-7",
                    "used": 0,
                    "value": 0,
                    "zone": ""
                  }
                ]
              },
              {
                "resource_name": "inference_service_gpu_nvidia_rtx6000_ada_48",
                "resource_quotas": [
                  {
                    "region": "ru-7",
                    "used": 0,
                    "value": 0,
                    "zone": ""
                  }
                ]
              },
              {
                "resource_name": "inference_service_gpu_nvidia_t4_16",
                "resource_quotas": [
                  {
                    "region": "ru-7",
                    "used": 0,
                    "value": 0,
                    "zone": ""
                  }
                ]
              },
              {
                "resource_name": "inference_service_volume_fast",
                "resource_quotas": [
                  {
                    "region": "ru-7",
                    "used": 0,
                    "value": 2048,
                    "zone": ""
                  }
                ]
              },
              {
                "resource_name": "license_windows_2012_standard",
                "resource_quotas": [
                  {
                    "region": "gis-1",
                    "used": 0,
                    "value": 0,
                    "zone": ""
                  },
                  {
                    "region": "ke-1",
                    "used": 0,
                    "value": 0,
                    "zone": ""
                  },
                  {
                    "region": "kz-1",
                    "used": 0,
                    "value": 0,
                    "zone": ""
                  },
                  {
                    "region": "ru-1",
                    "used": 0,
                    "value": 0,
                    "zone": ""
                  },
                  {
                    "region": "ru-2",
                    "used": 0,
                    "value": 0,
                    "zone": ""
                  },
                  {
                    "region": "ru-3",
                    "used": 0,
                    "value": 0,
                    "zone": ""
                  },
                  {
                    "region": "ru-7",
                    "used": 0,
                    "value": 0,
                    "zone": ""
                  },
                  {
                    "region": "ru-8",
                    "used": 0,
                    "value": 0,
                    "zone": ""
                  },
                  {
                    "region": "ru-9",
                    "used": 0,
                    "value": 0,
                    "zone": ""
                  },
                  {
                    "region": "uz-1",
                    "used": 0,
                    "value": 0,
                    "zone": ""
                  },
                  {
                    "region": "uz-2",
                    "used": 0,
                    "value": 0,
                    "zone": ""
                  }
                ]
              },
              {
                "resource_name": "license_windows_2016_standard",
                "resource_quotas": [
                  {
                    "region": "gis-1",
                    "used": 0,
                    "value": 0,
                    "zone": ""
                  },
                  {
                    "region": "ke-1",
                    "used": 0,
                    "value": 0,
                    "zone": ""
                  },
                  {
                    "region": "kz-1",
                    "used": 0,
                    "value": 0,
                    "zone": ""
                  },
                  {
                    "region": "ru-1",
                    "used": 0,
                    "value": 0,
                    "zone": ""
                  },
                  {
                    "region": "ru-2",
                    "used": 0,
                    "value": 0,
                    "zone": ""
                  },
                  {
                    "region": "ru-3",
                    "used": 0,
                    "value": 0,
                    "zone": ""
                  },
                  {
                    "region": "ru-7",
                    "used": 0,
                    "value": 0,
                    "zone": ""
                  },
                  {
                    "region": "ru-8",
                    "used": 0,
                    "value": 0,
                    "zone": ""
                  },
                  {
                    "region": "ru-9",
                    "used": 0,
                    "value": 0,
                    "zone": ""
                  },
                  {
                    "region": "uz-1",
                    "used": 0,
                    "value": 0,
                    "zone": ""
                  },
                  {
                    "region": "uz-2",
                    "used": 0,
                    "value": 0,
                    "zone": ""
                  }
                ]
              },
              {
                "resource_name": "license_windows_2019_standard",
                "resource_quotas": [
                  {
                    "region": "gis-1",
                    "used": 0,
                    "value": 0,
                    "zone": ""
                  },
                  {
                    "region": "ke-1",
                    "used": 0,
                    "value": 0,
                    "zone": ""
                  },
                  {
                    "region": "kz-1",
                    "used": 0,
                    "value": 0,
                    "zone": ""
                  },
                  {
                    "region": "ru-1",
                    "used": 0,
                    "value": 0,
                    "zone": ""
                  },
                  {
                    "region": "ru-2",
                    "used": 0,
                    "value": 0,
                    "zone": ""
                  },
                  {
                    "region": "ru-3",
                    "used": 0,
                    "value": 0,
                    "zone": ""
                  },
                  {
                    "region": "ru-7",
                    "used": 0,
                    "value": 0,
                    "zone": ""
                  },
                  {
                    "region": "ru-8",
                    "used": 0,
                    "value": 0,
                    "zone": ""
                  },
                  {
                    "region": "ru-9",
                    "used": 0,
                    "value": 0,
                    "zone": ""
                  },
                  {
                    "region": "uz-1",
                    "used": 0,
                    "value": 0,
                    "zone": ""
                  },
                  {
                    "region": "uz-2",
                    "used": 0,
                    "value": 0,
                    "zone": ""
                  }
                ]
              },
              {
                "resource_name": "load_balancers",
                "resource_quotas": [
                  {
                    "region": "gis-1",
                    "used": 0,
                    "value": 100,
                    "zone": ""
                  },
                  {
                    "region": "gis-2",
                    "used": 0,
                    "value": 100,
                    "zone": ""
                  },
                  {
                    "region": "ke-1",
                    "used": 0,
                    "value": 100,
                    "zone": ""
                  },
                  {
                    "region": "kz-1",
                    "used": 0,
                    "value": 100,
                    "zone": ""
                  },
                  {
                    "region": "ru-1",
                    "used": 0,
                    "value": 100,
                    "zone": ""
                  },
                  {
                    "region": "ru-2",
                    "used": 0,
                    "value": 100,
                    "zone": ""
                  },
                  {
                    "region": "ru-3",
                    "used": 0,
                    "value": 100,
                    "zone": ""
                  },
                  {
                    "region": "ru-7",
                    "used": 0,
                    "value": 100,
                    "zone": ""
                  },
                  {
                    "region": "ru-8",
                    "used": 0,
                    "value": 100,
                    "zone": ""
                  },
                  {
                    "region": "ru-9",
                    "used": 0,
                    "value": 100,
                    "zone": ""
                  },
                  {
                    "region": "uz-1",
                    "used": 0,
                    "value": 100,
                    "zone": ""
                  },
                  {
                    "region": "uz-2",
                    "used": 0,
                    "value": 100,
                    "zone": ""
                  }
                ]
              },
              {
                "resource_name": "mks_cluster_regional",
                "resource_quotas": [
                  {
                    "region": "ke-1",
                    "used": 0,
                    "value": 20,
                    "zone": ""
                  },
                  {
                    "region": "kz-1",
                    "used": 0,
                    "value": 20,
                    "zone": ""
                  },
                  {
                    "region": "ru-1",
                    "used": 0,
                    "value": 200,
                    "zone": ""
                  },
                  {
                    "region": "ru-2",
                    "used": 0,
                    "value": 200,
                    "zone": ""
                  },
                  {
                    "region": "ru-3",
                    "used": 0,
                    "value": 200,
                    "zone": ""
                  },
                  {
                    "region": "ru-7",
                    "used": 0,
                    "value": 200,
                    "zone": ""
                  },
                  {
                    "region": "ru-8",
                    "used": 0,
                    "value": 200,
                    "zone": ""
                  },
                  {
                    "region": "ru-9",
                    "used": 0,
                    "value": 200,
                    "zone": ""
                  },
                  {
                    "region": "uz-1",
                    "used": 0,
                    "value": 20,
                    "zone": ""
                  },
                  {
                    "region": "uz-2",
                    "used": 0,
                    "value": 20,
                    "zone": ""
                  }
                ]
              },
              {
                "resource_name": "mks_cluster_zonal",
                "resource_quotas": [
                  {
                    "region": "ke-1",
                    "used": 0,
                    "value": 20,
                    "zone": ""
                  },
                  {
                    "region": "kz-1",
                    "used": 0,
                    "value": 20,
                    "zone": ""
                  },
                  {
                    "region": "ru-1",
                    "used": 0,
                    "value": 200,
                    "zone": ""
                  },
                  {
                    "region": "ru-2",
                    "used": 0,
                    "value": 200,
                    "zone": ""
                  },
                  {
                    "region": "ru-3",
                    "used": 0,
                    "value": 200,
                    "zone": ""
                  },
                  {
                    "region": "ru-7",
                    "used": 0,
                    "value": 200,
                    "zone": ""
                  },
                  {
                    "region": "ru-8",
                    "used": 0,
                    "value": 200,
                    "zone": ""
                  },
                  {
                    "region": "ru-9",
                    "used": 0,
                    "value": 200,
                    "zone": ""
                  },
                  {
                    "region": "uz-1",
                    "used": 0,
                    "value": 20,
                    "zone": ""
                  },
                  {
                    "region": "uz-2",
                    "used": 0,
                    "value": 20,
                    "zone": ""
                  }
                ]
              },
              {
                "resource_name": "network_floatingips",
                "resource_quotas": [
                  {
                    "region": "gis-1",
                    "used": 0,
                    "value": 1,
                    "zone": ""
                  },
                  {
                    "region": "gis-2",
                    "used": 0,
                    "value": 1,
                    "zone": ""
                  },
                  {
                    "region": "ke-1",
                    "used": 0,
                    "value": 12,
                    "zone": ""
                  },
                  {
                    "region": "kz-1",
                    "used": 0,
                    "value": 12,
                    "zone": ""
                  },
                  {
                    "region": "ru-1",
                    "used": 0,
                    "value": 1,
                    "zone": ""
                  },
                  {
                    "region": "ru-2",
                    "used": 0,
                    "value": 1,
                    "zone": ""
                  },
                  {
                    "region": "ru-3",
                    "used": 0,
                    "value": 1,
                    "zone": ""
                  },
                  {
                    "region": "ru-7",
                    "used": 0,
                    "value": 1,
                    "zone": ""
                  },
                  {
                    "region": "ru-8",
                    "used": 0,
                    "value": 1,
                    "zone": ""
                  },
                  {
                    "region": "ru-9",
                    "used": 0,
                    "value": 1,
                    "zone": ""
                  },
                  {
                    "region": "uz-1",
                    "used": 0,
                    "value": 12,
                    "zone": ""
                  },
                  {
                    "region": "uz-2",
                    "used": 0,
                    "value": 12,
                    "zone": ""
                  }
                ]
              },
              {
                "resource_name": "network_subnets_24",
                "resource_quotas": [
                  {
                    "region": "gis-1",
                    "used": 0,
                    "value": 0,
                    "zone": ""
                  },
                  {
                    "region": "gis-2",
                    "used": 0,
                    "value": 0,
                    "zone": ""
                  },
                  {
                    "region": "ke-1",
                    "used": 0,
                    "value": 0,
                    "zone": ""
                  },
                  {
                    "region": "kz-1",
                    "used": 0,
                    "value": 0,
                    "zone": ""
                  },
                  {
                    "region": "ru-1",
                    "used": 0,
                    "value": 0,
                    "zone": ""
                  },
                  {
                    "region": "ru-2",
                    "used": 0,
                    "value": 0,
                    "zone": ""
                  },
                  {
                    "region": "ru-3",
                    "used": 0,
                    "value": 0,
                    "zone": ""
                  },
                  {
                    "region": "ru-7",
                    "used": 0,
                    "value": 0,
                    "zone": ""
                  },
                  {
                    "region": "ru-8",
                    "used": 0,
                    "value": 0,
                    "zone": ""
                  },
                  {
                    "region": "ru-9",
                    "used": 0,
                    "value": 0,
                    "zone": ""
                  },
                  {
                    "region": "uz-1",
                    "used": 0,
                    "value": 0,
                    "zone": ""
                  },
                  {
                    "region": "uz-2",
                    "used": 0,
                    "value": 0,
                    "zone": ""
                  }
                ]
              },
              {
                "resource_name": "network_subnets_25",
                "resource_quotas": [
                  {
                    "region": "gis-1",
                    "used": 0,
                    "value": 0,
                    "zone": ""
                  },
                  {
                    "region": "gis-2",
                    "used": 0,
                    "value": 0,
                    "zone": ""
                  },
                  {
                    "region": "ke-1",
                    "used": 0,
                    "value": 0,
                    "zone": ""
                  },
                  {
                    "region": "kz-1",
                    "used": 0,
                    "value": 0,
                    "zone": ""
                  },
                  {
                    "region": "ru-1",
                    "used": 0,
                    "value": 0,
                    "zone": ""
                  },
                  {
                    "region": "ru-2",
                    "used": 0,
                    "value": 0,
                    "zone": ""
                  },
                  {
                    "region": "ru-3",
                    "used": 0,
                    "value": 0,
                    "zone": ""
                  },
                  {
                    "region": "ru-7",
                    "used": 0,
                    "value": 0,
                    "zone": ""
                  },
                  {
                    "region": "ru-8",
                    "used": 0,
                    "value": 0,
                    "zone": ""
                  },
                  {
                    "region": "ru-9",
                    "used": 0,
                    "value": 0,
                    "zone": ""
                  },
                  {
                    "region": "uz-1",
                    "used": 0,
                    "value": 0,
                    "zone": ""
                  },
                  {
                    "region": "uz-2",
                    "used": 0,
                    "value": 0,
                    "zone": ""
                  }
                ]
              },
              {
                "resource_name": "network_subnets_26",
                "resource_quotas": [
                  {
                    "region": "gis-1",
                    "used": 0,
                    "value": 0,
                    "zone": ""
                  },
                  {
                    "region": "gis-2",
                    "used": 0,
                    "value": 0,
                    "zone": ""
                  },
                  {
                    "region": "ke-1",
                    "used": 0,
                    "value": 0,
                    "zone": ""
                  },
                  {
                    "region": "kz-1",
                    "used": 0,
                    "value": 0,
                    "zone": ""
                  },
                  {
                    "region": "ru-1",
                    "used": 0,
                    "value": 0,
                    "zone": ""
                  },
                  {
                    "region": "ru-2",
                    "used": 0,
                    "value": 0,
                    "zone": ""
                  },
                  {
                    "region": "ru-3",
                    "used": 0,
                    "value": 0,
                    "zone": ""
                  },
                  {
                    "region": "ru-7",
                    "used": 0,
                    "value": 0,
                    "zone": ""
                  },
                  {
                    "region": "ru-8",
                    "used": 0,
                    "value": 0,
                    "zone": ""
                  },
                  {
                    "region": "ru-9",
                    "used": 0,
                    "value": 0,
                    "zone": ""
                  },
                  {
                    "region": "uz-1",
                    "used": 0,
                    "value": 0,
                    "zone": ""
                  },
                  {
                    "region": "uz-2",
                    "used": 0,
                    "value": 0,
                    "zone": ""
                  }
                ]
              },
              {
                "resource_name": "network_subnets_27",
                "resource_quotas": [
                  {
                    "region": "gis-1",
                    "used": 0,
                    "value": 0,
                    "zone": ""
                  },
                  {
                    "region": "gis-2",
                    "used": 0,
                    "value": 0,
                    "zone": ""
                  },
                  {
                    "region": "ke-1",
                    "used": 0,
                    "value": 0,
                    "zone": ""
                  },
                  {
                    "region": "kz-1",
                    "used": 0,
                    "value": 0,
                    "zone": ""
                  },
                  {
                    "region": "ru-1",
                    "used": 0,
                    "value": 0,
                    "zone": ""
                  },
                  {
                    "region": "ru-2",
                    "used": 0,
                    "value": 0,
                    "zone": ""
                  },
                  {
                    "region": "ru-3",
                    "used": 0,
                    "value": 0,
                    "zone": ""
                  },
                  {
                    "region": "ru-7",
                    "used": 0,
                    "value": 0,
                    "zone": ""
                  },
                  {
                    "region": "ru-8",
                    "used": 0,
                    "value": 0,
                    "zone": ""
                  },
                  {
                    "region": "ru-9",
                    "used": 0,
                    "value": 0,
                    "zone": ""
                  },
                  {
                    "region": "uz-1",
                    "used": 0,
                    "value": 0,
                    "zone": ""
                  },
                  {
                    "region": "uz-2",
                    "used": 0,
                    "value": 0,
                    "zone": ""
                  }
                ]
              },
              {
                "resource_name": "network_subnets_28",
                "resource_quotas": [
                  {
                    "region": "gis-1",
                    "used": 0,
                    "value": 0,
                    "zone": ""
                  },
                  {
                    "region": "gis-2",
                    "used": 0,
                    "value": 0,
                    "zone": ""
                  },
                  {
                    "region": "ke-1",
                    "used": 0,
                    "value": 0,
                    "zone": ""
                  },
                  {
                    "region": "kz-1",
                    "used": 0,
                    "value": 0,
                    "zone": ""
                  },
                  {
                    "region": "ru-1",
                    "used": 0,
                    "value": 0,
                    "zone": ""
                  },
                  {
                    "region": "ru-2",
                    "used": 0,
                    "value": 0,
                    "zone": ""
                  },
                  {
                    "region": "ru-3",
                    "used": 0,
                    "value": 0,
                    "zone": ""
                  },
                  {
                    "region": "ru-7",
                    "used": 0,
                    "value": 0,
                    "zone": ""
                  },
                  {
                    "region": "ru-8",
                    "used": 0,
                    "value": 0,
                    "zone": ""
                  },
                  {
                    "region": "ru-9",
                    "used": 0,
                    "value": 0,
                    "zone": ""
                  },
                  {
                    "region": "uz-1",
                    "used": 0,
                    "value": 0,
                    "zone": ""
                  },
                  {
                    "region": "uz-2",
                    "used": 0,
                    "value": 0,
                    "zone": ""
                  }
                ]
              },
              {
                "resource_name": "network_subnets_29",
                "resource_quotas": [
                  {
                    "region": "gis-1",
                    "used": 0,
                    "value": 1,
                    "zone": ""
                  },
                  {
                    "region": "gis-2",
                    "used": 0,
                    "value": 1,
                    "zone": ""
                  },
                  {
                    "region": "ke-1",
                    "used": 0,
                    "value": 1,
                    "zone": ""
                  },
                  {
                    "region": "kz-1",
                    "used": 0,
                    "value": 1,
                    "zone": ""
                  },
                  {
                    "region": "ru-1",
                    "used": 0,
                    "value": 1,
                    "zone": ""
                  },
                  {
                    "region": "ru-2",
                    "used": 0,
                    "value": 1,
                    "zone": ""
                  },
                  {
                    "region": "ru-3",
                    "used": 0,
                    "value": 1,
                    "zone": ""
                  },
                  {
                    "region": "ru-7",
                    "used": 0,
                    "value": 1,
                    "zone": ""
                  },
                  {
                    "region": "ru-8",
                    "used": 0,
                    "value": 1,
                    "zone": ""
                  },
                  {
                    "region": "ru-9",
                    "used": 0,
                    "value": 1,
                    "zone": ""
                  },
                  {
                    "region": "uz-1",
                    "used": 0,
                    "value": 1,
                    "zone": ""
                  },
                  {
                    "region": "uz-2",
                    "used": 0,
                    "value": 1,
                    "zone": ""
                  }
                ]
              },
              {
                "resource_name": "private_dns_services",
                "resource_quotas": [
                  {
                    "region": "gis-1",
                    "used": 0,
                    "value": 10,
                    "zone": ""
                  },
                  {
                    "region": "gis-2",
                    "used": 0,
                    "value": 10,
                    "zone": ""
                  },
                  {
                    "region": "ke-1",
                    "used": 0,
                    "value": 10,
                    "zone": ""
                  },
                  {
                    "region": "kz-1",
                    "used": 0,
                    "value": 10,
                    "zone": ""
                  },
                  {
                    "region": "ru-1",
                    "used": 0,
                    "value": 10,
                    "zone": ""
                  },
                  {
                    "region": "ru-2",
                    "used": 0,
                    "value": 10,
                    "zone": ""
                  },
                  {
                    "region": "ru-3",
                    "used": 0,
                    "value": 10,
                    "zone": ""
                  },
                  {
                    "region": "ru-7",
                    "used": 0,
                    "value": 10,
                    "zone": ""
                  },
                  {
                    "region": "ru-8",
                    "used": 0,
                    "value": 10,
                    "zone": ""
                  },
                  {
                    "region": "ru-9",
                    "used": 0,
                    "value": 10,
                    "zone": ""
                  },
                  {
                    "region": "uz-1",
                    "used": 0,
                    "value": 10,
                    "zone": ""
                  },
                  {
                    "region": "uz-2",
                    "used": 0,
                    "value": 10,
                    "zone": ""
                  }
                ]
              },
              {
                "resource_name": "share_gigabytes_basic",
                "resource_quotas": [
                  {
                    "region": "gis-1",
                    "used": 0,
                    "value": 51200,
                    "zone": "gis-1a"
                  },
                  {
                    "region": "gis-2",
                    "used": 0,
                    "value": 51200,
                    "zone": "gis-2a"
                  },
                  {
                    "region": "ke-1",
                    "used": 0,
                    "value": 51200,
                    "zone": "ke-1a"
                  },
                  {
                    "region": "kz-1",
                    "used": 0,
                    "value": 51200,
                    "zone": "kz-1a"
                  },
                  {
                    "region": "ru-1",
                    "used": 0,
                    "value": 51200,
                    "zone": "ru-1a"
                  },
                  {
                    "region": "ru-1",
                    "used": 0,
                    "value": 51200,
                    "zone": "ru-1b"
                  },
                  {
                    "region": "ru-1",
                    "used": 0,
                    "value": 51200,
                    "zone": "ru-1c"
                  },
                  {
                    "region": "ru-2",
                    "used": 0,
                    "value": 51200,
                    "zone": "ru-2a"
                  },
                  {
                    "region": "ru-2",
                    "used": 0,
                    "value": 51200,
                    "zone": "ru-2b"
                  },
                  {
                    "region": "ru-2",
                    "used": 0,
                    "value": 51200,
                    "zone": "ru-2c"
                  },
                  {
                    "region": "ru-3",
                    "used": 0,
                    "value": 51200,
                    "zone": "ru-3a"
                  },
                  {
                    "region": "ru-3",
                    "used": 0,
                    "value": 51200,
                    "zone": "ru-3b"
                  },
                  {
                    "region": "ru-7",
                    "used": 0,
                    "value": 51200,
                    "zone": "ru-7a"
                  },
                  {
                    "region": "ru-7",
                    "used": 0,
                    "value": 51200,
                    "zone": "ru-7b"
                  },
                  {
                    "region": "ru-8",
                    "used": 0,
                    "value": 51200,
                    "zone": "ru-8a"
                  },
                  {
                    "region": "ru-9",
                    "used": 0,
                    "value": 51200,
                    "zone": "ru-9a"
                  },
                  {
                    "region": "uz-1",
                    "used": 0,
                    "value": 51200,
                    "zone": "uz-1a"
                  },
                  {
                    "region": "uz-2",
                    "used": 0,
                    "value": 51200,
                    "zone": "uz-2a"
                  }
                ]
              },
              {
                "resource_name": "share_gigabytes_fast",
                "resource_quotas": [
                  {
                    "region": "gis-1",
                    "used": 0,
                    "value": 51200,
                    "zone": "gis-1a"
                  },
                  {
                    "region": "gis-2",
                    "used": 0,
                    "value": 51200,
                    "zone": "gis-2a"
                  },
                  {
                    "region": "ke-1",
                    "used": 0,
                    "value": 51200,
                    "zone": "ke-1a"
                  },
                  {
                    "region": "kz-1",
                    "used": 0,
                    "value": 51200,
                    "zone": "kz-1a"
                  },
                  {
                    "region": "ru-1",
                    "used": 0,
                    "value": 51200,
                    "zone": "ru-1c"
                  },
                  {
                    "region": "ru-2",
                    "used": 0,
                    "value": 51200,
                    "zone": "ru-2c"
                  },
                  {
                    "region": "ru-3",
                    "used": 0,
                    "value": 51200,
                    "zone": "ru-3b"
                  },
                  {
                    "region": "ru-7",
                    "used": 0,
                    "value": 51200,
                    "zone": "ru-7a"
                  },
                  {
                    "region": "ru-7",
                    "used": 0,
                    "value": 51200,
                    "zone": "ru-7b"
                  },
                  {
                    "region": "ru-8",
                    "used": 0,
                    "value": 51200,
                    "zone": "ru-8a"
                  },
                  {
                    "region": "ru-9",
                    "used": 0,
                    "value": 51200,
                    "zone": "ru-9a"
                  },
                  {
                    "region": "uz-1",
                    "used": 0,
                    "value": 51200,
                    "zone": "uz-1a"
                  },
                  {
                    "region": "uz-2",
                    "used": 0,
                    "value": 51200,
                    "zone": "uz-2a"
                  }
                ]
              },
              {
                "resource_name": "share_gigabytes_universal",
                "resource_quotas": [
                  {
                    "region": "gis-1",
                    "used": 0,
                    "value": 51200,
                    "zone": "gis-1a"
                  },
                  {
                    "region": "gis-2",
                    "used": 0,
                    "value": 51200,
                    "zone": "gis-2a"
                  },
                  {
                    "region": "ke-1",
                    "used": 0,
                    "value": 51200,
                    "zone": "ke-1a"
                  },
                  {
                    "region": "kz-1",
                    "used": 0,
                    "value": 51200,
                    "zone": "kz-1a"
                  },
                  {
                    "region": "ru-1",
                    "used": 0,
                    "value": 51200,
                    "zone": "ru-1c"
                  },
                  {
                    "region": "ru-2",
                    "used": 0,
                    "value": 51200,
                    "zone": "ru-2c"
                  },
                  {
                    "region": "ru-3",
                    "used": 0,
                    "value": 51200,
                    "zone": "ru-3b"
                  },
                  {
                    "region": "ru-7",
                    "used": 0,
                    "value": 51200,
                    "zone": "ru-7a"
                  },
                  {
                    "region": "ru-7",
                    "used": 0,
                    "value": 51200,
                    "zone": "ru-7b"
                  },
                  {
                    "region": "ru-8",
                    "used": 0,
                    "value": 51200,
                    "zone": "ru-8a"
                  },
                  {
                    "region": "ru-9",
                    "used": 0,
                    "value": 51200,
                    "zone": "ru-9a"
                  },
                  {
                    "region": "uz-1",
                    "used": 0,
                    "value": 51200,
                    "zone": "uz-1a"
                  },
                  {
                    "region": "uz-2",
                    "used": 0,
                    "value": 51200,
                    "zone": "uz-2a"
                  }
                ]
              },
              {
                "resource_name": "volume_gigabytes_basic",
                "resource_quotas": [
                  {
                    "region": "gis-1",
                    "used": 0,
                    "value": 10000,
                    "zone": "gis-1a"
                  },
                  {
                    "region": "gis-2",
                    "used": 0,
                    "value": 10000,
                    "zone": "gis-2a"
                  },
                  {
                    "region": "ke-1",
                    "used": 0,
                    "value": 1000,
                    "zone": "ke-1a"
                  },
                  {
                    "region": "kz-1",
                    "used": 0,
                    "value": 10000,
                    "zone": "kz-1a"
                  },
                  {
                    "region": "ru-1",
                    "used": 0,
                    "value": 10000,
                    "zone": "ru-1a"
                  },
                  {
                    "region": "ru-1",
                    "used": 0,
                    "value": 10000,
                    "zone": "ru-1b"
                  },
                  {
                    "region": "ru-1",
                    "used": 0,
                    "value": 10000,
                    "zone": "ru-1c"
                  },
                  {
                    "region": "ru-2",
                    "used": 0,
                    "value": 0,
                    "zone": "ru-2a"
                  },
                  {
                    "region": "ru-2",
                    "used": 0,
                    "value": 0,
                    "zone": "ru-2b"
                  },
                  {
                    "region": "ru-2",
                    "used": 0,
                    "value": 0,
                    "zone": "ru-2c"
                  },
                  {
                    "region": "ru-3",
                    "used": 0,
                    "value": 10000,
                    "zone": "ru-3a"
                  },
                  {
                    "region": "ru-3",
                    "used": 0,
                    "value": 5000,
                    "zone": "ru-3b"
                  },
                  {
                    "region": "ru-7",
                    "used": 0,
                    "value": 10000,
                    "zone": "ru-7a"
                  },
                  {
                    "region": "ru-7",
                    "used": 0,
                    "value": 10000,
                    "zone": "ru-7b"
                  },
                  {
                    "region": "ru-8",
                    "used": 0,
                    "value": 10000,
                    "zone": "ru-8a"
                  },
                  {
                    "region": "ru-9",
                    "used": 0,
                    "value": 10000,
                    "zone": "ru-9a"
                  },
                  {
                    "region": "uz-1",
                    "used": 0,
                    "value": 10000,
                    "zone": "uz-1a"
                  },
                  {
                    "region": "uz-2",
                    "used": 0,
                    "value": 10000,
                    "zone": "uz-2a"
                  }
                ]
              },
              {
                "resource_name": "volume_gigabytes_basicssd",
                "resource_quotas": [
                  {
                    "region": "ru-2",
                    "used": 0,
                    "value": 0,
                    "zone": "ru-2b"
                  },
                  {
                    "region": "ru-2",
                    "used": 0,
                    "value": 0,
                    "zone": "ru-2c"
                  },
                  {
                    "region": "ru-3",
                    "used": 0,
                    "value": 600,
                    "zone": "ru-3b"
                  },
                  {
                    "region": "ru-7",
                    "used": 0,
                    "value": 600,
                    "zone": "ru-7a"
                  },
                  {
                    "region": "ru-7",
                    "used": 0,
                    "value": 600,
                    "zone": "ru-7b"
                  },
                  {
                    "region": "ru-8",
                    "used": 0,
                    "value": 600,
                    "zone": "ru-8a"
                  },
                  {
                    "region": "ru-9",
                    "used": 0,
                    "value": 600,
                    "zone": "ru-9a"
                  }
                ]
              },
              {
                "resource_name": "volume_gigabytes_fast",
                "resource_quotas": [
                  {
                    "region": "gis-1",
                    "used": 0,
                    "value": 5000,
                    "zone": "gis-1a"
                  },
                  {
                    "region": "gis-2",
                    "used": 0,
                    "value": 5000,
                    "zone": "gis-2a"
                  },
                  {
                    "region": "ke-1",
                    "used": 0,
                    "value": 1000,
                    "zone": "ke-1a"
                  },
                  {
                    "region": "kz-1",
                    "used": 0,
                    "value": 5000,
                    "zone": "kz-1a"
                  },
                  {
                    "region": "ru-1",
                    "used": 0,
                    "value": 1000,
                    "zone": "ru-1a"
                  },
                  {
                    "region": "ru-1",
                    "used": 0,
                    "value": 1000,
                    "zone": "ru-1b"
                  },
                  {
                    "region": "ru-1",
                    "used": 0,
                    "value": 5000,
                    "zone": "ru-1c"
                  },
                  {
                    "region": "ru-2",
                    "used": 0,
                    "value": 0,
                    "zone": "ru-2a"
                  },
                  {
                    "region": "ru-2",
                    "used": 0,
                    "value": 0,
                    "zone": "ru-2b"
                  },
                  {
                    "region": "ru-2",
                    "used": 0,
                    "value": 0,
                    "zone": "ru-2c"
                  },
                  {
                    "region": "ru-3",
                    "used": 0,
                    "value": 5000,
                    "zone": "ru-3a"
                  },
                  {
                    "region": "ru-3",
                    "used": 0,
                    "value": 5000,
                    "zone": "ru-3b"
                  },
                  {
                    "region": "ru-7",
                    "used": 0,
                    "value": 5000,
                    "zone": "ru-7a"
                  },
                  {
                    "region": "ru-7",
                    "used": 0,
                    "value": 5000,
                    "zone": "ru-7b"
                  },
                  {
                    "region": "ru-8",
                    "used": 0,
                    "value": 1000,
                    "zone": "ru-8a"
                  },
                  {
                    "region": "ru-9",
                    "used": 0,
                    "value": 5000,
                    "zone": "ru-9a"
                  },
                  {
                    "region": "uz-1",
                    "used": 0,
                    "value": 5000,
                    "zone": "uz-1a"
                  },
                  {
                    "region": "uz-2",
                    "used": 0,
                    "value": 5000,
                    "zone": "uz-2a"
                  }
                ]
              },
              {
                "resource_name": "volume_gigabytes_local",
                "resource_quotas": [
                  {
                    "region": "gis-1",
                    "used": 0,
                    "value": 2000,
                    "zone": "gis-1a"
                  },
                  {
                    "region": "gis-2",
                    "used": 0,
                    "value": 2000,
                    "zone": "gis-2a"
                  },
                  {
                    "region": "ke-1",
                    "used": 0,
                    "value": 128,
                    "zone": "ke-1a"
                  },
                  {
                    "region": "kz-1",
                    "used": 0,
                    "value": 2000,
                    "zone": "kz-1a"
                  },
                  {
                    "region": "ru-1",
                    "used": 0,
                    "value": 5000,
                    "zone": "ru-1c"
                  },
                  {
                    "region": "ru-1",
                    "used": 0,
                    "value": 500,
                    "zone": "ru-1a"
                  },
                  {
                    "region": "ru-1",
                    "used": 0,
                    "value": 500,
                    "zone": "ru-1b"
                  },
                  {
                    "region": "ru-2",
                    "used": 0,
                    "value": 0,
                    "zone": "ru-2a"
                  },
                  {
                    "region": "ru-2",
                    "used": 0,
                    "value": 1000,
                    "zone": "ru-2b"
                  },
                  {
                    "region": "ru-2",
                    "used": 0,
                    "value": 2000,
                    "zone": "ru-2c"
                  },
                  {
                    "region": "ru-3",
                    "used": 0,
                    "value": 1000,
                    "zone": "ru-3a"
                  },
                  {
                    "region": "ru-3",
                    "used": 0,
                    "value": 2000,
                    "zone": "ru-3b"
                  },
                  {
                    "region": "ru-7",
                    "used": 0,
                    "value": 5000,
                    "zone": "ru-7a"
                  },
                  {
                    "region": "ru-7",
                    "used": 0,
                    "value": 8000,
                    "zone": "ru-7b"
                  },
                  {
                    "region": "ru-8",
                    "used": 0,
                    "value": 500,
                    "zone": "ru-8a"
                  },
                  {
                    "region": "ru-9",
                    "used": 0,
                    "value": 500,
                    "zone": "ru-9a"
                  },
                  {
                    "region": "uz-1",
                    "used": 0,
                    "value": 2000,
                    "zone": "uz-1a"
                  },
                  {
                    "region": "uz-2",
                    "used": 0,
                    "value": 2000,
                    "zone": "uz-2a"
                  }
                ]
              },
              {
                "resource_name": "volume_gigabytes_universal",
                "resource_quotas": [
                  {
                    "region": "gis-1",
                    "used": 0,
                    "value": 10000,
                    "zone": "gis-1a"
                  },
                  {
                    "region": "gis-2",
                    "used": 0,
                    "value": 10000,
                    "zone": "gis-2a"
                  },
                  {
                    "region": "ke-1",
                    "used": 0,
                    "value": 1000,
                    "zone": "ke-1a"
                  },
                  {
                    "region": "kz-1",
                    "used": 0,
                    "value": 10000,
                    "zone": "kz-1a"
                  },
                  {
                    "region": "ru-1",
                    "used": 0,
                    "value": 10000,
                    "zone": "ru-1c"
                  },
                  {
                    "region": "ru-1",
                    "used": 0,
                    "value": 1000,
                    "zone": "ru-1a"
                  },
                  {
                    "region": "ru-1",
                    "used": 0,
                    "value": 1000,
                    "zone": "ru-1b"
                  },
                  {
                    "region": "ru-2",
                    "used": 0,
                    "value": 0,
                    "zone": "ru-2a"
                  },
                  {
                    "region": "ru-2",
                    "used": 0,
                    "value": 0,
                    "zone": "ru-2b"
                  },
                  {
                    "region": "ru-2",
                    "used": 0,
                    "value": 0,
                    "zone": "ru-2c"
                  },
                  {
                    "region": "ru-3",
                    "used": 0,
                    "value": 10000,
                    "zone": "ru-3a"
                  },
                  {
                    "region": "ru-3",
                    "used": 0,
                    "value": 5000,
                    "zone": "ru-3b"
                  },
                  {
                    "region": "ru-7",
                    "used": 0,
                    "value": 10000,
                    "zone": "ru-7a"
                  },
                  {
                    "region": "ru-7",
                    "used": 0,
                    "value": 10000,
                    "zone": "ru-7b"
                  },
                  {
                    "region": "ru-8",
                    "used": 0,
                    "value": 1000,
                    "zone": "ru-8a"
                  },
                  {
                    "region": "ru-9",
                    "used": 0,
                    "value": 10000,
                    "zone": "ru-9a"
                  },
                  {
                    "region": "uz-1",
                    "used": 0,
                    "value": 10000,
                    "zone": "uz-1a"
                  },
                  {
                    "region": "uz-2",
                    "used": 0,
                    "value": 10000,
                    "zone": "uz-2a"
                  }
                ]
              },
              {
                "resource_name": "volume_gigabytes_universal2",
                "resource_quotas": [
                  {
                    "region": "gis-1",
                    "used": 0,
                    "value": 10000,
                    "zone": "gis-1a"
                  },
                  {
                    "region": "gis-2",
                    "used": 0,
                    "value": 10000,
                    "zone": "gis-2a"
                  },
                  {
                    "region": "ke-1",
                    "used": 0,
                    "value": 1000,
                    "zone": "ke-1a"
                  },
                  {
                    "region": "kz-1",
                    "used": 0,
                    "value": 10000,
                    "zone": "kz-1a"
                  },
                  {
                    "region": "ru-2",
                    "used": 0,
                    "value": 0,
                    "zone": "ru-2c"
                  },
                  {
                    "region": "ru-3",
                    "used": 0,
                    "value": 5000,
                    "zone": "ru-3b"
                  },
                  {
                    "region": "ru-7",
                    "used": 0,
                    "value": 10000,
                    "zone": "ru-7a"
                  },
                  {
                    "region": "ru-7",
                    "used": 0,
                    "value": 10000,
                    "zone": "ru-7b"
                  },
                  {
                    "region": "ru-8",
                    "used": 0,
                    "value": 1000,
                    "zone": "ru-8a"
                  },
                  {
                    "region": "ru-9",
                    "used": 0,
                    "value": 10000,
                    "zone": "ru-9a"
                  },
                  {
                    "region": "uz-1",
                    "used": 0,
                    "value": 10000,
                    "zone": "uz-1a"
                  },
                  {
                    "region": "uz-2",
                    "used": 0,
                    "value": 10000,
                    "zone": "uz-2a"
                  }
                ]
              }
            ],
            "custom_url": "",
            "enabled": true,
            "id": "9aa884f0deab4b92aecf67ba614d6c55",
            "name": "iceberg-iceberg-test",
            "quotas": [],
            "theme": null,
            "url": "https://1697142.selvpc.ru"
          },
          "sensitive_attributes": [],
          "identity_schema_version": 0,
          "private": "bnVsbA==",
          "create_before_destroy": true
        }
      ]
    }
  ],
  "check_results": null
}
