{
  "version": 4,
  "terraform_version": "1.14.3",
  "serial": 70,
  "lineage": "4dee7911-3567-c64a-ca11-f069c1f2c3f8",
  "outputs": {
    "data_server_public_ip": {
      "value": "31.129.49.196",
      "type": "string"
    },
    "load_test_public_ip": {
      "value": "31.129.49.196",
      "type": "string"
    }
  },
  "resources": [
    {
      "mode": "data",
      "type": "openstack_images_image_v2",
      "name": "ubuntu",
      "provider": "provider[\"registry.terraform.io/terraform-provider-openstack/openstack\"]",
      "instances": [
        {
          "schema_version": 0,
          "attributes": {
            "checksum": "0ab4cf7b8ed0c98337c96cb11467f622",
            "container_format": "bare",
            "created_at": "2026-01-13T06:22:01Z",
            "disk_format": "raw",
            "file": "/v2/images/226f621b-1f0f-498c-bf3d-f14f34548cb1/file",
            "hidden": false,
            "id": "226f621b-1f0f-498c-bf3d-f14f34548cb1",
            "member_status": null,
            "metadata": {},
            "min_disk_gb": 5,
            "min_ram_mb": 512,
            "most_recent": true,
            "name": "Ubuntu 22.04 LTS 64-bit",
            "name_regex": null,
            "owner": "3acf7ceddc024b86b86ef151e4972805",
            "properties": {
              "direct_url": "rbd://49f37ff2-48ad-4eb7-962e-4e6365bc9c03/images/226f621b-1f0f-498c-bf3d-f14f34548cb1/snap",
              "hw_disk_bus": "scsi",
              "hw_qemu_guest_agent": "yes",
              "hw_scsi_model": "virtio-scsi",
              "os_distro": "ubuntu",
              "os_hash_algo": "sha512",
              "os_hash_value": "13a8cb5e5425838e2e676e0259d65d4397b71672db45acce9deaaef8020bc6f40ef91abf420dbee2372da089cf66cbb39a264d0d383c6a0ce5556bb97b16b1ee",
              "os_type": "linux",
              "stores": "ru-9a",
              "watchdog": "pause",
              "x_sel_image_agent_type": "cloud-init",
              "x_sel_image_os_arch": "amd64",
              "x_sel_image_os_dist": "ubuntu",
              "x_sel_image_owner": "Selectel",
              "x_sel_image_source_file": "ubuntu-jammy-amd64-selectel-master-product-0.1.img",
              "x_sel_image_type": "master",
              "x_sel_os_type": "linux"
            },
            "protected": false,
            "region": "ru-9",
            "schema": "/v2/schemas/image",
            "size_bytes": 5351014400,
            "size_max": null,
            "size_min": null,
            "sort": "name:asc",
            "tag": null,
            "tags": [],
            "updated_at": "2026-01-13T06:26:43Z",
            "visibility": "public"
          },
          "sensitive_attributes": [],
          "identity_schema_version": 0
        }
      ]
    },
    {
      "mode": "data",
      "type": "openstack_networking_network_v2",
      "name": "external_net",
      "provider": "provider[\"registry.terraform.io/terraform-provider-openstack/openstack\"]",
      "instances": [
        {
          "schema_version": 0,
          "attributes": {
            "admin_state_up": "true",
            "all_tags": [],
            "availability_zone_hints": [],
            "description": "",
            "dns_domain": "",
            "external": true,
            "id": "f16140a4-e736-4655-9a1b-d7d2df6f969e",
            "matching_subnet_cidr": null,
            "mtu": 1500,
            "name": "external-network",
            "network_id": null,
            "region": "ru-9",
            "segments": [],
            "shared": "false",
            "status": null,
            "subnets": [
              "0a70ca1b-6613-49a3-9e65-a89d484330f7",
              "0fe7a122-c205-4ece-ba0f-94e4497d955f",
              "1751014e-9207-40a3-ac7a-7763dd0029a4",
              "23a85638-428b-44f0-a4e0-d2fbb48f0093",
              "2afae582-6c48-4d59-981e-f499fb61b1ea",
              "2b6e3274-08cc-46ea-89ad-672fee9122ae",
              "30ab21be-e7fe-4ae1-a381-0426e4a6e0b0",
              "387a0d74-613f-4846-8c4f-37914a4f3dfe",
              "3967beb5-77b8-4ac2-8bff-b7caa617b3d7",
              "415c90de-b990-4bdd-9341-5595ac817c78",
              "43465827-19af-42fa-b643-f91e79ec17f1",
              "617064ea-7059-4260-b485-76a2bc08f923",
              "6baf3c4c-21d4-4bad-b97a-15b68d0240be",
              "755b8f69-b4f7-4f03-9f1c-273673abf9ff",
              "764c6bcd-afd6-4421-b2b0-7cf7274e50f3",
              "78a92c39-c865-4408-a3f3-d350bd305583",
              "83428413-8cc6-4010-af0a-2c128707938a",
              "87c8f65b-3a88-4d6c-81c8-e5f9bf539a9a",
              "8eb2fa30-6f97-4d19-aee3-4b8cec9f0b3b",
              "8f70ba0e-1734-44b7-ba83-12fdf43c2ed1",
              "a59eb991-7dc8-4c24-8898-cf8a731f189d",
              "a66ac5f3-5e6f-4e16-9b37-5c2e6d8a67be",
              "b16b39ae-f39a-47ef-b011-f29d82b842a0",
              "b1e89432-9ec8-4929-b5cf-e2256bc9cc6e",
              "b583a212-63ef-4a3f-8c64-bd02bdca8884",
              "b66c6daa-8666-42a2-afec-3408de4f2ce9",
              "bce83190-c8d0-4d83-897d-7664ee3e9aeb",
              "bec2686a-1375-4ca0-bd8d-61acac031358",
              "c04ed2d4-139d-4c0f-8afa-912ab25154b4",
              "cde4a091-4395-4be2-abdf-920a130bd380",
              "d1832f84-243a-4abe-bc7a-02b4d3cf8638",
              "d531e21f-963a-46df-a2fc-4966ab21912e",
              "d67d6ce9-8cfc-4f37-8e0b-21c750ad1ee5",
              "dfa1458f-178e-4509-b975-40369a03a828",
              "e945f98d-99bf-41b6-9bc2-c9e82ee3789b",
              "ebece733-c29f-463c-ae07-711e548edf62"
            ],
            "tags": null,
            "tenant_id": "5e204c6ffe184b9f8b69344d36178244",
            "transparent_vlan": false
          },
          "sensitive_attributes": [],
          "identity_schema_version": 0
        }
      ]
    },
    {
      "mode": "managed",
      "type": "openstack_compute_instance_v2",
      "name": "servers",
      "provider": "provider[\"registry.terraform.io/terraform-provider-openstack/openstack\"]",
      "instances": [
        {
          "index_key": 0,
          "schema_version": 0,
          "attributes": {
            "access_ip_v4": "192.168.199.99",
            "access_ip_v6": "",
            "admin_pass": null,
            "all_metadata": {},
            "all_tags": [],
            "availability_zone": "ru-9a",
            "availability_zone_hints": null,
            "block_device": [
              {
                "boot_index": 0,
                "delete_on_termination": true,
                "destination_type": "volume",
                "device_type": "",
                "disk_bus": "",
                "guest_format": "",
                "multiattach": false,
                "source_type": "image",
                "uuid": "226f621b-1f0f-498c-bf3d-f14f34548cb1",
                "volume_size": 300,
                "volume_type": ""
              }
            ],
            "config_drive": null,
            "created": "2026-01-18 08:06:29 +0000 UTC",
            "flavor_id": "1019",
            "flavor_name": "SL1.16-65536",
            "force_delete": false,
            "hypervisor_hostname": "",
            "id": "98734da2-a476-4eee-a3ea-8767702b698e",
            "image_id": "Attempt to boot from volume - no image supplied",
            "image_name": null,
            "key_pair": "default-ssh-key",
            "metadata": null,
            "name": "data-server",
            "network": [
              {
                "access_network": false,
                "fixed_ip_v4": "192.168.199.99",
                "fixed_ip_v6": "",
                "mac": "fa:16:3e:7d:d0:bb",
                "name": "private-network",
                "port": "842398c8-a2bb-401f-89f4-79859945871b",
                "uuid": "21930054-ff45-41d2-94db-f3ad84e8de3d"
              }
            ],
            "network_mode": null,
            "personality": [],
            "power_state": "active",
            "region": "ru-9",
            "scheduler_hints": [],
            "security_groups": [],
            "stop_before_destroy": false,
            "tags": null,
            "timeouts": null,
            "updated": "2026-01-18 08:06:51 +0000 UTC",
            "user_data": "0ffd167919b9db3d045f52a58fd6e79fdf43b3db",
            "vendor_options": [
              {
                "detach_ports_before_destroy": false,
                "ignore_resize_confirmation": true
              }
            ]
          },
          "sensitive_attributes": [
            [
              {
                "type": "get_attr",
                "value": "admin_pass"
              }
            ]
          ],
          "identity_schema_version": 0,
          "private": "eyJlMmJmYjczMC1lY2FhLTExZTYtOGY4OC0zNDM2M2JjN2M0YzAiOnsiY3JlYXRlIjoxODAwMDAwMDAwMDAwLCJkZWxldGUiOjE4MDAwMDAwMDAwMDAsInVwZGF0ZSI6MTgwMDAwMDAwMDAwMH19",
          "dependencies": [
            "data.openstack_images_image_v2.ubuntu",
            "openstack_networking_network_v2.private_net",
            "openstack_networking_port_v2.ports",
            "openstack_networking_subnet_v2.private_subnet",
            "selectel_vpc_keypair_v2.ssh_key"
          ]
        },
        {
          "index_key": 1,
          "schema_version": 0,
          "attributes": {
            "access_ip_v4": "192.168.199.214",
            "access_ip_v6": "",
            "admin_pass": null,
            "all_metadata": {},
            "all_tags": [],
            "availability_zone": "ru-9a",
            "availability_zone_hints": null,
            "block_device": [
              {
                "boot_index": 0,
                "delete_on_termination": true,
                "destination_type": "volume",
                "device_type": "",
                "disk_bus": "",
                "guest_format": "",
                "multiattach": false,
                "source_type": "image",
                "uuid": "226f621b-1f0f-498c-bf3d-f14f34548cb1",
                "volume_size": 50,
                "volume_type": ""
              }
            ],
            "config_drive": null,
            "created": "2026-01-18 08:06:29 +0000 UTC",
            "flavor_id": "2011",
            "flavor_name": "CPU1.4-8192",
            "force_delete": false,
            "hypervisor_hostname": "",
            "id": "2d1f1313-6ff3-4d41-baba-a66b477aa493",
            "image_id": "Attempt to boot from volume - no image supplied",
            "image_name": null,
            "key_pair": "default-ssh-key",
            "metadata": null,
            "name": "load-test-server",
            "network": [
              {
                "access_network": false,
                "fixed_ip_v4": "192.168.199.214",
                "fixed_ip_v6": "",
                "mac": "fa:16:3e:e0:ad:10",
                "name": "private-network",
                "port": "566c85dd-6757-4674-a2c5-6d8892a26d62",
                "uuid": "21930054-ff45-41d2-94db-f3ad84e8de3d"
              }
            ],
            "network_mode": null,
            "personality": [],
            "power_state": "active",
            "region": "ru-9",
            "scheduler_hints": [],
            "security_groups": [],
            "stop_before_destroy": false,
            "tags": null,
            "timeouts": null,
            "updated": "2026-01-18 08:06:51 +0000 UTC",
            "user_data": "3247201bcc5607702658a71890edf0cc9f9c8964",
            "vendor_options": [
              {
                "detach_ports_before_destroy": false,
                "ignore_resize_confirmation": true
              }
            ]
          },
          "sensitive_attributes": [
            [
              {
                "type": "get_attr",
                "value": "admin_pass"
              }
            ]
          ],
          "identity_schema_version": 0,
          "private": "eyJlMmJmYjczMC1lY2FhLTExZTYtOGY4OC0zNDM2M2JjN2M0YzAiOnsiY3JlYXRlIjoxODAwMDAwMDAwMDAwLCJkZWxldGUiOjE4MDAwMDAwMDAwMDAsInVwZGF0ZSI6MTgwMDAwMDAwMDAwMH19",
          "dependencies": [
            "data.openstack_images_image_v2.ubuntu",
            "openstack_networking_network_v2.private_net",
            "openstack_networking_port_v2.ports",
            "openstack_networking_subnet_v2.private_subnet",
            "selectel_vpc_keypair_v2.ssh_key"
          ]
        }
      ]
    },
    {
      "mode": "managed",
      "type": "openstack_networking_floatingip_v2",
      "name": "fips",
      "provider": "provider[\"registry.terraform.io/terraform-provider-openstack/openstack\"]",
      "instances": [
        {
          "index_key": 0,
          "schema_version": 0,
          "attributes": {
            "address": "31.129.49.196",
            "all_tags": [],
            "description": "",
            "dns_domain": "",
            "dns_name": "",
            "fixed_ip": "",
            "id": "a3bea964-dc5b-4f87-946e-0f2159431e0e",
            "pool": "external-network",
            "port_id": "",
            "region": "ru-9",
            "subnet_id": null,
            "subnet_ids": null,
            "tags": null,
            "tenant_id": "007814094afb4946a6cae4831e15faa7",
            "timeouts": null,
            "value_specs": null
          },
          "sensitive_attributes": [],
          "identity_schema_version": 0,
          "private": "eyJlMmJmYjczMC1lY2FhLTExZTYtOGY4OC0zNDM2M2JjN2M0YzAiOnsiY3JlYXRlIjo2MDAwMDAwMDAwMDAsImRlbGV0ZSI6NjAwMDAwMDAwMDAwfX0="
        }
      ]
    },
    {
      "mode": "managed",
      "type": "openstack_networking_network_v2",
      "name": "private_net",
      "provider": "provider[\"registry.terraform.io/terraform-provider-openstack/openstack\"]",
      "instances": [
        {
          "schema_version": 0,
          "attributes": {
            "admin_state_up": true,
            "all_tags": [],
            "availability_zone_hints": [],
            "description": "",
            "dns_domain": "",
            "external": false,
            "id": "21930054-ff45-41d2-94db-f3ad84e8de3d",
            "mtu": 1500,
            "name": "private-network",
            "port_security_enabled": true,
            "qos_policy_id": "ca7a4923-52e8-4723-b00b-10cabcd4eedc",
            "region": "ru-9",
            "segments": [
              {
                "network_type": "vxlan",
                "physical_network": "",
                "segmentation_id": 46771
              }
            ],
            "shared": false,
            "tags": null,
            "tenant_id": "007814094afb4946a6cae4831e15faa7",
            "timeouts": null,
            "transparent_vlan": false,
            "value_specs": null
          },
          "sensitive_attributes": [],
          "identity_schema_version": 0,
          "private": "eyJlMmJmYjczMC1lY2FhLTExZTYtOGY4OC0zNDM2M2JjN2M0YzAiOnsiY3JlYXRlIjo2MDAwMDAwMDAwMDAsImRlbGV0ZSI6NjAwMDAwMDAwMDAwfX0="
        }
      ]
    },
    {
      "mode": "managed",
      "type": "openstack_networking_port_v2",
      "name": "ports",
      "provider": "provider[\"registry.terraform.io/terraform-provider-openstack/openstack\"]",
      "instances": [
        {
          "index_key": 0,
          "schema_version": 0,
          "attributes": {
            "admin_state_up": true,
            "all_fixed_ips": [
              "192.168.199.99"
            ],
            "all_security_group_ids": [
              "4124ffa8-3715-418a-a50b-2370c64634f5"
            ],
            "all_tags": [],
            "allowed_address_pairs": [],
            "binding": [
              {
                "host_id": "",
                "profile": "",
                "vif_details": {},
                "vif_type": "",
                "vnic_type": "normal"
              }
            ],
            "description": "",
            "device_id": "",
            "device_owner": "",
            "dns_assignment": [
              {
                "fqdn": "host-192-168-199-99.local.",
                "hostname": "host-192-168-199-99",
                "ip_address": "192.168.199.99"
              }
            ],
            "dns_name": "",
            "extra_dhcp_option": [],
            "fixed_ip": [
              {
                "ip_address": "",
                "subnet_id": "3c4d047d-c92d-4fce-bbbb-061b65024090"
              }
            ],
            "id": "842398c8-a2bb-401f-89f4-79859945871b",
            "mac_address": "fa:16:3e:7d:d0:bb",
            "name": "",
            "network_id": "21930054-ff45-41d2-94db-f3ad84e8de3d",
            "no_fixed_ip": null,
            "no_security_groups": null,
            "port_security_enabled": true,
            "qos_policy_id": "",
            "region": "ru-9",
            "security_group_ids": null,
            "tags": null,
            "tenant_id": "007814094afb4946a6cae4831e15faa7",
            "timeouts": null,
            "value_specs": null
          },
          "sensitive_attributes": [],
          "identity_schema_version": 0,
          "private": "eyJlMmJmYjczMC1lY2FhLTExZTYtOGY4OC0zNDM2M2JjN2M0YzAiOnsiY3JlYXRlIjo2MDAwMDAwMDAwMDAsImRlbGV0ZSI6NjAwMDAwMDAwMDAwfX0=",
          "dependencies": [
            "openstack_networking_network_v2.private_net",
            "openstack_networking_subnet_v2.private_subnet"
          ]
        },
        {
          "index_key": 1,
          "schema_version": 0,
          "attributes": {
            "admin_state_up": true,
            "all_fixed_ips": [
              "192.168.199.214"
            ],
            "all_security_group_ids": [
              "4124ffa8-3715-418a-a50b-2370c64634f5"
            ],
            "all_tags": [],
            "allowed_address_pairs": [],
            "binding": [
              {
                "host_id": "",
                "profile": "",
                "vif_details": {},
                "vif_type": "",
                "vnic_type": "normal"
              }
            ],
            "description": "",
            "device_id": "",
            "device_owner": "",
            "dns_assignment": [
              {
                "fqdn": "host-192-168-199-214.local.",
                "hostname": "host-192-168-199-214",
                "ip_address": "192.168.199.214"
              }
            ],
            "dns_name": "",
            "extra_dhcp_option": [],
            "fixed_ip": [
              {
                "ip_address": "",
                "subnet_id": "3c4d047d-c92d-4fce-bbbb-061b65024090"
              }
            ],
            "id": "566c85dd-6757-4674-a2c5-6d8892a26d62",
            "mac_address": "fa:16:3e:e0:ad:10",
            "name": "",
            "network_id": "21930054-ff45-41d2-94db-f3ad84e8de3d",
            "no_fixed_ip": null,
            "no_security_groups": null,
            "port_security_enabled": true,
            "qos_policy_id": "",
            "region": "ru-9",
            "security_group_ids": null,
            "tags": null,
            "tenant_id": "007814094afb4946a6cae4831e15faa7",
            "timeouts": null,
            "value_specs": null
          },
          "sensitive_attributes": [],
          "identity_schema_version": 0,
          "private": "eyJlMmJmYjczMC1lY2FhLTExZTYtOGY4OC0zNDM2M2JjN2M0YzAiOnsiY3JlYXRlIjo2MDAwMDAwMDAwMDAsImRlbGV0ZSI6NjAwMDAwMDAwMDAwfX0=",
          "dependencies": [
            "openstack_networking_network_v2.private_net",
            "openstack_networking_subnet_v2.private_subnet"
          ]
        }
      ]
    },
    {
      "mode": "managed",
      "type": "openstack_networking_router_interface_v2",
      "name": "router_if",
      "provider": "provider[\"registry.terraform.io/terraform-provider-openstack/openstack\"]",
      "instances": [
        {
          "schema_version": 0,
          "attributes": {
            "force_destroy": false,
            "id": "77555445-61a9-4faa-bc53-1009b44cb01d",
            "port_id": "77555445-61a9-4faa-bc53-1009b44cb01d",
            "region": "ru-9",
            "router_id": "df95136c-e925-40bd-ae44-1ab9c049792c",
            "subnet_id": "3c4d047d-c92d-4fce-bbbb-061b65024090",
            "timeouts": null
          },
          "sensitive_attributes": [],
          "identity_schema_version": 0,
          "private": "eyJlMmJmYjczMC1lY2FhLTExZTYtOGY4OC0zNDM2M2JjN2M0YzAiOnsiY3JlYXRlIjo2MDAwMDAwMDAwMDAsImRlbGV0ZSI6NjAwMDAwMDAwMDAwfX0=",
          "dependencies": [
            "data.openstack_networking_network_v2.external_net",
            "openstack_networking_network_v2.private_net",
            "openstack_networking_router_v2.router",
            "openstack_networking_subnet_v2.private_subnet"
          ]
        }
      ]
    },
    {
      "mode": "managed",
      "type": "openstack_networking_router_v2",
      "name": "router",
      "provider": "provider[\"registry.terraform.io/terraform-provider-openstack/openstack\"]",
      "instances": [
        {
          "schema_version": 0,
          "attributes": {
            "admin_state_up": true,
            "all_tags": [],
            "availability_zone_hints": [],
            "description": "",
            "distributed": false,
            "enable_snat": true,
            "external_fixed_ip": [
              {
                "ip_address": "31.129.49.8",
                "subnet_id": "78a92c39-c865-4408-a3f3-d350bd305583"
              }
            ],
            "external_network_id": "f16140a4-e736-4655-9a1b-d7d2df6f969e",
            "external_qos_policy_id": null,
            "external_subnet_ids": null,
            "id": "df95136c-e925-40bd-ae44-1ab9c049792c",
            "name": "router",
            "region": "ru-9",
            "tags": null,
            "tenant_id": "007814094afb4946a6cae4831e15faa7",
            "timeouts": null,
            "value_specs": null,
            "vendor_options": []
          },
          "sensitive_attributes": [],
          "identity_schema_version": 0,
          "private": "eyJlMmJmYjczMC1lY2FhLTExZTYtOGY4OC0zNDM2M2JjN2M0YzAiOnsiY3JlYXRlIjo2MDAwMDAwMDAwMDAsImRlbGV0ZSI6NjAwMDAwMDAwMDAwfX0=",
          "dependencies": [
            "data.openstack_networking_network_v2.external_net"
          ]
        }
      ]
    },
    {
      "mode": "managed",
      "type": "openstack_networking_subnet_v2",
      "name": "private_subnet",
      "provider": "provider[\"registry.terraform.io/terraform-provider-openstack/openstack\"]",
      "instances": [
        {
          "schema_version": 0,
          "attributes": {
            "all_tags": [],
            "allocation_pool": [
              {
                "end": "192.168.199.254",
                "start": "192.168.199.2"
              }
            ],
            "cidr": "192.168.199.0/24",
            "description": "",
            "dns_nameservers": null,
            "dns_publish_fixed_ip": false,
            "enable_dhcp": true,
            "gateway_ip": "192.168.199.1",
            "id": "3c4d047d-c92d-4fce-bbbb-061b65024090",
            "ip_version": 4,
            "ipv6_address_mode": "",
            "ipv6_ra_mode": "",
            "name": "private-subnet",
            "network_id": "21930054-ff45-41d2-94db-f3ad84e8de3d",
            "no_gateway": false,
            "prefix_length": null,
            "region": "ru-9",
            "segment_id": "",
            "service_types": [],
            "subnetpool_id": "",
            "tags": null,
            "tenant_id": "007814094afb4946a6cae4831e15faa7",
            "timeouts": null,
            "value_specs": null
          },
          "sensitive_attributes": [],
          "identity_schema_version": 0,
          "private": "eyJlMmJmYjczMC1lY2FhLTExZTYtOGY4OC0zNDM2M2JjN2M0YzAiOnsiY3JlYXRlIjo2MDAwMDAwMDAwMDAsImRlbGV0ZSI6NjAwMDAwMDAwMDAwfX0=",
          "dependencies": [
            "openstack_networking_network_v2.private_net"
          ]
        }
      ]
    },
    {
      "mode": "managed",
      "type": "selectel_vpc_keypair_v2",
      "name": "ssh_key",
      "provider": "provider[\"registry.terraform.io/selectel/selectel\"]",
      "instances": [
        {
          "schema_version": 0,
          "attributes": {
            "id": "763b325e73e948d8964edcd4e802dbb0/default-ssh-key",
            "name": "default-ssh-key",
            "public_key": "ssh-rsa AAAAB3NzaC1yc2EAAAADAQABAAACAQC1Sy1KBSNRRLI3m1GEIa3F3Fr8qBOjkweO0GBupijVV6hOv0Ql3C1BpFzkcZV8eaOFbxrySNf/jHt+IOuqjcbNgiPaw70/0YGyYQe6r2xwqohj9gKTg4xYa3b0Q5+VeJKdWIBrgKRZFVxFbRs11hQ4T4hdgpjjXldkOdg5Zi4K6T3X/JCWzrFKMWpzatcSo0deW3Pq3yzDmrQrZ3QWRdcCtrKK9FwSRgGbWJtmLAtE9fLi5+y8XJPeWfur8BHu9XeCPVzAJULqh/Nny/pWa6RuPvd2u8iFZCNuG4VTGwIND4whZLu6kM3CHoara4QDNzZB9G5icoOHH+PQZ4HBMQVNbupNnEHXUd2do6ARBjfUydzK0A3vXote6MLBCwrAdXQv/DuxJOQgVO2uSvVfvcaJtk4HdyI9h8x04EOPylsOTvB7vQGKIkrXPJoOuJyA0TQRE6fNOvW+G7l5q8TgSS77AO9nXCgWcWVzvoAMijySXhtd5flSKNyJgehlDNEXV15V3z2+7pOzlT1+byvpfpSMBeTgMuIqt9kSkZQ4mEsJ8wtS+qYOLzJ5sKSR6djC1f80W8hTHjuccId9JJWXZUmMutgnXmPiU+G/zYmDxKaNjP1sxFHbCdmcy7+HqHw2WI0KTKD8YXYSq+pZmY9ERlJ5eRAnJzgFGYI1QQkVc9e/fw== Newton@LAPTOP-HU557NEH\n",
            "regions": null,
            "user_id": "763b325e73e948d8964edcd4e802dbb0"
          },
          "sensitive_attributes": [],
          "identity_schema_version": 0,
          "private": "bnVsbA=="
        }
      ]
    }
  ],
  "check_results": null
}
