{
  "version": 4,
  "terraform_version": "1.14.3",
  "serial": 1489,
  "lineage": "4dee7911-3567-c64a-ca11-f069c1f2c3f8",
  "outputs": {
    "ansible_data_private_ip": {
      "value": "192.168.199.34",
      "type": "string"
    },
    "ansible_load_public_ip": {
      "value": "87.228.17.190",
      "type": "string"
    },
    "data_server_private_ip": {
      "value": "192.168.199.34",
      "type": "string"
    },
    "load_test_private_ip": {
      "value": "192.168.199.95",
      "type": "string"
    },
    "load_test_public_ip": {
      "value": "87.228.17.190",
      "type": "string"
    },
    "project_id": {
      "value": "f72cb7f604c34469a5f885632fd6ea4e",
      "type": "string"
    }
  },
  "resources": [
    {
      "mode": "data",
      "type": "openstack_images_image_v2",
      "name": "ubuntu",
      "provider": "provider[\"registry.terraform.io/terraform-provider-openstack/openstack\"]",
      "instances": [
        {
          "schema_version": 0,
          "attributes": {
            "checksum": "bc3ab34b8f57f1f77f5ba86b5b5453ca",
            "container_format": "bare",
            "created_at": "2026-02-03T06:24:21Z",
            "disk_format": "raw",
            "file": "/v2/images/e8199163-0dd3-4b30-87c9-ab0a139673c7/file",
            "hidden": false,
            "id": "e8199163-0dd3-4b30-87c9-ab0a139673c7",
            "member_status": null,
            "metadata": {},
            "min_disk_gb": 5,
            "min_ram_mb": 512,
            "most_recent": true,
            "name": "Ubuntu 22.04 LTS 64-bit",
            "name_regex": null,
            "owner": "3acf7ceddc024b86b86ef151e4972805",
            "properties": {
              "direct_url": "rbd://49f37ff2-48ad-4eb7-962e-4e6365bc9c03/images/e8199163-0dd3-4b30-87c9-ab0a139673c7/snap",
              "hw_disk_bus": "scsi",
              "hw_qemu_guest_agent": "yes",
              "hw_scsi_model": "virtio-scsi",
              "os_distro": "ubuntu",
              "os_hash_algo": "sha512",
              "os_hash_value": "3201c2a55ca7652122c3e1dfdc4617f2821cd209825969174b282b7bdbd808b8a640826d86bef31ac75f82abb3036f69e14b9e2aae011b52b6d162fbfaa29c5b",
              "os_type": "linux",
              "stores": "ru-9a",
              "watchdog": "pause",
              "x_sel_image_agent_type": "cloud-init",
              "x_sel_image_os_arch": "amd64",
              "x_sel_image_os_dist": "ubuntu",
              "x_sel_image_owner": "Selectel",
              "x_sel_image_source_file": "ubuntu-jammy-amd64-selectel-master-product-0.1.img",
              "x_sel_image_type": "master",
              "x_sel_os_type": "linux"
            },
            "protected": false,
            "region": "ru-9",
            "schema": "/v2/schemas/image",
            "size_bytes": 5359075328,
            "size_max": null,
            "size_min": null,
            "sort": "name:asc",
            "tag": null,
            "tags": [],
            "updated_at": "2026-02-03T06:30:23Z",
            "visibility": "public"
          },
          "sensitive_attributes": [],
          "identity_schema_version": 0
        }
      ]
    },
    {
      "mode": "data",
      "type": "openstack_networking_network_v2",
      "name": "external_net",
      "provider": "provider[\"registry.terraform.io/terraform-provider-openstack/openstack\"]",
      "instances": [
        {
          "schema_version": 0,
          "attributes": {
            "admin_state_up": "true",
            "all_tags": [],
            "availability_zone_hints": [],
            "description": "",
            "dns_domain": "",
            "external": true,
            "id": "f16140a4-e736-4655-9a1b-d7d2df6f969e",
            "matching_subnet_cidr": null,
            "mtu": 1500,
            "name": "external-network",
            "network_id": null,
            "region": "ru-9",
            "segments": [],
            "shared": "false",
            "status": null,
            "subnets": [
              "0a70ca1b-6613-49a3-9e65-a89d484330f7",
              "0fe7a122-c205-4ece-ba0f-94e4497d955f",
              "1751014e-9207-40a3-ac7a-7763dd0029a4",
              "23a85638-428b-44f0-a4e0-d2fbb48f0093",
              "2afae582-6c48-4d59-981e-f499fb61b1ea",
              "2b6e3274-08cc-46ea-89ad-672fee9122ae",
              "30ab21be-e7fe-4ae1-a381-0426e4a6e0b0",
              "387a0d74-613f-4846-8c4f-37914a4f3dfe",
              "3967beb5-77b8-4ac2-8bff-b7caa617b3d7",
              "415c90de-b990-4bdd-9341-5595ac817c78",
              "43465827-19af-42fa-b643-f91e79ec17f1",
              "617064ea-7059-4260-b485-76a2bc08f923",
              "6baf3c4c-21d4-4bad-b97a-15b68d0240be",
              "755b8f69-b4f7-4f03-9f1c-273673abf9ff",
              "764c6bcd-afd6-4421-b2b0-7cf7274e50f3",
              "78a92c39-c865-4408-a3f3-d350bd305583",
              "83428413-8cc6-4010-af0a-2c128707938a",
              "87c8f65b-3a88-4d6c-81c8-e5f9bf539a9a",
              "8eb2fa30-6f97-4d19-aee3-4b8cec9f0b3b",
              "8f70ba0e-1734-44b7-ba83-12fdf43c2ed1",
              "a59eb991-7dc8-4c24-8898-cf8a731f189d",
              "a66ac5f3-5e6f-4e16-9b37-5c2e6d8a67be",
              "b16b39ae-f39a-47ef-b011-f29d82b842a0",
              "b1e89432-9ec8-4929-b5cf-e2256bc9cc6e",
              "b583a212-63ef-4a3f-8c64-bd02bdca8884",
              "b66c6daa-8666-42a2-afec-3408de4f2ce9",
              "bce83190-c8d0-4d83-897d-7664ee3e9aeb",
              "bec2686a-1375-4ca0-bd8d-61acac031358",
              "c04ed2d4-139d-4c0f-8afa-912ab25154b4",
              "cde4a091-4395-4be2-abdf-920a130bd380",
              "d1832f84-243a-4abe-bc7a-02b4d3cf8638",
              "d531e21f-963a-46df-a2fc-4966ab21912e",
              "d67d6ce9-8cfc-4f37-8e0b-21c750ad1ee5",
              "dfa1458f-178e-4509-b975-40369a03a828",
              "e945f98d-99bf-41b6-9bc2-c9e82ee3789b",
              "ebece733-c29f-463c-ae07-711e548edf62"
            ],
            "tags": null,
            "tenant_id": "5e204c6ffe184b9f8b69344d36178244",
            "transparent_vlan": false
          },
          "sensitive_attributes": [],
          "identity_schema_version": 0
        }
      ]
    },
    {
      "mode": "managed",
      "type": "openstack_blockstorage_volume_v3",
      "name": "data_boot",
      "provider": "provider[\"registry.terraform.io/terraform-provider-openstack/openstack\"]",
      "instances": [
        {
          "schema_version": 0,
          "attributes": {
            "attachment": [],
            "availability_zone": "ru-9a",
            "backup_id": "",
            "consistency_group_id": null,
            "description": "",
            "enable_online_resize": null,
            "id": "f277fef2-b4d7-4b2c-8b7b-033ab4ee1dc0",
            "image_id": "e8199163-0dd3-4b30-87c9-ab0a139673c7",
            "metadata": {},
            "name": "iceberg-data-boot-iceberg-test",
            "region": "ru-9",
            "scheduler_hints": [],
            "size": 50,
            "snapshot_id": "",
            "source_replica": null,
            "source_vol_id": "",
            "timeouts": null,
            "volume_retype_policy": "never",
            "volume_type": "fast.ru-9a"
          },
          "sensitive_attributes": [],
          "identity_schema_version": 0,
          "private": "eyJlMmJmYjczMC1lY2FhLTExZTYtOGY4OC0zNDM2M2JjN2M0YzAiOnsiY3JlYXRlIjo2MDAwMDAwMDAwMDAsImRlbGV0ZSI6NjAwMDAwMDAwMDAwfX0=",
          "dependencies": [
            "data.openstack_images_image_v2.ubuntu",
            "selectel_iam_serviceuser_v1.openstack",
            "selectel_vpc_project_v2.project"
          ]
        }
      ]
    },
    {
      "mode": "managed",
      "type": "openstack_blockstorage_volume_v3",
      "name": "data_volume",
      "provider": "provider[\"registry.terraform.io/terraform-provider-openstack/openstack\"]",
      "instances": [
        {
          "schema_version": 0,
          "attributes": {
            "attachment": [],
            "availability_zone": "ru-9a",
            "backup_id": "",
            "consistency_group_id": null,
            "description": "",
            "enable_online_resize": null,
            "id": "090ae01c-2a6e-43b4-bd67-ee192614d545",
            "image_id": null,
            "metadata": {},
            "name": "iceberg-data-volume-iceberg-test",
            "region": "ru-9",
            "scheduler_hints": [],
            "size": 300,
            "snapshot_id": "",
            "source_replica": null,
            "source_vol_id": "",
            "timeouts": null,
            "volume_retype_policy": "never",
            "volume_type": "fast.ru-9a"
          },
          "sensitive_attributes": [],
          "identity_schema_version": 0,
          "private": "eyJlMmJmYjczMC1lY2FhLTExZTYtOGY4OC0zNDM2M2JjN2M0YzAiOnsiY3JlYXRlIjo2MDAwMDAwMDAwMDAsImRlbGV0ZSI6NjAwMDAwMDAwMDAwfX0=",
          "dependencies": [
            "selectel_iam_serviceuser_v1.openstack",
            "selectel_vpc_project_v2.project"
          ]
        }
      ]
    },
    {
      "mode": "managed",
      "type": "openstack_blockstorage_volume_v3",
      "name": "load_boot",
      "provider": "provider[\"registry.terraform.io/terraform-provider-openstack/openstack\"]",
      "instances": [
        {
          "schema_version": 0,
          "attributes": {
            "attachment": [],
            "availability_zone": "ru-9a",
            "backup_id": "",
            "consistency_group_id": null,
            "description": "",
            "enable_online_resize": null,
            "id": "4463248a-cad8-4bd1-a48e-4f2ee82f2090",
            "image_id": "e8199163-0dd3-4b30-87c9-ab0a139673c7",
            "metadata": {},
            "name": "iceberg-load-boot-iceberg-test",
            "region": "ru-9",
            "scheduler_hints": [],
            "size": 50,
            "snapshot_id": "",
            "source_replica": null,
            "source_vol_id": "",
            "timeouts": null,
            "volume_retype_policy": "never",
            "volume_type": "fast.ru-9a"
          },
          "sensitive_attributes": [],
          "identity_schema_version": 0,
          "private": "eyJlMmJmYjczMC1lY2FhLTExZTYtOGY4OC0zNDM2M2JjN2M0YzAiOnsiY3JlYXRlIjo2MDAwMDAwMDAwMDAsImRlbGV0ZSI6NjAwMDAwMDAwMDAwfX0=",
          "dependencies": [
            "data.openstack_images_image_v2.ubuntu",
            "selectel_iam_serviceuser_v1.openstack",
            "selectel_vpc_project_v2.project"
          ]
        }
      ]
    },
    {
      "mode": "managed",
      "type": "openstack_compute_instance_v2",
      "name": "data",
      "provider": "provider[\"registry.terraform.io/terraform-provider-openstack/openstack\"]",
      "instances": [
        {
          "schema_version": 0,
          "attributes": {
            "access_ip_v4": "192.168.199.34",
            "access_ip_v6": "",
            "admin_pass": null,
            "all_metadata": {},
            "all_tags": [],
            "availability_zone": "ru-9a",
            "availability_zone_hints": null,
            "block_device": [
              {
                "boot_index": 0,
                "delete_on_termination": true,
                "destination_type": "volume",
                "device_type": "",
                "disk_bus": "",
                "guest_format": "",
                "multiattach": false,
                "source_type": "volume",
                "uuid": "f277fef2-b4d7-4b2c-8b7b-033ab4ee1dc0",
                "volume_size": 0,
                "volume_type": ""
              },
              {
                "boot_index": 1,
                "delete_on_termination": true,
                "destination_type": "volume",
                "device_type": "",
                "disk_bus": "",
                "guest_format": "",
                "multiattach": false,
                "source_type": "volume",
                "uuid": "090ae01c-2a6e-43b4-bd67-ee192614d545",
                "volume_size": 0,
                "volume_type": ""
              }
            ],
            "config_drive": true,
            "created": "2026-02-03 09:13:07 +0000 UTC",
            "flavor_id": "1019",
            "flavor_name": "SL1.16-65536",
            "force_delete": false,
            "hypervisor_hostname": "",
            "id": "e8fe663b-114a-4c7e-8dc9-91514058f225",
            "image_id": "Attempt to boot from volume - no image supplied",
            "image_name": null,
            "key_pair": "iceberg-iceberg-test-key",
            "metadata": null,
            "name": "data-server-iceberg-test",
            "network": [
              {
                "access_network": false,
                "fixed_ip_v4": "192.168.199.34",
                "fixed_ip_v6": "",
                "mac": "fa:16:3e:05:99:57",
                "name": "private-network",
                "port": "571fd6d0-bc1f-40a6-bbb2-efc1bc24e7c2",
                "uuid": "8be2edf3-0b2c-4e55-8b50-142365402174"
              }
            ],
            "network_mode": null,
            "personality": [],
            "power_state": "active",
            "region": "ru-9",
            "scheduler_hints": [],
            "security_groups": [],
            "stop_before_destroy": false,
            "tags": null,
            "timeouts": null,
            "updated": "2026-02-03 09:13:20 +0000 UTC",
            "user_data": "68daea3983fba3a3d05bdae787c85602bd4585f2",
            "vendor_options": [
              {
                "detach_ports_before_destroy": false,
                "ignore_resize_confirmation": true
              }
            ]
          },
          "sensitive_attributes": [
            [
              {
                "type": "get_attr",
                "value": "admin_pass"
              }
            ]
          ],
          "identity_schema_version": 0,
          "private": "eyJlMmJmYjczMC1lY2FhLTExZTYtOGY4OC0zNDM2M2JjN2M0YzAiOnsiY3JlYXRlIjoxODAwMDAwMDAwMDAwLCJkZWxldGUiOjE4MDAwMDAwMDAwMDAsInVwZGF0ZSI6MTgwMDAwMDAwMDAwMH19",
          "dependencies": [
            "data.openstack_images_image_v2.ubuntu",
            "data.openstack_networking_network_v2.external_net",
            "openstack_blockstorage_volume_v3.data_boot",
            "openstack_blockstorage_volume_v3.data_volume",
            "openstack_networking_network_v2.private_net",
            "openstack_networking_port_v2.data",
            "openstack_networking_router_interface_v2.router_if",
            "openstack_networking_router_v2.router",
            "openstack_networking_secgroup_v2.data",
            "openstack_networking_subnet_v2.private_subnet",
            "selectel_iam_serviceuser_v1.openstack",
            "selectel_vpc_keypair_v2.ssh_key",
            "selectel_vpc_project_v2.project"
          ]
        }
      ]
    },
    {
      "mode": "managed",
      "type": "openstack_compute_instance_v2",
      "name": "load",
      "provider": "provider[\"registry.terraform.io/terraform-provider-openstack/openstack\"]",
      "instances": [
        {
          "schema_version": 0,
          "attributes": {
            "access_ip_v4": "192.168.199.95",
            "access_ip_v6": "",
            "admin_pass": null,
            "all_metadata": {},
            "all_tags": [],
            "availability_zone": "ru-9a",
            "availability_zone_hints": null,
            "block_device": [
              {
                "boot_index": 0,
                "delete_on_termination": true,
                "destination_type": "volume",
                "device_type": "",
                "disk_bus": "",
                "guest_format": "",
                "multiattach": false,
                "source_type": "volume",
                "uuid": "4463248a-cad8-4bd1-a48e-4f2ee82f2090",
                "volume_size": 0,
                "volume_type": ""
              }
            ],
            "config_drive": true,
            "created": "2026-02-03 09:13:06 +0000 UTC",
            "flavor_id": "2011",
            "flavor_name": "CPU1.4-8192",
            "force_delete": false,
            "hypervisor_hostname": "",
            "id": "00d89c74-2f23-4677-96fd-3d08f175d95b",
            "image_id": "Attempt to boot from volume - no image supplied",
            "image_name": null,
            "key_pair": "iceberg-iceberg-test-key",
            "metadata": null,
            "name": "load-test-server-iceberg-test",
            "network": [
              {
                "access_network": false,
                "fixed_ip_v4": "192.168.199.95",
                "fixed_ip_v6": "",
                "mac": "fa:16:3e:00:54:13",
                "name": "private-network",
                "port": "10ab3f07-1099-4eaa-8308-1e87c23b4826",
                "uuid": "8be2edf3-0b2c-4e55-8b50-142365402174"
              }
            ],
            "network_mode": null,
            "personality": [],
            "power_state": "active",
            "region": "ru-9",
            "scheduler_hints": [],
            "security_groups": [],
            "stop_before_destroy": false,
            "tags": null,
            "timeouts": null,
            "updated": "2026-02-03 09:13:21 +0000 UTC",
            "user_data": "68daea3983fba3a3d05bdae787c85602bd4585f2",
            "vendor_options": [
              {
                "detach_ports_before_destroy": false,
                "ignore_resize_confirmation": true
              }
            ]
          },
          "sensitive_attributes": [
            [
              {
                "type": "get_attr",
                "value": "admin_pass"
              }
            ]
          ],
          "identity_schema_version": 0,
          "private": "eyJlMmJmYjczMC1lY2FhLTExZTYtOGY4OC0zNDM2M2JjN2M0YzAiOnsiY3JlYXRlIjoxODAwMDAwMDAwMDAwLCJkZWxldGUiOjE4MDAwMDAwMDAwMDAsInVwZGF0ZSI6MTgwMDAwMDAwMDAwMH19",
          "dependencies": [
            "data.openstack_images_image_v2.ubuntu",
            "data.openstack_networking_network_v2.external_net",
            "openstack_blockstorage_volume_v3.load_boot",
            "openstack_networking_network_v2.private_net",
            "openstack_networking_port_v2.load",
            "openstack_networking_router_interface_v2.router_if",
            "openstack_networking_router_v2.router",
            "openstack_networking_secgroup_v2.load",
            "openstack_networking_subnet_v2.private_subnet",
            "selectel_iam_serviceuser_v1.openstack",
            "selectel_vpc_keypair_v2.ssh_key",
            "selectel_vpc_project_v2.project"
          ]
        }
      ]
    },
    {
      "mode": "managed",
      "type": "openstack_networking_floatingip_associate_v2",
      "name": "load",
      "provider": "provider[\"registry.terraform.io/terraform-provider-openstack/openstack\"]",
      "instances": [
        {
          "schema_version": 0,
          "attributes": {
            "fixed_ip": "192.168.199.95",
            "floating_ip": "87.228.17.190",
            "id": "537b84f9-a843-4481-b051-83455d2322d1",
            "port_id": "10ab3f07-1099-4eaa-8308-1e87c23b4826",
            "region": "ru-9"
          },
          "sensitive_attributes": [],
          "identity_schema_version": 0,
          "private": "bnVsbA==",
          "dependencies": [
            "data.openstack_networking_network_v2.external_net",
            "openstack_networking_floatingip_v2.load",
            "openstack_networking_network_v2.private_net",
            "openstack_networking_port_v2.load",
            "openstack_networking_router_interface_v2.router_if",
            "openstack_networking_router_v2.router",
            "openstack_networking_secgroup_v2.load",
            "openstack_networking_subnet_v2.private_subnet",
            "selectel_iam_serviceuser_v1.openstack",
            "selectel_vpc_project_v2.project"
          ]
        }
      ]
    },
    {
      "mode": "managed",
      "type": "openstack_networking_floatingip_v2",
      "name": "load",
      "provider": "provider[\"registry.terraform.io/terraform-provider-openstack/openstack\"]",
      "instances": [
        {
          "schema_version": 0,
          "attributes": {
            "address": "87.228.17.190",
            "all_tags": [],
            "description": "",
            "dns_domain": "",
            "dns_name": "",
            "fixed_ip": "",
            "id": "537b84f9-a843-4481-b051-83455d2322d1",
            "pool": "external-network",
            "port_id": "",
            "region": "ru-9",
            "subnet_id": null,
            "subnet_ids": null,
            "tags": null,
            "tenant_id": "f72cb7f604c34469a5f885632fd6ea4e",
            "timeouts": null,
            "value_specs": null
          },
          "sensitive_attributes": [],
          "identity_schema_version": 0,
          "private": "eyJlMmJmYjczMC1lY2FhLTExZTYtOGY4OC0zNDM2M2JjN2M0YzAiOnsiY3JlYXRlIjo2MDAwMDAwMDAwMDAsImRlbGV0ZSI6NjAwMDAwMDAwMDAwfX0=",
          "dependencies": [
            "selectel_iam_serviceuser_v1.openstack",
            "selectel_vpc_project_v2.project"
          ]
        }
      ]
    },
    {
      "mode": "managed",
      "type": "openstack_networking_network_v2",
      "name": "private_net",
      "provider": "provider[\"registry.terraform.io/terraform-provider-openstack/openstack\"]",
      "instances": [
        {
          "schema_version": 0,
          "attributes": {
            "admin_state_up": true,
            "all_tags": [],
            "availability_zone_hints": [],
            "description": "",
            "dns_domain": "",
            "external": false,
            "id": "8be2edf3-0b2c-4e55-8b50-142365402174",
            "mtu": 1500,
            "name": "private-network",
            "port_security_enabled": true,
            "qos_policy_id": "ca7a4923-52e8-4723-b00b-10cabcd4eedc",
            "region": "ru-9",
            "segments": [
              {
                "network_type": "vxlan",
                "physical_network": "",
                "segmentation_id": 25230
              }
            ],
            "shared": false,
            "tags": null,
            "tenant_id": "f72cb7f604c34469a5f885632fd6ea4e",
            "timeouts": null,
            "transparent_vlan": false,
            "value_specs": null
          },
          "sensitive_attributes": [],
          "identity_schema_version": 0,
          "private": "eyJlMmJmYjczMC1lY2FhLTExZTYtOGY4OC0zNDM2M2JjN2M0YzAiOnsiY3JlYXRlIjo2MDAwMDAwMDAwMDAsImRlbGV0ZSI6NjAwMDAwMDAwMDAwfX0=",
          "dependencies": [
            "selectel_iam_serviceuser_v1.openstack",
            "selectel_vpc_project_v2.project"
          ]
        }
      ]
    },
    {
      "mode": "managed",
      "type": "openstack_networking_port_v2",
      "name": "data",
      "provider": "provider[\"registry.terraform.io/terraform-provider-openstack/openstack\"]",
      "instances": [
        {
          "schema_version": 0,
          "attributes": {
            "admin_state_up": true,
            "all_fixed_ips": [
              "192.168.199.34"
            ],
            "all_security_group_ids": [
              "44ec60ec-6129-400d-acae-9ce6b609b5f5"
            ],
            "all_tags": [],
            "allowed_address_pairs": [],
            "binding": [
              {
                "host_id": "",
                "profile": "",
                "vif_details": {},
                "vif_type": "",
                "vnic_type": "normal"
              }
            ],
            "description": "",
            "device_id": "",
            "device_owner": "",
            "dns_assignment": [
              {
                "fqdn": "host-192-168-199-34.local.",
                "hostname": "host-192-168-199-34",
                "ip_address": "192.168.199.34"
              }
            ],
            "dns_name": "",
            "extra_dhcp_option": [],
            "fixed_ip": [
              {
                "ip_address": "",
                "subnet_id": "c3dd4f0c-f77f-4d76-8daa-b5fe572603ba"
              }
            ],
            "id": "571fd6d0-bc1f-40a6-bbb2-efc1bc24e7c2",
            "mac_address": "fa:16:3e:05:99:57",
            "name": "iceberg-data-port-iceberg-test",
            "network_id": "8be2edf3-0b2c-4e55-8b50-142365402174",
            "no_fixed_ip": null,
            "no_security_groups": null,
            "port_security_enabled": true,
            "qos_policy_id": "",
            "region": "ru-9",
            "security_group_ids": [
              "44ec60ec-6129-400d-acae-9ce6b609b5f5"
            ],
            "tags": null,
            "tenant_id": "f72cb7f604c34469a5f885632fd6ea4e",
            "timeouts": null,
            "value_specs": null
          },
          "sensitive_attributes": [],
          "identity_schema_version": 0,
          "private": "eyJlMmJmYjczMC1lY2FhLTExZTYtOGY4OC0zNDM2M2JjN2M0YzAiOnsiY3JlYXRlIjo2MDAwMDAwMDAwMDAsImRlbGV0ZSI6NjAwMDAwMDAwMDAwfX0=",
          "dependencies": [
            "data.openstack_networking_network_v2.external_net",
            "openstack_networking_network_v2.private_net",
            "openstack_networking_router_interface_v2.router_if",
            "openstack_networking_router_v2.router",
            "openstack_networking_secgroup_v2.data",
            "openstack_networking_subnet_v2.private_subnet",
            "selectel_iam_serviceuser_v1.openstack",
            "selectel_vpc_project_v2.project"
          ]
        }
      ]
    },
    {
      "mode": "managed",
      "type": "openstack_networking_port_v2",
      "name": "load",
      "provider": "provider[\"registry.terraform.io/terraform-provider-openstack/openstack\"]",
      "instances": [
        {
          "schema_version": 0,
          "attributes": {
            "admin_state_up": true,
            "all_fixed_ips": [
              "192.168.199.95"
            ],
            "all_security_group_ids": [
              "d81c4636-a8d5-4563-8e06-078cf5338a5d"
            ],
            "all_tags": [],
            "allowed_address_pairs": [],
            "binding": [
              {
                "host_id": "",
                "profile": "",
                "vif_details": {},
                "vif_type": "",
                "vnic_type": "normal"
              }
            ],
            "description": "",
            "device_id": "",
            "device_owner": "",
            "dns_assignment": [
              {
                "fqdn": "host-192-168-199-95.local.",
                "hostname": "host-192-168-199-95",
                "ip_address": "192.168.199.95"
              }
            ],
            "dns_name": "",
            "extra_dhcp_option": [],
            "fixed_ip": [
              {
                "ip_address": "",
                "subnet_id": "c3dd4f0c-f77f-4d76-8daa-b5fe572603ba"
              }
            ],
            "id": "10ab3f07-1099-4eaa-8308-1e87c23b4826",
            "mac_address": "fa:16:3e:00:54:13",
            "name": "iceberg-load-port-iceberg-test",
            "network_id": "8be2edf3-0b2c-4e55-8b50-142365402174",
            "no_fixed_ip": null,
            "no_security_groups": null,
            "port_security_enabled": true,
            "qos_policy_id": "",
            "region": "ru-9",
            "security_group_ids": [
              "d81c4636-a8d5-4563-8e06-078cf5338a5d"
            ],
            "tags": null,
            "tenant_id": "f72cb7f604c34469a5f885632fd6ea4e",
            "timeouts": null,
            "value_specs": null
          },
          "sensitive_attributes": [],
          "identity_schema_version": 0,
          "private": "eyJlMmJmYjczMC1lY2FhLTExZTYtOGY4OC0zNDM2M2JjN2M0YzAiOnsiY3JlYXRlIjo2MDAwMDAwMDAwMDAsImRlbGV0ZSI6NjAwMDAwMDAwMDAwfX0=",
          "dependencies": [
            "data.openstack_networking_network_v2.external_net",
            "openstack_networking_network_v2.private_net",
            "openstack_networking_router_interface_v2.router_if",
            "openstack_networking_router_v2.router",
            "openstack_networking_secgroup_v2.load",
            "openstack_networking_subnet_v2.private_subnet",
            "selectel_iam_serviceuser_v1.openstack",
            "selectel_vpc_project_v2.project"
          ]
        }
      ]
    },
    {
      "mode": "managed",
      "type": "openstack_networking_router_interface_v2",
      "name": "router_if",
      "provider": "provider[\"registry.terraform.io/terraform-provider-openstack/openstack\"]",
      "instances": [
        {
          "schema_version": 0,
          "attributes": {
            "force_destroy": false,
            "id": "0f2ebf15-9b8b-4d32-b41e-5c8d72ee35ce",
            "port_id": "0f2ebf15-9b8b-4d32-b41e-5c8d72ee35ce",
            "region": "ru-9",
            "router_id": "8415f600-adf9-4e07-b376-d3fbe5b3281f",
            "subnet_id": "c3dd4f0c-f77f-4d76-8daa-b5fe572603ba",
            "timeouts": null
          },
          "sensitive_attributes": [],
          "identity_schema_version": 0,
          "private": "eyJlMmJmYjczMC1lY2FhLTExZTYtOGY4OC0zNDM2M2JjN2M0YzAiOnsiY3JlYXRlIjo2MDAwMDAwMDAwMDAsImRlbGV0ZSI6NjAwMDAwMDAwMDAwfX0=",
          "dependencies": [
            "data.openstack_networking_network_v2.external_net",
            "openstack_networking_network_v2.private_net",
            "openstack_networking_router_v2.router",
            "openstack_networking_subnet_v2.private_subnet",
            "selectel_iam_serviceuser_v1.openstack",
            "selectel_vpc_project_v2.project"
          ]
        }
      ]
    },
    {
      "mode": "managed",
      "type": "openstack_networking_router_v2",
      "name": "router",
      "provider": "provider[\"registry.terraform.io/terraform-provider-openstack/openstack\"]",
      "instances": [
        {
          "schema_version": 0,
          "attributes": {
            "admin_state_up": true,
            "all_tags": [],
            "availability_zone_hints": [],
            "description": "",
            "distributed": false,
            "enable_snat": true,
            "external_fixed_ip": [
              {
                "ip_address": "31.129.56.126",
                "subnet_id": "2b6e3274-08cc-46ea-89ad-672fee9122ae"
              }
            ],
            "external_network_id": "f16140a4-e736-4655-9a1b-d7d2df6f969e",
            "external_qos_policy_id": null,
            "external_subnet_ids": null,
            "id": "8415f600-adf9-4e07-b376-d3fbe5b3281f",
            "name": "router",
            "region": "ru-9",
            "tags": null,
            "tenant_id": "f72cb7f604c34469a5f885632fd6ea4e",
            "timeouts": null,
            "value_specs": null,
            "vendor_options": []
          },
          "sensitive_attributes": [],
          "identity_schema_version": 0,
          "private": "eyJlMmJmYjczMC1lY2FhLTExZTYtOGY4OC0zNDM2M2JjN2M0YzAiOnsiY3JlYXRlIjo2MDAwMDAwMDAwMDAsImRlbGV0ZSI6NjAwMDAwMDAwMDAwfX0=",
          "dependencies": [
            "data.openstack_networking_network_v2.external_net",
            "selectel_iam_serviceuser_v1.openstack",
            "selectel_vpc_project_v2.project"
          ]
        }
      ]
    },
    {
      "mode": "managed",
      "type": "openstack_networking_secgroup_rule_v2",
      "name": "data_internal_all",
      "provider": "provider[\"registry.terraform.io/terraform-provider-openstack/openstack\"]",
      "instances": [
        {
          "schema_version": 0,
          "attributes": {
            "description": "",
            "direction": "ingress",
            "ethertype": "IPv4",
            "id": "0c2afcf0-8273-41f5-9cfa-bc876752b8d4",
            "port_range_max": 0,
            "port_range_min": 0,
            "protocol": "",
            "region": "ru-9",
            "remote_address_group_id": "",
            "remote_group_id": "",
            "remote_ip_prefix": "192.168.199.0/24",
            "security_group_id": "44ec60ec-6129-400d-acae-9ce6b609b5f5",
            "tenant_id": "f72cb7f604c34469a5f885632fd6ea4e",
            "timeouts": null
          },
          "sensitive_attributes": [],
          "identity_schema_version": 0,
          "private": "eyJlMmJmYjczMC1lY2FhLTExZTYtOGY4OC0zNDM2M2JjN2M0YzAiOnsiZGVsZXRlIjo2MDAwMDAwMDAwMDB9fQ==",
          "dependencies": [
            "openstack_networking_secgroup_v2.data",
            "selectel_iam_serviceuser_v1.openstack",
            "selectel_vpc_project_v2.project"
          ]
        }
      ]
    },
    {
      "mode": "managed",
      "type": "openstack_networking_secgroup_rule_v2",
      "name": "data_minio_api",
      "provider": "provider[\"registry.terraform.io/terraform-provider-openstack/openstack\"]",
      "instances": [
        {
          "schema_version": 0,
          "attributes": {
            "description": "",
            "direction": "ingress",
            "ethertype": "IPv4",
            "id": "665caa22-fb74-4774-9b86-6e29998da7bd",
            "port_range_max": 9000,
            "port_range_min": 9000,
            "protocol": "tcp",
            "region": "ru-9",
            "remote_address_group_id": "",
            "remote_group_id": "",
            "remote_ip_prefix": "192.168.199.0/24",
            "security_group_id": "44ec60ec-6129-400d-acae-9ce6b609b5f5",
            "tenant_id": "f72cb7f604c34469a5f885632fd6ea4e",
            "timeouts": null
          },
          "sensitive_attributes": [],
          "identity_schema_version": 0,
          "private": "eyJlMmJmYjczMC1lY2FhLTExZTYtOGY4OC0zNDM2M2JjN2M0YzAiOnsiZGVsZXRlIjo2MDAwMDAwMDAwMDB9fQ==",
          "dependencies": [
            "openstack_networking_secgroup_v2.data",
            "selectel_iam_serviceuser_v1.openstack",
            "selectel_vpc_project_v2.project"
          ]
        }
      ]
    },
    {
      "mode": "managed",
      "type": "openstack_networking_secgroup_rule_v2",
      "name": "data_minio_console",
      "provider": "provider[\"registry.terraform.io/terraform-provider-openstack/openstack\"]",
      "instances": [
        {
          "schema_version": 0,
          "attributes": {
            "description": "",
            "direction": "ingress",
            "ethertype": "IPv4",
            "id": "27b198b2-7f8b-42f0-b785-822d65afead2",
            "port_range_max": 9001,
            "port_range_min": 9001,
            "protocol": "tcp",
            "region": "ru-9",
            "remote_address_group_id": "",
            "remote_group_id": "",
            "remote_ip_prefix": "192.168.199.0/24",
            "security_group_id": "44ec60ec-6129-400d-acae-9ce6b609b5f5",
            "tenant_id": "f72cb7f604c34469a5f885632fd6ea4e",
            "timeouts": null
          },
          "sensitive_attributes": [],
          "identity_schema_version": 0,
          "private": "eyJlMmJmYjczMC1lY2FhLTExZTYtOGY4OC0zNDM2M2JjN2M0YzAiOnsiZGVsZXRlIjo2MDAwMDAwMDAwMDB9fQ==",
          "dependencies": [
            "openstack_networking_secgroup_v2.data",
            "selectel_iam_serviceuser_v1.openstack",
            "selectel_vpc_project_v2.project"
          ]
        }
      ]
    },
    {
      "mode": "managed",
      "type": "openstack_networking_secgroup_rule_v2",
      "name": "data_nessie_internal",
      "provider": "provider[\"registry.terraform.io/terraform-provider-openstack/openstack\"]",
      "instances": [
        {
          "schema_version": 0,
          "attributes": {
            "description": "",
            "direction": "ingress",
            "ethertype": "IPv4",
            "id": "44ea0e9c-5c9d-4eec-941f-c6d39d4b266c",
            "port_range_max": 19120,
            "port_range_min": 19120,
            "protocol": "tcp",
            "region": "ru-9",
            "remote_address_group_id": "",
            "remote_group_id": "",
            "remote_ip_prefix": "192.168.199.0/24",
            "security_group_id": "44ec60ec-6129-400d-acae-9ce6b609b5f5",
            "tenant_id": "f72cb7f604c34469a5f885632fd6ea4e",
            "timeouts": null
          },
          "sensitive_attributes": [],
          "identity_schema_version": 0,
          "private": "eyJlMmJmYjczMC1lY2FhLTExZTYtOGY4OC0zNDM2M2JjN2M0YzAiOnsiZGVsZXRlIjo2MDAwMDAwMDAwMDB9fQ==",
          "dependencies": [
            "openstack_networking_secgroup_v2.data",
            "selectel_iam_serviceuser_v1.openstack",
            "selectel_vpc_project_v2.project"
          ]
        }
      ]
    },
    {
      "mode": "managed",
      "type": "openstack_networking_secgroup_rule_v2",
      "name": "data_postgres_internal",
      "provider": "provider[\"registry.terraform.io/terraform-provider-openstack/openstack\"]",
      "instances": [
        {
          "schema_version": 0,
          "attributes": {
            "description": "",
            "direction": "ingress",
            "ethertype": "IPv4",
            "id": "64c44d3f-bafa-4f2b-ab80-1482230a96f3",
            "port_range_max": 5432,
            "port_range_min": 5432,
            "protocol": "tcp",
            "region": "ru-9",
            "remote_address_group_id": "",
            "remote_group_id": "",
            "remote_ip_prefix": "192.168.199.0/24",
            "security_group_id": "44ec60ec-6129-400d-acae-9ce6b609b5f5",
            "tenant_id": "f72cb7f604c34469a5f885632fd6ea4e",
            "timeouts": null
          },
          "sensitive_attributes": [],
          "identity_schema_version": 0,
          "private": "eyJlMmJmYjczMC1lY2FhLTExZTYtOGY4OC0zNDM2M2JjN2M0YzAiOnsiZGVsZXRlIjo2MDAwMDAwMDAwMDB9fQ==",
          "dependencies": [
            "openstack_networking_secgroup_v2.data",
            "selectel_iam_serviceuser_v1.openstack",
            "selectel_vpc_project_v2.project"
          ]
        }
      ]
    },
    {
      "mode": "managed",
      "type": "openstack_networking_secgroup_rule_v2",
      "name": "data_ssh",
      "provider": "provider[\"registry.terraform.io/terraform-provider-openstack/openstack\"]",
      "instances": [
        {
          "schema_version": 0,
          "attributes": {
            "description": "",
            "direction": "ingress",
            "ethertype": "IPv4",
            "id": "c55cf13f-96e1-4936-97b1-0c6f7f1b1e3c",
            "port_range_max": 22,
            "port_range_min": 22,
            "protocol": "tcp",
            "region": "ru-9",
            "remote_address_group_id": "",
            "remote_group_id": "",
            "remote_ip_prefix": "192.168.199.0/24",
            "security_group_id": "44ec60ec-6129-400d-acae-9ce6b609b5f5",
            "tenant_id": "f72cb7f604c34469a5f885632fd6ea4e",
            "timeouts": null
          },
          "sensitive_attributes": [],
          "identity_schema_version": 0,
          "private": "eyJlMmJmYjczMC1lY2FhLTExZTYtOGY4OC0zNDM2M2JjN2M0YzAiOnsiZGVsZXRlIjo2MDAwMDAwMDAwMDB9fQ==",
          "dependencies": [
            "openstack_networking_secgroup_v2.data",
            "selectel_iam_serviceuser_v1.openstack",
            "selectel_vpc_project_v2.project"
          ]
        }
      ]
    },
    {
      "mode": "managed",
      "type": "openstack_networking_secgroup_rule_v2",
      "name": "data_trino",
      "provider": "provider[\"registry.terraform.io/terraform-provider-openstack/openstack\"]",
      "instances": [
        {
          "schema_version": 0,
          "attributes": {
            "description": "",
            "direction": "ingress",
            "ethertype": "IPv4",
            "id": "5b661ffe-b7d2-4e3a-a313-c03ccb9108b2",
            "port_range_max": 8080,
            "port_range_min": 8080,
            "protocol": "tcp",
            "region": "ru-9",
            "remote_address_group_id": "",
            "remote_group_id": "",
            "remote_ip_prefix": "192.168.199.0/24",
            "security_group_id": "44ec60ec-6129-400d-acae-9ce6b609b5f5",
            "tenant_id": "f72cb7f604c34469a5f885632fd6ea4e",
            "timeouts": null
          },
          "sensitive_attributes": [],
          "identity_schema_version": 0,
          "private": "eyJlMmJmYjczMC1lY2FhLTExZTYtOGY4OC0zNDM2M2JjN2M0YzAiOnsiZGVsZXRlIjo2MDAwMDAwMDAwMDB9fQ==",
          "dependencies": [
            "openstack_networking_secgroup_v2.data",
            "selectel_iam_serviceuser_v1.openstack",
            "selectel_vpc_project_v2.project"
          ]
        }
      ]
    },
    {
      "mode": "managed",
      "type": "openstack_networking_secgroup_rule_v2",
      "name": "load_api",
      "provider": "provider[\"registry.terraform.io/terraform-provider-openstack/openstack\"]",
      "instances": [
        {
          "schema_version": 0,
          "attributes": {
            "description": "",
            "direction": "ingress",
            "ethertype": "IPv4",
            "id": "00827443-0665-4603-b5b5-adc2eba087a0",
            "port_range_max": 3000,
            "port_range_min": 3000,
            "protocol": "tcp",
            "region": "ru-9",
            "remote_address_group_id": "",
            "remote_group_id": "",
            "remote_ip_prefix": "0.0.0.0/0",
            "security_group_id": "d81c4636-a8d5-4563-8e06-078cf5338a5d",
            "tenant_id": "f72cb7f604c34469a5f885632fd6ea4e",
            "timeouts": null
          },
          "sensitive_attributes": [],
          "identity_schema_version": 0,
          "private": "eyJlMmJmYjczMC1lY2FhLTExZTYtOGY4OC0zNDM2M2JjN2M0YzAiOnsiZGVsZXRlIjo2MDAwMDAwMDAwMDB9fQ==",
          "dependencies": [
            "openstack_networking_secgroup_v2.load",
            "selectel_iam_serviceuser_v1.openstack",
            "selectel_vpc_project_v2.project"
          ]
        }
      ]
    },
    {
      "mode": "managed",
      "type": "openstack_networking_secgroup_rule_v2",
      "name": "load_internal_all",
      "provider": "provider[\"registry.terraform.io/terraform-provider-openstack/openstack\"]",
      "instances": [
        {
          "schema_version": 0,
          "attributes": {
            "description": "",
            "direction": "ingress",
            "ethertype": "IPv4",
            "id": "63044f1c-3441-4c60-9bf6-1007fcaeb97a",
            "port_range_max": 0,
            "port_range_min": 0,
            "protocol": "",
            "region": "ru-9",
            "remote_address_group_id": "",
            "remote_group_id": "",
            "remote_ip_prefix": "192.168.199.0/24",
            "security_group_id": "d81c4636-a8d5-4563-8e06-078cf5338a5d",
            "tenant_id": "f72cb7f604c34469a5f885632fd6ea4e",
            "timeouts": null
          },
          "sensitive_attributes": [],
          "identity_schema_version": 0,
          "private": "eyJlMmJmYjczMC1lY2FhLTExZTYtOGY4OC0zNDM2M2JjN2M0YzAiOnsiZGVsZXRlIjo2MDAwMDAwMDAwMDB9fQ==",
          "dependencies": [
            "openstack_networking_secgroup_v2.load",
            "selectel_iam_serviceuser_v1.openstack",
            "selectel_vpc_project_v2.project"
          ]
        }
      ]
    },
    {
      "mode": "managed",
      "type": "openstack_networking_secgroup_rule_v2",
      "name": "load_ssh",
      "provider": "provider[\"registry.terraform.io/terraform-provider-openstack/openstack\"]",
      "instances": [
        {
          "schema_version": 0,
          "attributes": {
            "description": "",
            "direction": "ingress",
            "ethertype": "IPv4",
            "id": "54361764-8b08-4885-a6b5-7e53e1f33ff6",
            "port_range_max": 22,
            "port_range_min": 22,
            "protocol": "tcp",
            "region": "ru-9",
            "remote_address_group_id": "",
            "remote_group_id": "",
            "remote_ip_prefix": "0.0.0.0/0",
            "security_group_id": "d81c4636-a8d5-4563-8e06-078cf5338a5d",
            "tenant_id": "f72cb7f604c34469a5f885632fd6ea4e",
            "timeouts": null
          },
          "sensitive_attributes": [],
          "identity_schema_version": 0,
          "private": "eyJlMmJmYjczMC1lY2FhLTExZTYtOGY4OC0zNDM2M2JjN2M0YzAiOnsiZGVsZXRlIjo2MDAwMDAwMDAwMDB9fQ==",
          "dependencies": [
            "openstack_networking_secgroup_v2.load",
            "selectel_iam_serviceuser_v1.openstack",
            "selectel_vpc_project_v2.project"
          ]
        }
      ]
    },
    {
      "mode": "managed",
      "type": "openstack_networking_secgroup_v2",
      "name": "data",
      "provider": "provider[\"registry.terraform.io/terraform-provider-openstack/openstack\"]",
      "instances": [
        {
          "schema_version": 0,
          "attributes": {
            "all_tags": [],
            "delete_default_rules": null,
            "description": "Security group for Data Server (Trino/MinIO/Nessie/Postgres)",
            "id": "44ec60ec-6129-400d-acae-9ce6b609b5f5",
            "name": "iceberg-data-sg-iceberg-test",
            "region": "ru-9",
            "stateful": true,
            "tags": null,
            "tenant_id": "f72cb7f604c34469a5f885632fd6ea4e",
            "timeouts": null
          },
          "sensitive_attributes": [],
          "identity_schema_version": 0,
          "private": "eyJlMmJmYjczMC1lY2FhLTExZTYtOGY4OC0zNDM2M2JjN2M0YzAiOnsiZGVsZXRlIjo2MDAwMDAwMDAwMDB9fQ==",
          "dependencies": [
            "selectel_iam_serviceuser_v1.openstack",
            "selectel_vpc_project_v2.project"
          ]
        }
      ]
    },
    {
      "mode": "managed",
      "type": "openstack_networking_secgroup_v2",
      "name": "load",
      "provider": "provider[\"registry.terraform.io/terraform-provider-openstack/openstack\"]",
      "instances": [
        {
          "schema_version": 0,
          "attributes": {
            "all_tags": [],
            "delete_default_rules": null,
            "description": "Security group for Load Test Server (API/K6 runner)",
            "id": "d81c4636-a8d5-4563-8e06-078cf5338a5d",
            "name": "iceberg-load-sg-iceberg-test",
            "region": "ru-9",
            "stateful": true,
            "tags": null,
            "tenant_id": "f72cb7f604c34469a5f885632fd6ea4e",
            "timeouts": null
          },
          "sensitive_attributes": [],
          "identity_schema_version": 0,
          "private": "eyJlMmJmYjczMC1lY2FhLTExZTYtOGY4OC0zNDM2M2JjN2M0YzAiOnsiZGVsZXRlIjo2MDAwMDAwMDAwMDB9fQ==",
          "dependencies": [
            "selectel_iam_serviceuser_v1.openstack",
            "selectel_vpc_project_v2.project"
          ]
        }
      ]
    },
    {
      "mode": "managed",
      "type": "openstack_networking_subnet_v2",
      "name": "private_subnet",
      "provider": "provider[\"registry.terraform.io/terraform-provider-openstack/openstack\"]",
      "instances": [
        {
          "schema_version": 0,
          "attributes": {
            "all_tags": [],
            "allocation_pool": [
              {
                "end": "192.168.199.254",
                "start": "192.168.199.2"
              }
            ],
            "cidr": "192.168.199.0/24",
            "description": "",
            "dns_nameservers": null,
            "dns_publish_fixed_ip": false,
            "enable_dhcp": true,
            "gateway_ip": "192.168.199.1",
            "id": "c3dd4f0c-f77f-4d76-8daa-b5fe572603ba",
            "ip_version": 4,
            "ipv6_address_mode": "",
            "ipv6_ra_mode": "",
            "name": "private-subnet",
            "network_id": "8be2edf3-0b2c-4e55-8b50-142365402174",
            "no_gateway": false,
            "prefix_length": null,
            "region": "ru-9",
            "segment_id": "",
            "service_types": [],
            "subnetpool_id": "",
            "tags": null,
            "tenant_id": "f72cb7f604c34469a5f885632fd6ea4e",
            "timeouts": null,
            "value_specs": null
          },
          "sensitive_attributes": [],
          "identity_schema_version": 0,
          "private": "eyJlMmJmYjczMC1lY2FhLTExZTYtOGY4OC0zNDM2M2JjN2M0YzAiOnsiY3JlYXRlIjo2MDAwMDAwMDAwMDAsImRlbGV0ZSI6NjAwMDAwMDAwMDAwfX0=",
          "dependencies": [
            "openstack_networking_network_v2.private_net",
            "selectel_iam_serviceuser_v1.openstack",
            "selectel_vpc_project_v2.project"
          ]
        }
      ]
    },
    {
      "mode": "managed",
      "type": "selectel_iam_serviceuser_v1",
      "name": "openstack",
      "provider": "provider[\"registry.terraform.io/selectel/selectel\"]",
      "instances": [
        {
          "schema_version": 0,
          "attributes": {
            "enabled": true,
            "id": "54066ce7722a446381be3e4f4b8a083f",
            "name": "iceberg-iceberg-test",
            "password": "IcebergTrinoTest2026!",
            "role": [
              {
                "project_id": "f72cb7f604c34469a5f885632fd6ea4e",
                "role_name": "member",
                "scope": "project"
              }
            ]
          },
          "sensitive_attributes": [
            [
              {
                "type": "get_attr",
                "value": "password"
              }
            ]
          ],
          "identity_schema_version": 0,
          "private": "bnVsbA==",
          "dependencies": [
            "selectel_vpc_project_v2.project"
          ]
        }
      ]
    },
    {
      "mode": "managed",
      "type": "selectel_vpc_keypair_v2",
      "name": "ssh_key",
      "provider": "provider[\"registry.terraform.io/selectel/selectel\"]",
      "instances": [
        {
          "schema_version": 0,
          "attributes": {
            "id": "54066ce7722a446381be3e4f4b8a083f/iceberg-iceberg-test-key",
            "name": "iceberg-iceberg-test-key",
            "public_key": "ssh-rsa AAAAB3NzaC1yc2EAAAADAQABAAACAQC1Sy1KBSNRRLI3m1GEIa3F3Fr8qBOjkweO0GBupijVV6hOv0Ql3C1BpFzkcZV8eaOFbxrySNf/jHt+IOuqjcbNgiPaw70/0YGyYQe6r2xwqohj9gKTg4xYa3b0Q5+VeJKdWIBrgKRZFVxFbRs11hQ4T4hdgpjjXldkOdg5Zi4K6T3X/JCWzrFKMWpzatcSo0deW3Pq3yzDmrQrZ3QWRdcCtrKK9FwSRgGbWJtmLAtE9fLi5+y8XJPeWfur8BHu9XeCPVzAJULqh/Nny/pWa6RuPvd2u8iFZCNuG4VTGwIND4whZLu6kM3CHoara4QDNzZB9G5icoOHH+PQZ4HBMQVNbupNnEHXUd2do6ARBjfUydzK0A3vXote6MLBCwrAdXQv/DuxJOQgVO2uSvVfvcaJtk4HdyI9h8x04EOPylsOTvB7vQGKIkrXPJoOuJyA0TQRE6fNOvW+G7l5q8TgSS77AO9nXCgWcWVzvoAMijySXhtd5flSKNyJgehlDNEXV15V3z2+7pOzlT1+byvpfpSMBeTgMuIqt9kSkZQ4mEsJ8wtS+qYOLzJ5sKSR6djC1f80W8hTHjuccId9JJWXZUmMutgnXmPiU+G/zYmDxKaNjP1sxFHbCdmcy7+HqHw2WI0KTKD8YXYSq+pZmY9ERlJ5eRAnJzgFGYI1QQkVc9e/fw== Newton@LAPTOP-HU557NEH\n",
            "regions": null,
            "user_id": "54066ce7722a446381be3e4f4b8a083f"
          },
          "sensitive_attributes": [],
          "identity_schema_version": 0,
          "private": "bnVsbA==",
          "dependencies": [
            "selectel_iam_serviceuser_v1.openstack",
            "selectel_vpc_project_v2.project"
          ]
        }
      ]
    },
    {
      "mode": "managed",
      "type": "selectel_vpc_project_v2",
      "name": "project",
      "provider": "provider[\"registry.terraform.io/selectel/selectel\"]",
      "instances": [
        {
          "schema_version": 0,
          "attributes": {
            "all_quotas": [
              {
                "resource_name": "compute_cores",
                "resource_quotas": [
                  {
                    "region": "gis-1",
                    "used": 0,
                    "value": 600,
                    "zone": "gis-1a"
                  },
                  {
                    "region": "gis-2",
                    "used": 0,
                    "value": 600,
                    "zone": "gis-2a"
                  },
                  {
                    "region": "ke-1",
                    "used": 0,
                    "value": 5,
                    "zone": "ke-1a"
                  },
                  {
                    "region": "kz-1",
                    "used": 0,
                    "value": 600,
                    "zone": "kz-1a"
                  },
                  {
                    "region": "ru-1",
                    "used": 0,
                    "value": 5,
                    "zone": "ru-1a"
                  },
                  {
                    "region": "ru-1",
                    "used": 0,
                    "value": 600,
                    "zone": "ru-1b"
                  },
                  {
                    "region": "ru-1",
                    "used": 0,
                    "value": 600,
                    "zone": "ru-1c"
                  },
                  {
                    "region": "ru-2",
                    "used": 0,
                    "value": 200,
                    "zone": "ru-2c"
                  },
                  {
                    "region": "ru-2",
                    "used": 0,
                    "value": 20,
                    "zone": "ru-2a"
                  },
                  {
                    "region": "ru-2",
                    "used": 0,
                    "value": 20,
                    "zone": "ru-2b"
                  },
                  {
                    "region": "ru-3",
                    "used": 0,
                    "value": 400,
                    "zone": "ru-3a"
                  },
                  {
                    "region": "ru-3",
                    "used": 0,
                    "value": 600,
                    "zone": "ru-3b"
                  },
                  {
                    "region": "ru-7",
                    "used": 0,
                    "value": 0,
                    "zone": "ru-7a"
                  },
                  {
                    "region": "ru-7",
                    "used": 0,
                    "value": 600,
                    "zone": "ru-7b"
                  },
                  {
                    "region": "ru-8",
                    "used": 0,
                    "value": 600,
                    "zone": "ru-8a"
                  },
                  {
                    "region": "ru-9",
                    "used": 0,
                    "value": 600,
                    "zone": "ru-9a"
                  },
                  {
                    "region": "uz-1",
                    "used": 0,
                    "value": 600,
                    "zone": "uz-1a"
                  },
                  {
                    "region": "uz-2",
                    "used": 0,
                    "value": 600,
                    "zone": "uz-2a"
                  }
                ]
              },
              {
                "resource_name": "compute_pci_gpu_6000_ada",
                "resource_quotas": [
                  {
                    "region": "ru-7",
                    "used": 0,
                    "value": 32,
                    "zone": "ru-7b"
                  }
                ]
              },
              {
                "resource_name": "compute_pci_gpu_a100",
                "resource_quotas": [
                  {
                    "region": "ru-7",
                    "used": 0,
                    "value": 0,
                    "zone": "ru-7a"
                  },
                  {
                    "region": "ru-9",
                    "used": 0,
                    "value": 32,
                    "zone": "ru-9a"
                  }
                ]
              },
              {
                "resource_name": "compute_pci_gpu_a100_80",
                "resource_quotas": [
                  {
                    "region": "ru-7",
                    "used": 0,
                    "value": 32,
                    "zone": "ru-7b"
                  }
                ]
              },
              {
                "resource_name": "compute_pci_gpu_a2",
                "resource_quotas": [
                  {
                    "region": "ru-7",
                    "used": 0,
                    "value": 0,
                    "zone": "ru-7a"
                  }
                ]
              },
              {
                "resource_name": "compute_pci_gpu_a2000",
                "resource_quotas": [
                  {
                    "region": "ru-7",
                    "used": 0,
                    "value": 0,
                    "zone": "ru-7a"
                  },
                  {
                    "region": "ru-7",
                    "used": 0,
                    "value": 32,
                    "zone": "ru-7b"
                  }
                ]
              },
              {
                "resource_name": "compute_pci_gpu_a30",
                "resource_quotas": [
                  {
                    "region": "ru-7",
                    "used": 0,
                    "value": 0,
                    "zone": "ru-7a"
                  }
                ]
              },
              {
                "resource_name": "compute_pci_gpu_a5000",
                "resource_quotas": [
                  {
                    "region": "kz-1",
                    "used": 0,
                    "value": 32,
                    "zone": "kz-1a"
                  },
                  {
                    "region": "ru-7",
                    "used": 0,
                    "value": 0,
                    "zone": "ru-7a"
                  },
                  {
                    "region": "ru-7",
                    "used": 0,
                    "value": 32,
                    "zone": "ru-7b"
                  },
                  {
                    "region": "uz-2",
                    "used": 0,
                    "value": 32,
                    "zone": "uz-2a"
                  }
                ]
              },
              {
                "resource_name": "compute_pci_gpu_gtx1080",
                "resource_quotas": [
                  {
                    "region": "ru-1",
                    "used": 0,
                    "value": 32,
                    "zone": "ru-1a"
                  },
                  {
                    "region": "ru-1",
                    "used": 0,
                    "value": 32,
                    "zone": "ru-1b"
                  },
                  {
                    "region": "ru-1",
                    "used": 0,
                    "value": 32,
                    "zone": "ru-1c"
                  },
                  {
                    "region": "ru-2",
                    "used": 0,
                    "value": 32,
                    "zone": "ru-2b"
                  },
                  {
                    "region": "ru-3",
                    "used": 0,
                    "value": 32,
                    "zone": "ru-3a"
                  },
                  {
                    "region": "ru-3",
                    "used": 0,
                    "value": 32,
                    "zone": "ru-3b"
                  },
                  {
                    "region": "ru-7",
                    "used": 0,
                    "value": 0,
                    "zone": "ru-7a"
                  },
                  {
                    "region": "ru-8",
                    "used": 0,
                    "value": 8,
                    "zone": "ru-8a"
                  },
                  {
                    "region": "ru-9",
                    "used": 0,
                    "value": 32,
                    "zone": "ru-9a"
                  }
                ]
              },
              {
                "resource_name": "compute_pci_gpu_h100",
                "resource_quotas": [
                  {
                    "region": "ru-7",
                    "used": 0,
                    "value": 32,
                    "zone": "ru-7b"
                  }
                ]
              },
              {
                "resource_name": "compute_pci_gpu_h200",
                "resource_quotas": [
                  {
                    "region": "ru-7",
                    "used": 0,
                    "value": 32,
                    "zone": "ru-7b"
                  }
                ]
              },
              {
                "resource_name": "compute_pci_gpu_l4",
                "resource_quotas": [
                  {
                    "region": "ru-7",
                    "used": 0,
                    "value": 0,
                    "zone": "ru-7a"
                  }
                ]
              },
              {
                "resource_name": "compute_pci_gpu_rtx2080ti",
                "resource_quotas": [
                  {
                    "region": "ru-7",
                    "used": 0,
                    "value": 32,
                    "zone": "ru-7b"
                  }
                ]
              },
              {
                "resource_name": "compute_pci_gpu_rtx4090",
                "resource_quotas": [
                  {
                    "region": "ru-7",
                    "used": 0,
                    "value": 32,
                    "zone": "ru-7b"
                  }
                ]
              },
              {
                "resource_name": "compute_pci_gpu_t4",
                "resource_quotas": [
                  {
                    "region": "gis-2",
                    "used": 0,
                    "value": 32,
                    "zone": "gis-2a"
                  },
                  {
                    "region": "ru-2",
                    "used": 0,
                    "value": 32,
                    "zone": "ru-2c"
                  },
                  {
                    "region": "ru-3",
                    "used": 0,
                    "value": 32,
                    "zone": "ru-3b"
                  },
                  {
                    "region": "ru-7",
                    "used": 0,
                    "value": 0,
                    "zone": "ru-7a"
                  },
                  {
                    "region": "ru-9",
                    "used": 0,
                    "value": 32,
                    "zone": "ru-9a"
                  }
                ]
              },
              {
                "resource_name": "compute_ram",
                "resource_quotas": [
                  {
                    "region": "gis-1",
                    "used": 0,
                    "value": 524288,
                    "zone": "gis-1a"
                  },
                  {
                    "region": "gis-2",
                    "used": 0,
                    "value": 524288,
                    "zone": "gis-2a"
                  },
                  {
                    "region": "ke-1",
                    "used": 0,
                    "value": 16384,
                    "zone": "ke-1a"
                  },
                  {
                    "region": "kz-1",
                    "used": 0,
                    "value": 524288,
                    "zone": "kz-1a"
                  },
                  {
                    "region": "ru-1",
                    "used": 0,
                    "value": 0,
                    "zone": "ru-1a"
                  },
                  {
                    "region": "ru-1",
                    "used": 0,
                    "value": 5120000,
                    "zone": "ru-1b"
                  },
                  {
                    "region": "ru-1",
                    "used": 0,
                    "value": 5120000,
                    "zone": "ru-1c"
                  },
                  {
                    "region": "ru-2",
                    "used": 0,
                    "value": 262144,
                    "zone": "ru-2a"
                  },
                  {
                    "region": "ru-2",
                    "used": 0,
                    "value": 262144,
                    "zone": "ru-2b"
                  },
                  {
                    "region": "ru-2",
                    "used": 0,
                    "value": 524288,
                    "zone": "ru-2c"
                  },
                  {
                    "region": "ru-3",
                    "used": 0,
                    "value": 1024000,
                    "zone": "ru-3a"
                  },
                  {
                    "region": "ru-3",
                    "used": 0,
                    "value": 5120000,
                    "zone": "ru-3b"
                  },
                  {
                    "region": "ru-7",
                    "used": 0,
                    "value": 0,
                    "zone": "ru-7a"
                  },
                  {
                    "region": "ru-7",
                    "used": 0,
                    "value": 5120000,
                    "zone": "ru-7b"
                  },
                  {
                    "region": "ru-8",
                    "used": 0,
                    "value": 5120000,
                    "zone": "ru-8a"
                  },
                  {
                    "region": "ru-9",
                    "used": 0,
                    "value": 5120000,
                    "zone": "ru-9a"
                  },
                  {
                    "region": "uz-1",
                    "used": 0,
                    "value": 524288,
                    "zone": "uz-1a"
                  },
                  {
                    "region": "uz-2",
                    "used": 0,
                    "value": 524288,
                    "zone": "uz-2a"
                  }
                ]
              },
              {
                "resource_name": "dbaas_compute_cores",
                "resource_quotas": [
                  {
                    "region": "ke-1",
                    "used": 0,
                    "value": 600,
                    "zone": ""
                  },
                  {
                    "region": "kz-1",
                    "used": 0,
                    "value": 600,
                    "zone": ""
                  },
                  {
                    "region": "ru-1",
                    "used": 0,
                    "value": 100000,
                    "zone": ""
                  },
                  {
                    "region": "ru-2",
                    "used": 0,
                    "value": 600,
                    "zone": ""
                  },
                  {
                    "region": "ru-3",
                    "used": 0,
                    "value": 600,
                    "zone": ""
                  },
                  {
                    "region": "ru-7",
                    "used": 0,
                    "value": 600,
                    "zone": ""
                  },
                  {
                    "region": "ru-8",
                    "used": 0,
                    "value": 600,
                    "zone": ""
                  },
                  {
                    "region": "ru-9",
                    "used": 0,
                    "value": 600,
                    "zone": ""
                  },
                  {
                    "region": "uz-1",
                    "used": 0,
                    "value": 75,
                    "zone": ""
                  },
                  {
                    "region": "uz-2",
                    "used": 0,
                    "value": 600,
                    "zone": ""
                  }
                ]
              },
              {
                "resource_name": "dbaas_compute_ram",
                "resource_quotas": [
                  {
                    "region": "ke-1",
                    "used": 0,
                    "value": 5120000,
                    "zone": ""
                  },
                  {
                    "region": "kz-1",
                    "used": 0,
                    "value": 5120000,
                    "zone": ""
                  },
                  {
                    "region": "ru-1",
                    "used": 0,
                    "value": 5120000,
                    "zone": ""
                  },
                  {
                    "region": "ru-2",
                    "used": 0,
                    "value": 5120000,
                    "zone": ""
                  },
                  {
                    "region": "ru-3",
                    "used": 0,
                    "value": 5120000,
                    "zone": ""
                  },
                  {
                    "region": "ru-7",
                    "used": 0,
                    "value": 5120000,
                    "zone": ""
                  },
                  {
                    "region": "ru-8",
                    "used": 0,
                    "value": 5120000,
                    "zone": ""
                  },
                  {
                    "region": "ru-9",
                    "used": 0,
                    "value": 5120000,
                    "zone": ""
                  },
                  {
                    "region": "uz-1",
                    "used": 0,
                    "value": 262144,
                    "zone": ""
                  },
                  {
                    "region": "uz-2",
                    "used": 0,
                    "value": 5120000,
                    "zone": ""
                  }
                ]
              },
              {
                "resource_name": "dbaas_volume_gigabytes_local",
                "resource_quotas": [
                  {
                    "region": "ke-1",
                    "used": 0,
                    "value": 5000,
                    "zone": ""
                  },
                  {
                    "region": "kz-1",
                    "used": 0,
                    "value": 5000,
                    "zone": ""
                  },
                  {
                    "region": "ru-1",
                    "used": 0,
                    "value": 5000,
                    "zone": ""
                  },
                  {
                    "region": "ru-2",
                    "used": 0,
                    "value": 5000,
                    "zone": ""
                  },
                  {
                    "region": "ru-3",
                    "used": 0,
                    "value": 15000,
                    "zone": ""
                  },
                  {
                    "region": "ru-7",
                    "used": 0,
                    "value": 15000,
                    "zone": ""
                  },
                  {
                    "region": "ru-8",
                    "used": 0,
                    "value": 5000,
                    "zone": ""
                  },
                  {
                    "region": "ru-9",
                    "used": 0,
                    "value": 15000,
                    "zone": ""
                  },
                  {
                    "region": "uz-1",
                    "used": 0,
                    "value": 2000,
                    "zone": ""
                  },
                  {
                    "region": "uz-2",
                    "used": 0,
                    "value": 5000,
                    "zone": ""
                  }
                ]
              },
              {
                "resource_name": "dbaas_volume_gigabytes_network_ultra",
                "resource_quotas": [
                  {
                    "region": "ke-1",
                    "used": 0,
                    "value": 1000,
                    "zone": ""
                  },
                  {
                    "region": "kz-1",
                    "used": 0,
                    "value": 5000,
                    "zone": ""
                  },
                  {
                    "region": "ru-1",
                    "used": 0,
                    "value": 1000,
                    "zone": ""
                  },
                  {
                    "region": "ru-2",
                    "used": 0,
                    "value": 1000,
                    "zone": ""
                  },
                  {
                    "region": "ru-3",
                    "used": 0,
                    "value": 5000,
                    "zone": ""
                  },
                  {
                    "region": "ru-7",
                    "used": 0,
                    "value": 5000,
                    "zone": ""
                  },
                  {
                    "region": "ru-8",
                    "used": 0,
                    "value": 1000,
                    "zone": ""
                  },
                  {
                    "region": "ru-9",
                    "used": 0,
                    "value": 5000,
                    "zone": ""
                  },
                  {
                    "region": "uz-1",
                    "used": 0,
                    "value": 2000,
                    "zone": ""
                  },
                  {
                    "region": "uz-2",
                    "used": 0,
                    "value": 5000,
                    "zone": ""
                  }
                ]
              },
              {
                "resource_name": "image_gigabytes",
                "resource_quotas": [
                  {
                    "region": "gis-1",
                    "used": 0,
                    "value": 10000,
                    "zone": ""
                  },
                  {
                    "region": "gis-2",
                    "used": 0,
                    "value": 10000,
                    "zone": ""
                  },
                  {
                    "region": "ke-1",
                    "used": 0,
                    "value": 10000,
                    "zone": ""
                  },
                  {
                    "region": "kz-1",
                    "used": 0,
                    "value": 10000,
                    "zone": ""
                  },
                  {
                    "region": "ru-1",
                    "used": 0,
                    "value": 150000,
                    "zone": ""
                  },
                  {
                    "region": "ru-2",
                    "used": 0,
                    "value": 150000,
                    "zone": ""
                  },
                  {
                    "region": "ru-3",
                    "used": 0,
                    "value": 150000,
                    "zone": ""
                  },
                  {
                    "region": "ru-7",
                    "used": 0,
                    "value": 150000,
                    "zone": ""
                  },
                  {
                    "region": "ru-8",
                    "used": 0,
                    "value": 150000,
                    "zone": ""
                  },
                  {
                    "region": "ru-9",
                    "used": 0,
                    "value": 150000,
                    "zone": ""
                  },
                  {
                    "region": "uz-1",
                    "used": 0,
                    "value": 10000,
                    "zone": ""
                  },
                  {
                    "region": "uz-2",
                    "used": 0,
                    "value": 10000,
                    "zone": ""
                  }
                ]
              },
              {
                "resource_name": "inference_service_compute_cores",
                "resource_quotas": [
                  {
                    "region": "ru-7",
                    "used": 0,
                    "value": 64,
                    "zone": ""
                  }
                ]
              },
              {
                "resource_name": "inference_service_compute_cores_hifreq",
                "resource_quotas": [
                  {
                    "region": "ru-7",
                    "used": 0,
                    "value": 64,
                    "zone": ""
                  }
                ]
              },
              {
                "resource_name": "inference_service_compute_ram",
                "resource_quotas": [
                  {
                    "region": "ru-7",
                    "used": 0,
                    "value": 1048576,
                    "zone": ""
                  }
                ]
              },
              {
                "resource_name": "inference_service_compute_ram_hifreq",
                "resource_quotas": [
                  {
                    "region": "ru-7",
                    "used": 0,
                    "value": 1048576,
                    "zone": ""
                  }
                ]
              },
              {
                "resource_name": "inference_service_gpu_nvidia_a100_40",
                "resource_quotas": [
                  {
                    "region": "ru-7",
                    "used": 0,
                    "value": 0,
                    "zone": ""
                  }
                ]
              },
              {
                "resource_name": "inference_service_gpu_nvidia_a100_80",
                "resource_quotas": [
                  {
                    "region": "ru-7",
                    "used": 0,
                    "value": 0,
                    "zone": ""
                  }
                ]
              },
              {
                "resource_name": "inference_service_gpu_nvidia_a2000_6",
                "resource_quotas": [
                  {
                    "region": "ru-7",
                    "used": 0,
                    "value": 0,
                    "zone": ""
                  }
                ]
              },
              {
                "resource_name": "inference_service_gpu_nvidia_a2_16",
                "resource_quotas": [
                  {
                    "region": "ru-7",
                    "used": 0,
                    "value": 0,
                    "zone": ""
                  }
                ]
              },
              {
                "resource_name": "inference_service_gpu_nvidia_a30_24",
                "resource_quotas": [
                  {
                    "region": "ru-7",
                    "used": 0,
                    "value": 0,
                    "zone": ""
                  }
                ]
              },
              {
                "resource_name": "inference_service_gpu_nvidia_a5000_24",
                "resource_quotas": [
                  {
                    "region": "ru-7",
                    "used": 0,
                    "value": 0,
                    "zone": ""
                  }
                ]
              },
              {
                "resource_name": "inference_service_gpu_nvidia_rtx4090_24",
                "resource_quotas": [
                  {
                    "region": "ru-7",
                    "used": 0,
                    "value": 0,
                    "zone": ""
                  }
                ]
              },
              {
                "resource_name": "inference_service_gpu_nvidia_rtx6000_ada_48",
                "resource_quotas": [
                  {
                    "region": "ru-7",
                    "used": 0,
                    "value": 0,
                    "zone": ""
                  }
                ]
              },
              {
                "resource_name": "inference_service_gpu_nvidia_t4_16",
                "resource_quotas": [
                  {
                    "region": "ru-7",
                    "used": 0,
                    "value": 0,
                    "zone": ""
                  }
                ]
              },
              {
                "resource_name": "inference_service_volume_fast",
                "resource_quotas": [
                  {
                    "region": "ru-7",
                    "used": 0,
                    "value": 2048,
                    "zone": ""
                  }
                ]
              },
              {
                "resource_name": "license_windows_2012_standard",
                "resource_quotas": [
                  {
                    "region": "gis-1",
                    "used": 0,
                    "value": 0,
                    "zone": ""
                  },
                  {
                    "region": "ke-1",
                    "used": 0,
                    "value": 0,
                    "zone": ""
                  },
                  {
                    "region": "kz-1",
                    "used": 0,
                    "value": 0,
                    "zone": ""
                  },
                  {
                    "region": "ru-1",
                    "used": 0,
                    "value": 0,
                    "zone": ""
                  },
                  {
                    "region": "ru-2",
                    "used": 0,
                    "value": 0,
                    "zone": ""
                  },
                  {
                    "region": "ru-3",
                    "used": 0,
                    "value": 0,
                    "zone": ""
                  },
                  {
                    "region": "ru-7",
                    "used": 0,
                    "value": 0,
                    "zone": ""
                  },
                  {
                    "region": "ru-8",
                    "used": 0,
                    "value": 0,
                    "zone": ""
                  },
                  {
                    "region": "ru-9",
                    "used": 0,
                    "value": 0,
                    "zone": ""
                  },
                  {
                    "region": "uz-1",
                    "used": 0,
                    "value": 0,
                    "zone": ""
                  },
                  {
                    "region": "uz-2",
                    "used": 0,
                    "value": 0,
                    "zone": ""
                  }
                ]
              },
              {
                "resource_name": "license_windows_2016_standard",
                "resource_quotas": [
                  {
                    "region": "gis-1",
                    "used": 0,
                    "value": 0,
                    "zone": ""
                  },
                  {
                    "region": "ke-1",
                    "used": 0,
                    "value": 0,
                    "zone": ""
                  },
                  {
                    "region": "kz-1",
                    "used": 0,
                    "value": 0,
                    "zone": ""
                  },
                  {
                    "region": "ru-1",
                    "used": 0,
                    "value": 0,
                    "zone": ""
                  },
                  {
                    "region": "ru-2",
                    "used": 0,
                    "value": 0,
                    "zone": ""
                  },
                  {
                    "region": "ru-3",
                    "used": 0,
                    "value": 0,
                    "zone": ""
                  },
                  {
                    "region": "ru-7",
                    "used": 0,
                    "value": 0,
                    "zone": ""
                  },
                  {
                    "region": "ru-8",
                    "used": 0,
                    "value": 0,
                    "zone": ""
                  },
                  {
                    "region": "ru-9",
                    "used": 0,
                    "value": 0,
                    "zone": ""
                  },
                  {
                    "region": "uz-1",
                    "used": 0,
                    "value": 0,
                    "zone": ""
                  },
                  {
                    "region": "uz-2",
                    "used": 0,
                    "value": 0,
                    "zone": ""
                  }
                ]
              },
              {
                "resource_name": "license_windows_2019_standard",
                "resource_quotas": [
                  {
                    "region": "gis-1",
                    "used": 0,
                    "value": 0,
                    "zone": ""
                  },
                  {
                    "region": "ke-1",
                    "used": 0,
                    "value": 0,
                    "zone": ""
                  },
                  {
                    "region": "kz-1",
                    "used": 0,
                    "value": 0,
                    "zone": ""
                  },
                  {
                    "region": "ru-1",
                    "used": 0,
                    "value": 0,
                    "zone": ""
                  },
                  {
                    "region": "ru-2",
                    "used": 0,
                    "value": 0,
                    "zone": ""
                  },
                  {
                    "region": "ru-3",
                    "used": 0,
                    "value": 0,
                    "zone": ""
                  },
                  {
                    "region": "ru-7",
                    "used": 0,
                    "value": 0,
                    "zone": ""
                  },
                  {
                    "region": "ru-8",
                    "used": 0,
                    "value": 0,
                    "zone": ""
                  },
                  {
                    "region": "ru-9",
                    "used": 0,
                    "value": 0,
                    "zone": ""
                  },
                  {
                    "region": "uz-1",
                    "used": 0,
                    "value": 0,
                    "zone": ""
                  },
                  {
                    "region": "uz-2",
                    "used": 0,
                    "value": 0,
                    "zone": ""
                  }
                ]
              },
              {
                "resource_name": "load_balancers",
                "resource_quotas": [
                  {
                    "region": "gis-1",
                    "used": 0,
                    "value": 100,
                    "zone": ""
                  },
                  {
                    "region": "gis-2",
                    "used": 0,
                    "value": 100,
                    "zone": ""
                  },
                  {
                    "region": "ke-1",
                    "used": 0,
                    "value": 100,
                    "zone": ""
                  },
                  {
                    "region": "kz-1",
                    "used": 0,
                    "value": 100,
                    "zone": ""
                  },
                  {
                    "region": "ru-1",
                    "used": 0,
                    "value": 100,
                    "zone": ""
                  },
                  {
                    "region": "ru-2",
                    "used": 0,
                    "value": 100,
                    "zone": ""
                  },
                  {
                    "region": "ru-3",
                    "used": 0,
                    "value": 100,
                    "zone": ""
                  },
                  {
                    "region": "ru-7",
                    "used": 0,
                    "value": 100,
                    "zone": ""
                  },
                  {
                    "region": "ru-8",
                    "used": 0,
                    "value": 100,
                    "zone": ""
                  },
                  {
                    "region": "ru-9",
                    "used": 0,
                    "value": 100,
                    "zone": ""
                  },
                  {
                    "region": "uz-1",
                    "used": 0,
                    "value": 100,
                    "zone": ""
                  },
                  {
                    "region": "uz-2",
                    "used": 0,
                    "value": 100,
                    "zone": ""
                  }
                ]
              },
              {
                "resource_name": "mks_cluster_regional",
                "resource_quotas": [
                  {
                    "region": "ke-1",
                    "used": 0,
                    "value": 20,
                    "zone": ""
                  },
                  {
                    "region": "kz-1",
                    "used": 0,
                    "value": 20,
                    "zone": ""
                  },
                  {
                    "region": "ru-1",
                    "used": 0,
                    "value": 200,
                    "zone": ""
                  },
                  {
                    "region": "ru-2",
                    "used": 0,
                    "value": 200,
                    "zone": ""
                  },
                  {
                    "region": "ru-3",
                    "used": 0,
                    "value": 200,
                    "zone": ""
                  },
                  {
                    "region": "ru-7",
                    "used": 0,
                    "value": 200,
                    "zone": ""
                  },
                  {
                    "region": "ru-8",
                    "used": 0,
                    "value": 200,
                    "zone": ""
                  },
                  {
                    "region": "ru-9",
                    "used": 0,
                    "value": 200,
                    "zone": ""
                  },
                  {
                    "region": "uz-1",
                    "used": 0,
                    "value": 20,
                    "zone": ""
                  },
                  {
                    "region": "uz-2",
                    "used": 0,
                    "value": 20,
                    "zone": ""
                  }
                ]
              },
              {
                "resource_name": "mks_cluster_zonal",
                "resource_quotas": [
                  {
                    "region": "ke-1",
                    "used": 0,
                    "value": 20,
                    "zone": ""
                  },
                  {
                    "region": "kz-1",
                    "used": 0,
                    "value": 20,
                    "zone": ""
                  },
                  {
                    "region": "ru-1",
                    "used": 0,
                    "value": 200,
                    "zone": ""
                  },
                  {
                    "region": "ru-2",
                    "used": 0,
                    "value": 200,
                    "zone": ""
                  },
                  {
                    "region": "ru-3",
                    "used": 0,
                    "value": 200,
                    "zone": ""
                  },
                  {
                    "region": "ru-7",
                    "used": 0,
                    "value": 200,
                    "zone": ""
                  },
                  {
                    "region": "ru-8",
                    "used": 0,
                    "value": 200,
                    "zone": ""
                  },
                  {
                    "region": "ru-9",
                    "used": 0,
                    "value": 200,
                    "zone": ""
                  },
                  {
                    "region": "uz-1",
                    "used": 0,
                    "value": 20,
                    "zone": ""
                  },
                  {
                    "region": "uz-2",
                    "used": 0,
                    "value": 20,
                    "zone": ""
                  }
                ]
              },
              {
                "resource_name": "network_floatingips",
                "resource_quotas": [
                  {
                    "region": "gis-1",
                    "used": 0,
                    "value": 1,
                    "zone": ""
                  },
                  {
                    "region": "gis-2",
                    "used": 0,
                    "value": 1,
                    "zone": ""
                  },
                  {
                    "region": "ke-1",
                    "used": 0,
                    "value": 12,
                    "zone": ""
                  },
                  {
                    "region": "kz-1",
                    "used": 0,
                    "value": 12,
                    "zone": ""
                  },
                  {
                    "region": "ru-1",
                    "used": 0,
                    "value": 1,
                    "zone": ""
                  },
                  {
                    "region": "ru-2",
                    "used": 0,
                    "value": 1,
                    "zone": ""
                  },
                  {
                    "region": "ru-3",
                    "used": 0,
                    "value": 1,
                    "zone": ""
                  },
                  {
                    "region": "ru-7",
                    "used": 0,
                    "value": 1,
                    "zone": ""
                  },
                  {
                    "region": "ru-8",
                    "used": 0,
                    "value": 1,
                    "zone": ""
                  },
                  {
                    "region": "ru-9",
                    "used": 0,
                    "value": 1,
                    "zone": ""
                  },
                  {
                    "region": "uz-1",
                    "used": 0,
                    "value": 12,
                    "zone": ""
                  },
                  {
                    "region": "uz-2",
                    "used": 0,
                    "value": 12,
                    "zone": ""
                  }
                ]
              },
              {
                "resource_name": "network_subnets_24",
                "resource_quotas": [
                  {
                    "region": "gis-1",
                    "used": 0,
                    "value": 0,
                    "zone": ""
                  },
                  {
                    "region": "gis-2",
                    "used": 0,
                    "value": 0,
                    "zone": ""
                  },
                  {
                    "region": "ke-1",
                    "used": 0,
                    "value": 0,
                    "zone": ""
                  },
                  {
                    "region": "kz-1",
                    "used": 0,
                    "value": 0,
                    "zone": ""
                  },
                  {
                    "region": "ru-1",
                    "used": 0,
                    "value": 0,
                    "zone": ""
                  },
                  {
                    "region": "ru-2",
                    "used": 0,
                    "value": 0,
                    "zone": ""
                  },
                  {
                    "region": "ru-3",
                    "used": 0,
                    "value": 0,
                    "zone": ""
                  },
                  {
                    "region": "ru-7",
                    "used": 0,
                    "value": 0,
                    "zone": ""
                  },
                  {
                    "region": "ru-8",
                    "used": 0,
                    "value": 0,
                    "zone": ""
                  },
                  {
                    "region": "ru-9",
                    "used": 0,
                    "value": 0,
                    "zone": ""
                  },
                  {
                    "region": "uz-1",
                    "used": 0,
                    "value": 0,
                    "zone": ""
                  },
                  {
                    "region": "uz-2",
                    "used": 0,
                    "value": 0,
                    "zone": ""
                  }
                ]
              },
              {
                "resource_name": "network_subnets_25",
                "resource_quotas": [
                  {
                    "region": "gis-1",
                    "used": 0,
                    "value": 0,
                    "zone": ""
                  },
                  {
                    "region": "gis-2",
                    "used": 0,
                    "value": 0,
                    "zone": ""
                  },
                  {
                    "region": "ke-1",
                    "used": 0,
                    "value": 0,
                    "zone": ""
                  },
                  {
                    "region": "kz-1",
                    "used": 0,
                    "value": 0,
                    "zone": ""
                  },
                  {
                    "region": "ru-1",
                    "used": 0,
                    "value": 0,
                    "zone": ""
                  },
                  {
                    "region": "ru-2",
                    "used": 0,
                    "value": 0,
                    "zone": ""
                  },
                  {
                    "region": "ru-3",
                    "used": 0,
                    "value": 0,
                    "zone": ""
                  },
                  {
                    "region": "ru-7",
                    "used": 0,
                    "value": 0,
                    "zone": ""
                  },
                  {
                    "region": "ru-8",
                    "used": 0,
                    "value": 0,
                    "zone": ""
                  },
                  {
                    "region": "ru-9",
                    "used": 0,
                    "value": 0,
                    "zone": ""
                  },
                  {
                    "region": "uz-1",
                    "used": 0,
                    "value": 0,
                    "zone": ""
                  },
                  {
                    "region": "uz-2",
                    "used": 0,
                    "value": 0,
                    "zone": ""
                  }
                ]
              },
              {
                "resource_name": "network_subnets_26",
                "resource_quotas": [
                  {
                    "region": "gis-1",
                    "used": 0,
                    "value": 0,
                    "zone": ""
                  },
                  {
                    "region": "gis-2",
                    "used": 0,
                    "value": 0,
                    "zone": ""
                  },
                  {
                    "region": "ke-1",
                    "used": 0,
                    "value": 0,
                    "zone": ""
                  },
                  {
                    "region": "kz-1",
                    "used": 0,
                    "value": 0,
                    "zone": ""
                  },
                  {
                    "region": "ru-1",
                    "used": 0,
                    "value": 0,
                    "zone": ""
                  },
                  {
                    "region": "ru-2",
                    "used": 0,
                    "value": 0,
                    "zone": ""
                  },
                  {
                    "region": "ru-3",
                    "used": 0,
                    "value": 0,
                    "zone": ""
                  },
                  {
                    "region": "ru-7",
                    "used": 0,
                    "value": 0,
                    "zone": ""
                  },
                  {
                    "region": "ru-8",
                    "used": 0,
                    "value": 0,
                    "zone": ""
                  },
                  {
                    "region": "ru-9",
                    "used": 0,
                    "value": 0,
                    "zone": ""
                  },
                  {
                    "region": "uz-1",
                    "used": 0,
                    "value": 0,
                    "zone": ""
                  },
                  {
                    "region": "uz-2",
                    "used": 0,
                    "value": 0,
                    "zone": ""
                  }
                ]
              },
              {
                "resource_name": "network_subnets_27",
                "resource_quotas": [
                  {
                    "region": "gis-1",
                    "used": 0,
                    "value": 0,
                    "zone": ""
                  },
                  {
                    "region": "gis-2",
                    "used": 0,
                    "value": 0,
                    "zone": ""
                  },
                  {
                    "region": "ke-1",
                    "used": 0,
                    "value": 0,
                    "zone": ""
                  },
                  {
                    "region": "kz-1",
                    "used": 0,
                    "value": 0,
                    "zone": ""
                  },
                  {
                    "region": "ru-1",
                    "used": 0,
                    "value": 0,
                    "zone": ""
                  },
                  {
                    "region": "ru-2",
                    "used": 0,
                    "value": 0,
                    "zone": ""
                  },
                  {
                    "region": "ru-3",
                    "used": 0,
                    "value": 0,
                    "zone": ""
                  },
                  {
                    "region": "ru-7",
                    "used": 0,
                    "value": 0,
                    "zone": ""
                  },
                  {
                    "region": "ru-8",
                    "used": 0,
                    "value": 0,
                    "zone": ""
                  },
                  {
                    "region": "ru-9",
                    "used": 0,
                    "value": 0,
                    "zone": ""
                  },
                  {
                    "region": "uz-1",
                    "used": 0,
                    "value": 0,
                    "zone": ""
                  },
                  {
                    "region": "uz-2",
                    "used": 0,
                    "value": 0,
                    "zone": ""
                  }
                ]
              },
              {
                "resource_name": "network_subnets_28",
                "resource_quotas": [
                  {
                    "region": "gis-1",
                    "used": 0,
                    "value": 0,
                    "zone": ""
                  },
                  {
                    "region": "gis-2",
                    "used": 0,
                    "value": 0,
                    "zone": ""
                  },
                  {
                    "region": "ke-1",
                    "used": 0,
                    "value": 0,
                    "zone": ""
                  },
                  {
                    "region": "kz-1",
                    "used": 0,
                    "value": 0,
                    "zone": ""
                  },
                  {
                    "region": "ru-1",
                    "used": 0,
                    "value": 0,
                    "zone": ""
                  },
                  {
                    "region": "ru-2",
                    "used": 0,
                    "value": 0,
                    "zone": ""
                  },
                  {
                    "region": "ru-3",
                    "used": 0,
                    "value": 0,
                    "zone": ""
                  },
                  {
                    "region": "ru-7",
                    "used": 0,
                    "value": 0,
                    "zone": ""
                  },
                  {
                    "region": "ru-8",
                    "used": 0,
                    "value": 0,
                    "zone": ""
                  },
                  {
                    "region": "ru-9",
                    "used": 0,
                    "value": 0,
                    "zone": ""
                  },
                  {
                    "region": "uz-1",
                    "used": 0,
                    "value": 0,
                    "zone": ""
                  },
                  {
                    "region": "uz-2",
                    "used": 0,
                    "value": 0,
                    "zone": ""
                  }
                ]
              },
              {
                "resource_name": "network_subnets_29",
                "resource_quotas": [
                  {
                    "region": "gis-1",
                    "used": 0,
                    "value": 1,
                    "zone": ""
                  },
                  {
                    "region": "gis-2",
                    "used": 0,
                    "value": 1,
                    "zone": ""
                  },
                  {
                    "region": "ke-1",
                    "used": 0,
                    "value": 1,
                    "zone": ""
                  },
                  {
                    "region": "kz-1",
                    "used": 0,
                    "value": 1,
                    "zone": ""
                  },
                  {
                    "region": "ru-1",
                    "used": 0,
                    "value": 1,
                    "zone": ""
                  },
                  {
                    "region": "ru-2",
                    "used": 0,
                    "value": 1,
                    "zone": ""
                  },
                  {
                    "region": "ru-3",
                    "used": 0,
                    "value": 1,
                    "zone": ""
                  },
                  {
                    "region": "ru-7",
                    "used": 0,
                    "value": 1,
                    "zone": ""
                  },
                  {
                    "region": "ru-8",
                    "used": 0,
                    "value": 1,
                    "zone": ""
                  },
                  {
                    "region": "ru-9",
                    "used": 0,
                    "value": 1,
                    "zone": ""
                  },
                  {
                    "region": "uz-1",
                    "used": 0,
                    "value": 1,
                    "zone": ""
                  },
                  {
                    "region": "uz-2",
                    "used": 0,
                    "value": 1,
                    "zone": ""
                  }
                ]
              },
              {
                "resource_name": "private_dns_services",
                "resource_quotas": [
                  {
                    "region": "gis-1",
                    "used": 0,
                    "value": 10,
                    "zone": ""
                  },
                  {
                    "region": "gis-2",
                    "used": 0,
                    "value": 10,
                    "zone": ""
                  },
                  {
                    "region": "ke-1",
                    "used": 0,
                    "value": 10,
                    "zone": ""
                  },
                  {
                    "region": "kz-1",
                    "used": 0,
                    "value": 10,
                    "zone": ""
                  },
                  {
                    "region": "ru-1",
                    "used": 0,
                    "value": 10,
                    "zone": ""
                  },
                  {
                    "region": "ru-2",
                    "used": 0,
                    "value": 10,
                    "zone": ""
                  },
                  {
                    "region": "ru-3",
                    "used": 0,
                    "value": 10,
                    "zone": ""
                  },
                  {
                    "region": "ru-7",
                    "used": 0,
                    "value": 10,
                    "zone": ""
                  },
                  {
                    "region": "ru-8",
                    "used": 0,
                    "value": 10,
                    "zone": ""
                  },
                  {
                    "region": "ru-9",
                    "used": 0,
                    "value": 10,
                    "zone": ""
                  },
                  {
                    "region": "uz-1",
                    "used": 0,
                    "value": 10,
                    "zone": ""
                  },
                  {
                    "region": "uz-2",
                    "used": 0,
                    "value": 10,
                    "zone": ""
                  }
                ]
              },
              {
                "resource_name": "share_gigabytes_basic",
                "resource_quotas": [
                  {
                    "region": "gis-1",
                    "used": 0,
                    "value": 51200,
                    "zone": "gis-1a"
                  },
                  {
                    "region": "gis-2",
                    "used": 0,
                    "value": 51200,
                    "zone": "gis-2a"
                  },
                  {
                    "region": "ke-1",
                    "used": 0,
                    "value": 51200,
                    "zone": "ke-1a"
                  },
                  {
                    "region": "kz-1",
                    "used": 0,
                    "value": 51200,
                    "zone": "kz-1a"
                  },
                  {
                    "region": "ru-1",
                    "used": 0,
                    "value": 51200,
                    "zone": "ru-1a"
                  },
                  {
                    "region": "ru-1",
                    "used": 0,
                    "value": 51200,
                    "zone": "ru-1b"
                  },
                  {
                    "region": "ru-1",
                    "used": 0,
                    "value": 51200,
                    "zone": "ru-1c"
                  },
                  {
                    "region": "ru-2",
                    "used": 0,
                    "value": 51200,
                    "zone": "ru-2a"
                  },
                  {
                    "region": "ru-2",
                    "used": 0,
                    "value": 51200,
                    "zone": "ru-2b"
                  },
                  {
                    "region": "ru-2",
                    "used": 0,
                    "value": 51200,
                    "zone": "ru-2c"
                  },
                  {
                    "region": "ru-3",
                    "used": 0,
                    "value": 51200,
                    "zone": "ru-3a"
                  },
                  {
                    "region": "ru-3",
                    "used": 0,
                    "value": 51200,
                    "zone": "ru-3b"
                  },
                  {
                    "region": "ru-7",
                    "used": 0,
                    "value": 51200,
                    "zone": "ru-7a"
                  },
                  {
                    "region": "ru-7",
                    "used": 0,
                    "value": 51200,
                    "zone": "ru-7b"
                  },
                  {
                    "region": "ru-8",
                    "used": 0,
                    "value": 51200,
                    "zone": "ru-8a"
                  },
                  {
                    "region": "ru-9",
                    "used": 0,
                    "value": 51200,
                    "zone": "ru-9a"
                  },
                  {
                    "region": "uz-1",
                    "used": 0,
                    "value": 51200,
                    "zone": "uz-1a"
                  },
                  {
                    "region": "uz-2",
                    "used": 0,
                    "value": 51200,
                    "zone": "uz-2a"
                  }
                ]
              },
              {
                "resource_name": "share_gigabytes_fast",
                "resource_quotas": [
                  {
                    "region": "gis-1",
                    "used": 0,
                    "value": 51200,
                    "zone": "gis-1a"
                  },
                  {
                    "region": "gis-2",
                    "used": 0,
                    "value": 51200,
                    "zone": "gis-2a"
                  },
                  {
                    "region": "ke-1",
                    "used": 0,
                    "value": 51200,
                    "zone": "ke-1a"
                  },
                  {
                    "region": "kz-1",
                    "used": 0,
                    "value": 51200,
                    "zone": "kz-1a"
                  },
                  {
                    "region": "ru-1",
                    "used": 0,
                    "value": 51200,
                    "zone": "ru-1c"
                  },
                  {
                    "region": "ru-2",
                    "used": 0,
                    "value": 51200,
                    "zone": "ru-2c"
                  },
                  {
                    "region": "ru-3",
                    "used": 0,
                    "value": 51200,
                    "zone": "ru-3b"
                  },
                  {
                    "region": "ru-7",
                    "used": 0,
                    "value": 51200,
                    "zone": "ru-7a"
                  },
                  {
                    "region": "ru-7",
                    "used": 0,
                    "value": 51200,
                    "zone": "ru-7b"
                  },
                  {
                    "region": "ru-8",
                    "used": 0,
                    "value": 51200,
                    "zone": "ru-8a"
                  },
                  {
                    "region": "ru-9",
                    "used": 0,
                    "value": 51200,
                    "zone": "ru-9a"
                  },
                  {
                    "region": "uz-1",
                    "used": 0,
                    "value": 51200,
                    "zone": "uz-1a"
                  },
                  {
                    "region": "uz-2",
                    "used": 0,
                    "value": 51200,
                    "zone": "uz-2a"
                  }
                ]
              },
              {
                "resource_name": "share_gigabytes_universal",
                "resource_quotas": [
                  {
                    "region": "gis-1",
                    "used": 0,
                    "value": 51200,
                    "zone": "gis-1a"
                  },
                  {
                    "region": "gis-2",
                    "used": 0,
                    "value": 51200,
                    "zone": "gis-2a"
                  },
                  {
                    "region": "ke-1",
                    "used": 0,
                    "value": 51200,
                    "zone": "ke-1a"
                  },
                  {
                    "region": "kz-1",
                    "used": 0,
                    "value": 51200,
                    "zone": "kz-1a"
                  },
                  {
                    "region": "ru-1",
                    "used": 0,
                    "value": 51200,
                    "zone": "ru-1c"
                  },
                  {
                    "region": "ru-2",
                    "used": 0,
                    "value": 51200,
                    "zone": "ru-2c"
                  },
                  {
                    "region": "ru-3",
                    "used": 0,
                    "value": 51200,
                    "zone": "ru-3b"
                  },
                  {
                    "region": "ru-7",
                    "used": 0,
                    "value": 51200,
                    "zone": "ru-7a"
                  },
                  {
                    "region": "ru-7",
                    "used": 0,
                    "value": 51200,
                    "zone": "ru-7b"
                  },
                  {
                    "region": "ru-8",
                    "used": 0,
                    "value": 51200,
                    "zone": "ru-8a"
                  },
                  {
                    "region": "ru-9",
                    "used": 0,
                    "value": 51200,
                    "zone": "ru-9a"
                  },
                  {
                    "region": "uz-1",
                    "used": 0,
                    "value": 51200,
                    "zone": "uz-1a"
                  },
                  {
                    "region": "uz-2",
                    "used": 0,
                    "value": 51200,
                    "zone": "uz-2a"
                  }
                ]
              },
              {
                "resource_name": "volume_gigabytes_basic",
                "resource_quotas": [
                  {
                    "region": "gis-1",
                    "used": 0,
                    "value": 10000,
                    "zone": "gis-1a"
                  },
                  {
                    "region": "gis-2",
                    "used": 0,
                    "value": 10000,
                    "zone": "gis-2a"
                  },
                  {
                    "region": "ke-1",
                    "used": 0,
                    "value": 1000,
                    "zone": "ke-1a"
                  },
                  {
                    "region": "kz-1",
                    "used": 0,
                    "value": 10000,
                    "zone": "kz-1a"
                  },
                  {
                    "region": "ru-1",
                    "used": 0,
                    "value": 10000,
                    "zone": "ru-1a"
                  },
                  {
                    "region": "ru-1",
                    "used": 0,
                    "value": 10000,
                    "zone": "ru-1b"
                  },
                  {
                    "region": "ru-1",
                    "used": 0,
                    "value": 10000,
                    "zone": "ru-1c"
                  },
                  {
                    "region": "ru-2",
                    "used": 0,
                    "value": 10000,
                    "zone": "ru-2a"
                  },
                  {
                    "region": "ru-2",
                    "used": 0,
                    "value": 10000,
                    "zone": "ru-2b"
                  },
                  {
                    "region": "ru-2",
                    "used": 0,
                    "value": 10000,
                    "zone": "ru-2c"
                  },
                  {
                    "region": "ru-3",
                    "used": 0,
                    "value": 10000,
                    "zone": "ru-3a"
                  },
                  {
                    "region": "ru-3",
                    "used": 0,
                    "value": 5000,
                    "zone": "ru-3b"
                  },
                  {
                    "region": "ru-7",
                    "used": 0,
                    "value": 10000,
                    "zone": "ru-7a"
                  },
                  {
                    "region": "ru-7",
                    "used": 0,
                    "value": 10000,
                    "zone": "ru-7b"
                  },
                  {
                    "region": "ru-8",
                    "used": 0,
                    "value": 10000,
                    "zone": "ru-8a"
                  },
                  {
                    "region": "ru-9",
                    "used": 0,
                    "value": 10000,
                    "zone": "ru-9a"
                  },
                  {
                    "region": "uz-1",
                    "used": 0,
                    "value": 10000,
                    "zone": "uz-1a"
                  },
                  {
                    "region": "uz-2",
                    "used": 0,
                    "value": 10000,
                    "zone": "uz-2a"
                  }
                ]
              },
              {
                "resource_name": "volume_gigabytes_basicssd",
                "resource_quotas": [
                  {
                    "region": "ru-2",
                    "used": 0,
                    "value": 600,
                    "zone": "ru-2b"
                  },
                  {
                    "region": "ru-2",
                    "used": 0,
                    "value": 600,
                    "zone": "ru-2c"
                  },
                  {
                    "region": "ru-3",
                    "used": 0,
                    "value": 600,
                    "zone": "ru-3b"
                  },
                  {
                    "region": "ru-7",
                    "used": 0,
                    "value": 600,
                    "zone": "ru-7a"
                  },
                  {
                    "region": "ru-7",
                    "used": 0,
                    "value": 600,
                    "zone": "ru-7b"
                  },
                  {
                    "region": "ru-8",
                    "used": 0,
                    "value": 600,
                    "zone": "ru-8a"
                  },
                  {
                    "region": "ru-9",
                    "used": 0,
                    "value": 600,
                    "zone": "ru-9a"
                  }
                ]
              },
              {
                "resource_name": "volume_gigabytes_fast",
                "resource_quotas": [
                  {
                    "region": "gis-1",
                    "used": 0,
                    "value": 5000,
                    "zone": "gis-1a"
                  },
                  {
                    "region": "gis-2",
                    "used": 0,
                    "value": 5000,
                    "zone": "gis-2a"
                  },
                  {
                    "region": "ke-1",
                    "used": 0,
                    "value": 1000,
                    "zone": "ke-1a"
                  },
                  {
                    "region": "kz-1",
                    "used": 0,
                    "value": 5000,
                    "zone": "kz-1a"
                  },
                  {
                    "region": "ru-1",
                    "used": 0,
                    "value": 1000,
                    "zone": "ru-1a"
                  },
                  {
                    "region": "ru-1",
                    "used": 0,
                    "value": 1000,
                    "zone": "ru-1b"
                  },
                  {
                    "region": "ru-1",
                    "used": 0,
                    "value": 5000,
                    "zone": "ru-1c"
                  },
                  {
                    "region": "ru-2",
                    "used": 0,
                    "value": 1000,
                    "zone": "ru-2a"
                  },
                  {
                    "region": "ru-2",
                    "used": 0,
                    "value": 5000,
                    "zone": "ru-2b"
                  },
                  {
                    "region": "ru-2",
                    "used": 0,
                    "value": 5000,
                    "zone": "ru-2c"
                  },
                  {
                    "region": "ru-3",
                    "used": 0,
                    "value": 5000,
                    "zone": "ru-3a"
                  },
                  {
                    "region": "ru-3",
                    "used": 0,
                    "value": 5000,
                    "zone": "ru-3b"
                  },
                  {
                    "region": "ru-7",
                    "used": 0,
                    "value": 5000,
                    "zone": "ru-7a"
                  },
                  {
                    "region": "ru-7",
                    "used": 0,
                    "value": 5000,
                    "zone": "ru-7b"
                  },
                  {
                    "region": "ru-8",
                    "used": 0,
                    "value": 1000,
                    "zone": "ru-8a"
                  },
                  {
                    "region": "ru-9",
                    "used": 0,
                    "value": 5000,
                    "zone": "ru-9a"
                  },
                  {
                    "region": "uz-1",
                    "used": 0,
                    "value": 5000,
                    "zone": "uz-1a"
                  },
                  {
                    "region": "uz-2",
                    "used": 0,
                    "value": 5000,
                    "zone": "uz-2a"
                  }
                ]
              },
              {
                "resource_name": "volume_gigabytes_local",
                "resource_quotas": [
                  {
                    "region": "gis-1",
                    "used": 0,
                    "value": 2000,
                    "zone": "gis-1a"
                  },
                  {
                    "region": "gis-2",
                    "used": 0,
                    "value": 2000,
                    "zone": "gis-2a"
                  },
                  {
                    "region": "ke-1",
                    "used": 0,
                    "value": 128,
                    "zone": "ke-1a"
                  },
                  {
                    "region": "kz-1",
                    "used": 0,
                    "value": 2000,
                    "zone": "kz-1a"
                  },
                  {
                    "region": "ru-1",
                    "used": 0,
                    "value": 5000,
                    "zone": "ru-1c"
                  },
                  {
                    "region": "ru-1",
                    "used": 0,
                    "value": 500,
                    "zone": "ru-1a"
                  },
                  {
                    "region": "ru-1",
                    "used": 0,
                    "value": 500,
                    "zone": "ru-1b"
                  },
                  {
                    "region": "ru-2",
                    "used": 0,
                    "value": 0,
                    "zone": "ru-2a"
                  },
                  {
                    "region": "ru-2",
                    "used": 0,
                    "value": 1000,
                    "zone": "ru-2b"
                  },
                  {
                    "region": "ru-2",
                    "used": 0,
                    "value": 2000,
                    "zone": "ru-2c"
                  },
                  {
                    "region": "ru-3",
                    "used": 0,
                    "value": 1000,
                    "zone": "ru-3a"
                  },
                  {
                    "region": "ru-3",
                    "used": 0,
                    "value": 2000,
                    "zone": "ru-3b"
                  },
                  {
                    "region": "ru-7",
                    "used": 0,
                    "value": 0,
                    "zone": "ru-7a"
                  },
                  {
                    "region": "ru-7",
                    "used": 0,
                    "value": 8000,
                    "zone": "ru-7b"
                  },
                  {
                    "region": "ru-8",
                    "used": 0,
                    "value": 500,
                    "zone": "ru-8a"
                  },
                  {
                    "region": "ru-9",
                    "used": 0,
                    "value": 500,
                    "zone": "ru-9a"
                  },
                  {
                    "region": "uz-1",
                    "used": 0,
                    "value": 2000,
                    "zone": "uz-1a"
                  },
                  {
                    "region": "uz-2",
                    "used": 0,
                    "value": 2000,
                    "zone": "uz-2a"
                  }
                ]
              },
              {
                "resource_name": "volume_gigabytes_universal",
                "resource_quotas": [
                  {
                    "region": "gis-1",
                    "used": 0,
                    "value": 10000,
                    "zone": "gis-1a"
                  },
                  {
                    "region": "gis-2",
                    "used": 0,
                    "value": 10000,
                    "zone": "gis-2a"
                  },
                  {
                    "region": "ke-1",
                    "used": 0,
                    "value": 1000,
                    "zone": "ke-1a"
                  },
                  {
                    "region": "kz-1",
                    "used": 0,
                    "value": 10000,
                    "zone": "kz-1a"
                  },
                  {
                    "region": "ru-1",
                    "used": 0,
                    "value": 10000,
                    "zone": "ru-1c"
                  },
                  {
                    "region": "ru-1",
                    "used": 0,
                    "value": 1000,
                    "zone": "ru-1a"
                  },
                  {
                    "region": "ru-1",
                    "used": 0,
                    "value": 1000,
                    "zone": "ru-1b"
                  },
                  {
                    "region": "ru-2",
                    "used": 0,
                    "value": 10000,
                    "zone": "ru-2b"
                  },
                  {
                    "region": "ru-2",
                    "used": 0,
                    "value": 1000,
                    "zone": "ru-2a"
                  },
                  {
                    "region": "ru-2",
                    "used": 0,
                    "value": 1000,
                    "zone": "ru-2c"
                  },
                  {
                    "region": "ru-3",
                    "used": 0,
                    "value": 10000,
                    "zone": "ru-3a"
                  },
                  {
                    "region": "ru-3",
                    "used": 0,
                    "value": 5000,
                    "zone": "ru-3b"
                  },
                  {
                    "region": "ru-7",
                    "used": 0,
                    "value": 10000,
                    "zone": "ru-7a"
                  },
                  {
                    "region": "ru-7",
                    "used": 0,
                    "value": 10000,
                    "zone": "ru-7b"
                  },
                  {
                    "region": "ru-8",
                    "used": 0,
                    "value": 1000,
                    "zone": "ru-8a"
                  },
                  {
                    "region": "ru-9",
                    "used": 0,
                    "value": 10000,
                    "zone": "ru-9a"
                  },
                  {
                    "region": "uz-1",
                    "used": 0,
                    "value": 10000,
                    "zone": "uz-1a"
                  },
                  {
                    "region": "uz-2",
                    "used": 0,
                    "value": 10000,
                    "zone": "uz-2a"
                  }
                ]
              },
              {
                "resource_name": "volume_gigabytes_universal2",
                "resource_quotas": [
                  {
                    "region": "gis-1",
                    "used": 0,
                    "value": 10000,
                    "zone": "gis-1a"
                  },
                  {
                    "region": "gis-2",
                    "used": 0,
                    "value": 10000,
                    "zone": "gis-2a"
                  },
                  {
                    "region": "ke-1",
                    "used": 0,
                    "value": 1000,
                    "zone": "ke-1a"
                  },
                  {
                    "region": "kz-1",
                    "used": 0,
                    "value": 10000,
                    "zone": "kz-1a"
                  },
                  {
                    "region": "ru-2",
                    "used": 0,
                    "value": 1000,
                    "zone": "ru-2c"
                  },
                  {
                    "region": "ru-3",
                    "used": 0,
                    "value": 5000,
                    "zone": "ru-3b"
                  },
                  {
                    "region": "ru-7",
                    "used": 0,
                    "value": 10000,
                    "zone": "ru-7a"
                  },
                  {
                    "region": "ru-7",
                    "used": 0,
                    "value": 10000,
                    "zone": "ru-7b"
                  },
                  {
                    "region": "ru-8",
                    "used": 0,
                    "value": 1000,
                    "zone": "ru-8a"
                  },
                  {
                    "region": "ru-9",
                    "used": 0,
                    "value": 10000,
                    "zone": "ru-9a"
                  },
                  {
                    "region": "uz-1",
                    "used": 0,
                    "value": 10000,
                    "zone": "uz-1a"
                  },
                  {
                    "region": "uz-2",
                    "used": 0,
                    "value": 10000,
                    "zone": "uz-2a"
                  }
                ]
              }
            ],
            "custom_url": "",
            "enabled": true,
            "id": "f72cb7f604c34469a5f885632fd6ea4e",
            "name": "iceberg-iceberg-test",
            "quotas": [],
            "theme": null,
            "url": "https://1706238.selvpc.ru"
          },
          "sensitive_attributes": [],
          "identity_schema_version": 0,
          "private": "bnVsbA==",
          "create_before_destroy": true
        }
      ]
    }
  ],
  "check_results": null
}
